
Microsoft Visual Studio Solution File, Format Version 12.00
# Visual Studio 14
VisualStudioVersion = 14.0.23107.0
MinimumVisualStudioVersion = 10.0.40219.1
Project("{FAE04EC0-301F-11D3-BF4B-00C04F79EFBC}") = "Web", "Web.csproj", "{F7BD7117-4F1D-4215-B338-61EBDD0D0BFE}"
EndProject
Project("{2150E333-8FDC-42A3-9474-1A3956D46DE8}") = ".nuget", ".nuget", "{99D5A940-8674-4060-902B-381DF8B99D43}"
	ProjectSection(SolutionItems) = preProject
		.nuget\NuGet.Config = .nuget\NuGet.Config
		.nuget\NuGet.exe = .nuget\NuGet.exe
		.nuget\NuGet.targets = .nuget\NuGet.targets
		.nuget\packages.config = .nuget\packages.config
	EndProjectSection
EndProject
Project("{FAE04EC0-301F-11D3-BF4B-00C04F79EFBC}") = "Utilities", "Utilities\Utilities.csproj", "{D6C86CFF-37C0-49BE-9F77-4F876CE6A793}"
EndProject
Project("{FAE04EC0-301F-11D3-BF4B-00C04F79EFBC}") = "Daemons", "Daemons\Daemons.csproj", "{B15EA73E-E0D0-4604-BCFC-DDAFB67F872D}"
EndProject
Project("{FAE04EC0-301F-11D3-BF4B-00C04F79EFBC}") = "Configuration", "Configuration\Configuration.csproj", "{D8F7F734-21CE-4277-A14F-EBDDE71DFF0C}"
EndProject
Project("{FAE04EC0-301F-11D3-BF4B-00C04F79EFBC}") = "Data", "Data\Data.csproj", "{990241EA-6CF0-4026-B57C-A9031463C7C0}"
EndProject
Project("{FAE04EC0-301F-11D3-BF4B-00C04F79EFBC}") = "Core", "Core\Core.csproj", "{9891496C-8512-4708-925A-EE9D0F9199D4}"
EndProject
Project("{2150E333-8FDC-42A3-9474-1A3956D46DE8}") = "Tests", "Tests", "{6CF6EAFB-0D62-4D76-8B2C-FA9C6BBB073B}"
EndProject
Project("{FAE04EC0-301F-11D3-BF4B-00C04F79EFBC}") = "DockyardTest", "Tests\DockyardTest\DockyardTest.csproj", "{8D38298A-9246-4AB9-80C4-9A830213346C}"
EndProject
Project("{2150E333-8FDC-42A3-9474-1A3956D46DE8}") = "Plugins", "Plugins", "{9A01CAA2-30D9-45B5-9FF3-A0DDF12551F2}"
EndProject
Project("{FAE04EC0-301F-11D3-BF4B-00C04F79EFBC}") = "pluginAzureSqlServer", "pluginAzureSqlServer\pluginAzureSqlServer.csproj", "{D019B112-55A8-4661-AFF5-329F998D9E28}"
EndProject
Project("{FAE04EC0-301F-11D3-BF4B-00C04F79EFBC}") = "UtilitiesTesting", "Tests\UtilitiesTesting\UtilitiesTesting.csproj", "{B2C4526E-DE57-495D-8599-D61ABC54C21F}"
EndProject
Project("{FAE04EC0-301F-11D3-BF4B-00C04F79EFBC}") = "PluginBase", "PluginUtilities\PluginBase.csproj", "{D6A0A493-E926-439A-9CE2-E093E75132CD}"
EndProject
Project("{FAE04EC0-301F-11D3-BF4B-00C04F79EFBC}") = "pluginDocuSign", "pluginDocuSign\pluginDocuSign.csproj", "{4E04FEB2-B452-4739-8336-EA2CEFB18D87}"
EndProject
Global
	GlobalSection(SolutionConfigurationPlatforms) = preSolution
		alexlocal|Any CPU = alexlocal|Any CPU
		alexlocal|x86 = alexlocal|x86
		Debug|Any CPU = Debug|Any CPU
		Debug|x86 = Debug|x86
		Release|Any CPU = Release|Any CPU
		Release|x86 = Release|x86
	EndGlobalSection
	GlobalSection(ProjectConfigurationPlatforms) = postSolution
		{F7BD7117-4F1D-4215-B338-61EBDD0D0BFE}.alexlocal|Any CPU.ActiveCfg = Debug|Any CPU
		{F7BD7117-4F1D-4215-B338-61EBDD0D0BFE}.alexlocal|Any CPU.Build.0 = Debug|Any CPU
		{F7BD7117-4F1D-4215-B338-61EBDD0D0BFE}.alexlocal|x86.ActiveCfg = Release|Any CPU
		{F7BD7117-4F1D-4215-B338-61EBDD0D0BFE}.Debug|Any CPU.ActiveCfg = Debug|Any CPU
		{F7BD7117-4F1D-4215-B338-61EBDD0D0BFE}.Debug|Any CPU.Build.0 = Debug|Any CPU
		{F7BD7117-4F1D-4215-B338-61EBDD0D0BFE}.Debug|x86.ActiveCfg = Debug|Any CPU
		{F7BD7117-4F1D-4215-B338-61EBDD0D0BFE}.Release|Any CPU.ActiveCfg = Release|Any CPU
		{F7BD7117-4F1D-4215-B338-61EBDD0D0BFE}.Release|Any CPU.Build.0 = Release|Any CPU
		{F7BD7117-4F1D-4215-B338-61EBDD0D0BFE}.Release|x86.ActiveCfg = Release|Any CPU
		{D6C86CFF-37C0-49BE-9F77-4F876CE6A793}.alexlocal|Any CPU.ActiveCfg = Debug|Any CPU
		{D6C86CFF-37C0-49BE-9F77-4F876CE6A793}.alexlocal|Any CPU.Build.0 = Debug|Any CPU
		{D6C86CFF-37C0-49BE-9F77-4F876CE6A793}.alexlocal|x86.ActiveCfg = Release|Any CPU
		{D6C86CFF-37C0-49BE-9F77-4F876CE6A793}.Debug|Any CPU.ActiveCfg = Debug|Any CPU
		{D6C86CFF-37C0-49BE-9F77-4F876CE6A793}.Debug|Any CPU.Build.0 = Debug|Any CPU
		{D6C86CFF-37C0-49BE-9F77-4F876CE6A793}.Debug|x86.ActiveCfg = Debug|Any CPU
		{D6C86CFF-37C0-49BE-9F77-4F876CE6A793}.Release|Any CPU.ActiveCfg = Release|Any CPU
		{D6C86CFF-37C0-49BE-9F77-4F876CE6A793}.Release|Any CPU.Build.0 = Release|Any CPU
		{D6C86CFF-37C0-49BE-9F77-4F876CE6A793}.Release|x86.ActiveCfg = Release|Any CPU
		{B15EA73E-E0D0-4604-BCFC-DDAFB67F872D}.alexlocal|Any CPU.ActiveCfg = Debug|Any CPU
		{B15EA73E-E0D0-4604-BCFC-DDAFB67F872D}.alexlocal|Any CPU.Build.0 = Debug|Any CPU
		{B15EA73E-E0D0-4604-BCFC-DDAFB67F872D}.alexlocal|x86.ActiveCfg = Release|Any CPU
		{B15EA73E-E0D0-4604-BCFC-DDAFB67F872D}.Debug|Any CPU.ActiveCfg = Debug|Any CPU
		{B15EA73E-E0D0-4604-BCFC-DDAFB67F872D}.Debug|Any CPU.Build.0 = Debug|Any CPU
		{B15EA73E-E0D0-4604-BCFC-DDAFB67F872D}.Debug|x86.ActiveCfg = Debug|Any CPU
		{B15EA73E-E0D0-4604-BCFC-DDAFB67F872D}.Release|Any CPU.ActiveCfg = Release|Any CPU
		{B15EA73E-E0D0-4604-BCFC-DDAFB67F872D}.Release|Any CPU.Build.0 = Release|Any CPU
		{B15EA73E-E0D0-4604-BCFC-DDAFB67F872D}.Release|x86.ActiveCfg = Release|Any CPU
		{D8F7F734-21CE-4277-A14F-EBDDE71DFF0C}.alexlocal|Any CPU.ActiveCfg = Debug|Any CPU
		{D8F7F734-21CE-4277-A14F-EBDDE71DFF0C}.alexlocal|Any CPU.Build.0 = Debug|Any CPU
		{D8F7F734-21CE-4277-A14F-EBDDE71DFF0C}.alexlocal|x86.ActiveCfg = Release|Any CPU
		{D8F7F734-21CE-4277-A14F-EBDDE71DFF0C}.Debug|Any CPU.ActiveCfg = Debug|Any CPU
		{D8F7F734-21CE-4277-A14F-EBDDE71DFF0C}.Debug|Any CPU.Build.0 = Debug|Any CPU
		{D8F7F734-21CE-4277-A14F-EBDDE71DFF0C}.Debug|x86.ActiveCfg = Debug|Any CPU
		{D8F7F734-21CE-4277-A14F-EBDDE71DFF0C}.Release|Any CPU.ActiveCfg = Release|Any CPU
		{D8F7F734-21CE-4277-A14F-EBDDE71DFF0C}.Release|Any CPU.Build.0 = Release|Any CPU
		{D8F7F734-21CE-4277-A14F-EBDDE71DFF0C}.Release|x86.ActiveCfg = Release|Any CPU
		{990241EA-6CF0-4026-B57C-A9031463C7C0}.alexlocal|Any CPU.ActiveCfg = Debug|Any CPU
		{990241EA-6CF0-4026-B57C-A9031463C7C0}.alexlocal|Any CPU.Build.0 = Debug|Any CPU
		{990241EA-6CF0-4026-B57C-A9031463C7C0}.alexlocal|x86.ActiveCfg = Release|Any CPU
		{990241EA-6CF0-4026-B57C-A9031463C7C0}.Debug|Any CPU.ActiveCfg = Debug|Any CPU
		{990241EA-6CF0-4026-B57C-A9031463C7C0}.Debug|Any CPU.Build.0 = Debug|Any CPU
		{990241EA-6CF0-4026-B57C-A9031463C7C0}.Debug|x86.ActiveCfg = Debug|Any CPU
		{990241EA-6CF0-4026-B57C-A9031463C7C0}.Release|Any CPU.ActiveCfg = Release|Any CPU
		{990241EA-6CF0-4026-B57C-A9031463C7C0}.Release|Any CPU.Build.0 = Release|Any CPU
		{990241EA-6CF0-4026-B57C-A9031463C7C0}.Release|x86.ActiveCfg = Release|Any CPU
		{9891496C-8512-4708-925A-EE9D0F9199D4}.alexlocal|Any CPU.ActiveCfg = Debug|Any CPU
		{9891496C-8512-4708-925A-EE9D0F9199D4}.alexlocal|Any CPU.Build.0 = Debug|Any CPU
		{9891496C-8512-4708-925A-EE9D0F9199D4}.alexlocal|x86.ActiveCfg = Release|Any CPU
		{9891496C-8512-4708-925A-EE9D0F9199D4}.Debug|Any CPU.ActiveCfg = Debug|Any CPU
		{9891496C-8512-4708-925A-EE9D0F9199D4}.Debug|Any CPU.Build.0 = Debug|Any CPU
		{9891496C-8512-4708-925A-EE9D0F9199D4}.Debug|x86.ActiveCfg = Debug|Any CPU
		{9891496C-8512-4708-925A-EE9D0F9199D4}.Release|Any CPU.ActiveCfg = Release|Any CPU
		{9891496C-8512-4708-925A-EE9D0F9199D4}.Release|Any CPU.Build.0 = Release|Any CPU
		{9891496C-8512-4708-925A-EE9D0F9199D4}.Release|x86.ActiveCfg = Release|Any CPU
		{8D38298A-9246-4AB9-80C4-9A830213346C}.alexlocal|Any CPU.ActiveCfg = Debug|Any CPU
		{8D38298A-9246-4AB9-80C4-9A830213346C}.alexlocal|Any CPU.Build.0 = Debug|Any CPU
		{8D38298A-9246-4AB9-80C4-9A830213346C}.alexlocal|x86.ActiveCfg = Release|Any CPU
		{8D38298A-9246-4AB9-80C4-9A830213346C}.Debug|Any CPU.ActiveCfg = Debug|Any CPU
		{8D38298A-9246-4AB9-80C4-9A830213346C}.Debug|Any CPU.Build.0 = Debug|Any CPU
		{8D38298A-9246-4AB9-80C4-9A830213346C}.Debug|x86.ActiveCfg = Debug|Any CPU
		{8D38298A-9246-4AB9-80C4-9A830213346C}.Release|Any CPU.ActiveCfg = Release|Any CPU
		{8D38298A-9246-4AB9-80C4-9A830213346C}.Release|Any CPU.Build.0 = Release|Any CPU
		{8D38298A-9246-4AB9-80C4-9A830213346C}.Release|x86.ActiveCfg = Release|Any CPU
		{D019B112-55A8-4661-AFF5-329F998D9E28}.alexlocal|Any CPU.ActiveCfg = Release|Any CPU
		{D019B112-55A8-4661-AFF5-329F998D9E28}.alexlocal|Any CPU.Build.0 = Release|Any CPU
		{D019B112-55A8-4661-AFF5-329F998D9E28}.alexlocal|x86.ActiveCfg = Release|Any CPU
		{D019B112-55A8-4661-AFF5-329F998D9E28}.Debug|Any CPU.ActiveCfg = Debug|Any CPU
		{D019B112-55A8-4661-AFF5-329F998D9E28}.Debug|Any CPU.Build.0 = Debug|Any CPU
		{D019B112-55A8-4661-AFF5-329F998D9E28}.Debug|x86.ActiveCfg = Debug|Any CPU
		{D019B112-55A8-4661-AFF5-329F998D9E28}.Release|Any CPU.ActiveCfg = Release|Any CPU
		{D019B112-55A8-4661-AFF5-329F998D9E28}.Release|Any CPU.Build.0 = Release|Any CPU
		{D019B112-55A8-4661-AFF5-329F998D9E28}.Release|x86.ActiveCfg = Release|Any CPU
		{B2C4526E-DE57-495D-8599-D61ABC54C21F}.alexlocal|Any CPU.ActiveCfg = Release|Any CPU
		{B2C4526E-DE57-495D-8599-D61ABC54C21F}.alexlocal|Any CPU.Build.0 = Release|Any CPU
		{B2C4526E-DE57-495D-8599-D61ABC54C21F}.alexlocal|x86.ActiveCfg = Release|Any CPU
		{B2C4526E-DE57-495D-8599-D61ABC54C21F}.Debug|Any CPU.ActiveCfg = Debug|Any CPU
		{B2C4526E-DE57-495D-8599-D61ABC54C21F}.Debug|Any CPU.Build.0 = Debug|Any CPU
		{B2C4526E-DE57-495D-8599-D61ABC54C21F}.Debug|x86.ActiveCfg = Debug|Any CPU
		{B2C4526E-DE57-495D-8599-D61ABC54C21F}.Release|Any CPU.ActiveCfg = Release|Any CPU
		{B2C4526E-DE57-495D-8599-D61ABC54C21F}.Release|Any CPU.Build.0 = Release|Any CPU
		{B2C4526E-DE57-495D-8599-D61ABC54C21F}.Release|x86.ActiveCfg = Release|Any CPU
		{D6A0A493-E926-439A-9CE2-E093E75132CD}.alexlocal|Any CPU.ActiveCfg = Release|Any CPU
		{D6A0A493-E926-439A-9CE2-E093E75132CD}.alexlocal|Any CPU.Build.0 = Release|Any CPU
		{D6A0A493-E926-439A-9CE2-E093E75132CD}.alexlocal|x86.ActiveCfg = Release|Any CPU
		{D6A0A493-E926-439A-9CE2-E093E75132CD}.Debug|Any CPU.ActiveCfg = Debug|Any CPU
		{D6A0A493-E926-439A-9CE2-E093E75132CD}.Debug|Any CPU.Build.0 = Debug|Any CPU
		{D6A0A493-E926-439A-9CE2-E093E75132CD}.Debug|x86.ActiveCfg = Debug|Any CPU
		{D6A0A493-E926-439A-9CE2-E093E75132CD}.Release|Any CPU.ActiveCfg = Release|Any CPU
		{D6A0A493-E926-439A-9CE2-E093E75132CD}.Release|Any CPU.Build.0 = Release|Any CPU
		{D6A0A493-E926-439A-9CE2-E093E75132CD}.Release|x86.ActiveCfg = Release|Any CPU
		{4E04FEB2-B452-4739-8336-EA2CEFB18D87}.alexlocal|Any CPU.ActiveCfg = Release|Any CPU
		{4E04FEB2-B452-4739-8336-EA2CEFB18D87}.alexlocal|Any CPU.Build.0 = Release|Any CPU
		{4E04FEB2-B452-4739-8336-EA2CEFB18D87}.alexlocal|x86.ActiveCfg = Release|Any CPU
		{4E04FEB2-B452-4739-8336-EA2CEFB18D87}.Debug|Any CPU.ActiveCfg = Debug|Any CPU
		{4E04FEB2-B452-4739-8336-EA2CEFB18D87}.Debug|Any CPU.Build.0 = Debug|Any CPU
		{4E04FEB2-B452-4739-8336-EA2CEFB18D87}.Debug|x86.ActiveCfg = Debug|Any CPU
		{4E04FEB2-B452-4739-8336-EA2CEFB18D87}.Release|Any CPU.ActiveCfg = Release|Any CPU
		{4E04FEB2-B452-4739-8336-EA2CEFB18D87}.Release|Any CPU.Build.0 = Release|Any CPU
		{4E04FEB2-B452-4739-8336-EA2CEFB18D87}.Release|x86.ActiveCfg = Release|Any CPU
	EndGlobalSection
	GlobalSection(SolutionProperties) = preSolution
		HideSolutionNode = FALSE
	EndGlobalSection
	GlobalSection(NestedProjects) = preSolution
		{8D38298A-9246-4AB9-80C4-9A830213346C} = {6CF6EAFB-0D62-4D76-8B2C-FA9C6BBB073B}
		{D019B112-55A8-4661-AFF5-329F998D9E28} = {9A01CAA2-30D9-45B5-9FF3-A0DDF12551F2}
		{B2C4526E-DE57-495D-8599-D61ABC54C21F} = {6CF6EAFB-0D62-4D76-8B2C-FA9C6BBB073B}
		{D6A0A493-E926-439A-9CE2-E093E75132CD} = {9A01CAA2-30D9-45B5-9FF3-A0DDF12551F2}
		{4E04FEB2-B452-4739-8336-EA2CEFB18D87} = {9A01CAA2-30D9-45B5-9FF3-A0DDF12551F2}
	EndGlobalSection
EndGlobal
