
Microsoft Visual Studio Solution File, Format Version 12.00
# Visual Studio 2013
VisualStudioVersion = 12.0.21005.1
MinimumVisualStudioVersion = 10.0.40219.1
Project("{FAE04EC0-301F-11D3-BF4B-00C04F79EFBC}") = "HubWeb", "HubWeb.csproj", "{F7BD7117-4F1D-4215-B338-61EBDD0D0BFE}"
EndProject
Project("{2150E333-8FDC-42A3-9474-1A3956D46DE8}") = ".nuget", ".nuget", "{99D5A940-8674-4060-902B-381DF8B99D43}"
	ProjectSection(SolutionItems) = preProject
		.nuget\NuGet.Config = .nuget\NuGet.Config
		.nuget\NuGet.exe = .nuget\NuGet.exe
		.nuget\NuGet.targets = .nuget\NuGet.targets
	EndProjectSection
EndProject
Project("{FAE04EC0-301F-11D3-BF4B-00C04F79EFBC}") = "Utilities", "Utilities\Utilities.csproj", "{D6C86CFF-37C0-49BE-9F77-4F876CE6A793}"
EndProject
Project("{FAE04EC0-301F-11D3-BF4B-00C04F79EFBC}") = "Daemons", "Daemons\Daemons.csproj", "{B15EA73E-E0D0-4604-BCFC-DDAFB67F872D}"
EndProject
Project("{FAE04EC0-301F-11D3-BF4B-00C04F79EFBC}") = "Data", "Data\Data.csproj", "{990241EA-6CF0-4026-B57C-A9031463C7C0}"
EndProject
Project("{FAE04EC0-301F-11D3-BF4B-00C04F79EFBC}") = "Hub", "Hub\Hub.csproj", "{9891496C-8512-4708-925A-EE9D0F9199D4}"
EndProject
Project("{2150E333-8FDC-42A3-9474-1A3956D46DE8}") = "Tests", "Tests", "{6CF6EAFB-0D62-4D76-8B2C-FA9C6BBB073B}"
EndProject
Project("{FAE04EC0-301F-11D3-BF4B-00C04F79EFBC}") = "DockyardTest", "Tests\DockyardTest\DockyardTest.csproj", "{8D38298A-9246-4AB9-80C4-9A830213346C}"
EndProject
Project("{2150E333-8FDC-42A3-9474-1A3956D46DE8}") = "Plugins", "Plugins", "{9A01CAA2-30D9-45B5-9FF3-A0DDF12551F2}"
EndProject
Project("{FAE04EC0-301F-11D3-BF4B-00C04F79EFBC}") = "terminalAzure", "terminalAzure\terminalAzure.csproj", "{D019B112-55A8-4661-AFF5-329F998D9E28}"
EndProject
Project("{FAE04EC0-301F-11D3-BF4B-00C04F79EFBC}") = "terminalDocuSign", "terminalDocuSign\terminalDocuSign.csproj", "{4E04FEB2-B452-4739-8336-EA2CEFB18D87}"
EndProject
Project("{FAE04EC0-301F-11D3-BF4B-00C04F79EFBC}") = "TerminalBase", "terminalBase\TerminalBase.csproj", "{D6A0A493-E926-439A-9CE2-E093E75132CD}"
EndProject
Project("{FAE04EC0-301F-11D3-BF4B-00C04F79EFBC}") = "terminalFr8Core", "terminalFr8Core\terminalFr8Core.csproj", "{AD226A7F-0641-4589-93EB-06E5EE7E767B}"
EndProject
Project("{FAE04EC0-301F-11D3-BF4B-00C04F79EFBC}") = "terminalSlack", "terminalSlack\terminalSlack.csproj", "{990DB8CB-AAD6-42FE-940D-3A731DF56ABE}"
EndProject
Project("{FAE04EC0-301F-11D3-BF4B-00C04F79EFBC}") = "pluginIntegrationTests", "pluginIntegrationTests\pluginIntegrationTests.csproj", "{579BA25F-1DF5-474A-8A3E-0447FF75711C}"
EndProject
Project("{FAE04EC0-301F-11D3-BF4B-00C04F79EFBC}") = "terminalSalesforce", "terminalSalesforce\terminalSalesforce.csproj", "{85CB0215-96DF-4C38-A022-1BE6C952813B}"
EndProject
Project("{FAE04EC0-301F-11D3-BF4B-00C04F79EFBC}") = "terminalSendGrid", "terminalSendGrid\terminalSendGrid.csproj", "{1E1AB01B-F6AB-4420-BF1D-5E6EF41D76BF}"
EndProject
Project("{FAE04EC0-301F-11D3-BF4B-00C04F79EFBC}") = "terminalExcel", "terminalExcel\terminalExcel.csproj", "{57373D06-6B82-4EC6-AF62-ED25FE170C61}"
EndProject
Project("{FAE04EC0-301F-11D3-BF4B-00C04F79EFBC}") = "UtilitiesTesting", "Tests\UtilitiesTesting\UtilitiesTesting.csproj", "{6B855C3F-07A9-4787-9FDE-29FA567C43E2}"
EndProject
Project("{FAE04EC0-301F-11D3-BF4B-00C04F79EFBC}") = "terminalTwilio", "terminalTwilio\terminalTwilio.csproj", "{14404298-4182-4D43-8098-5A199ED2FCAA}"
EndProject
Project("{CC5FD16D-436D-48AD-A40C-5A424C6E3E79}") = "terminalCloudService", "terminalCloudService\terminalCloudService.ccproj", "{4E494560-EC62-4F1F-9CA6-18727759222B}"
EndProject
Project("{FAE04EC0-301F-11D3-BF4B-00C04F79EFBC}") = "terminalWebRole", "terminalWebRole\terminalWebRole.csproj", "{8C7F0CB5-9CD8-40D8-A539-51F451CCB29E}"
EndProject
Project("{FAE04EC0-301F-11D3-BF4B-00C04F79EFBC}") = "pluginBaseTests", "pluginBaseTests\pluginBaseTests.csproj", "{40625AD3-D5D2-4CF0-8E3E-FD232A54A808}"
EndProject
Project("{FAE04EC0-301F-11D3-BF4B-00C04F79EFBC}") = "terminalFr8CoreTests", "terminalFr8CoreTests\terminalFr8CoreTests.csproj", "{6C3090FC-50D2-4A7E-9B29-EAB9D8802F42}"
EndProject
Global
	GlobalSection(SolutionConfigurationPlatforms) = preSolution
		alexlocal|Any CPU = alexlocal|Any CPU
		alexlocal|x86 = alexlocal|x86
		Debug|Any CPU = Debug|Any CPU
		Debug|x86 = Debug|x86
		Dev|Any CPU = Dev|Any CPU
		Dev|x86 = Dev|x86
		Release|Any CPU = Release|Any CPU
		Release|x86 = Release|x86
	EndGlobalSection
	GlobalSection(ProjectConfigurationPlatforms) = postSolution
		{F7BD7117-4F1D-4215-B338-61EBDD0D0BFE}.alexlocal|Any CPU.ActiveCfg = Debug|Any CPU
		{F7BD7117-4F1D-4215-B338-61EBDD0D0BFE}.alexlocal|Any CPU.Build.0 = Debug|Any CPU
		{F7BD7117-4F1D-4215-B338-61EBDD0D0BFE}.alexlocal|x86.ActiveCfg = Release|Any CPU
		{F7BD7117-4F1D-4215-B338-61EBDD0D0BFE}.Debug|Any CPU.ActiveCfg = Debug|Any CPU
		{F7BD7117-4F1D-4215-B338-61EBDD0D0BFE}.Debug|Any CPU.Build.0 = Debug|Any CPU
		{F7BD7117-4F1D-4215-B338-61EBDD0D0BFE}.Debug|x86.ActiveCfg = Debug|Any CPU
		{F7BD7117-4F1D-4215-B338-61EBDD0D0BFE}.Dev|Any CPU.ActiveCfg = Dev|Any CPU
		{F7BD7117-4F1D-4215-B338-61EBDD0D0BFE}.Dev|Any CPU.Build.0 = Dev|Any CPU
		{F7BD7117-4F1D-4215-B338-61EBDD0D0BFE}.Dev|x86.ActiveCfg = Dev|Any CPU
		{F7BD7117-4F1D-4215-B338-61EBDD0D0BFE}.Release|Any CPU.ActiveCfg = Release|Any CPU
		{F7BD7117-4F1D-4215-B338-61EBDD0D0BFE}.Release|Any CPU.Build.0 = Release|Any CPU
		{F7BD7117-4F1D-4215-B338-61EBDD0D0BFE}.Release|x86.ActiveCfg = Release|Any CPU
		{D6C86CFF-37C0-49BE-9F77-4F876CE6A793}.alexlocal|Any CPU.ActiveCfg = Debug|Any CPU
		{D6C86CFF-37C0-49BE-9F77-4F876CE6A793}.alexlocal|Any CPU.Build.0 = Debug|Any CPU
		{D6C86CFF-37C0-49BE-9F77-4F876CE6A793}.alexlocal|x86.ActiveCfg = Release|Any CPU
		{D6C86CFF-37C0-49BE-9F77-4F876CE6A793}.Debug|Any CPU.ActiveCfg = Debug|Any CPU
		{D6C86CFF-37C0-49BE-9F77-4F876CE6A793}.Debug|Any CPU.Build.0 = Debug|Any CPU
		{D6C86CFF-37C0-49BE-9F77-4F876CE6A793}.Debug|x86.ActiveCfg = Debug|Any CPU
		{D6C86CFF-37C0-49BE-9F77-4F876CE6A793}.Dev|Any CPU.ActiveCfg = Dev|Any CPU
		{D6C86CFF-37C0-49BE-9F77-4F876CE6A793}.Dev|Any CPU.Build.0 = Dev|Any CPU
		{D6C86CFF-37C0-49BE-9F77-4F876CE6A793}.Dev|x86.ActiveCfg = Dev|Any CPU
		{D6C86CFF-37C0-49BE-9F77-4F876CE6A793}.Release|Any CPU.ActiveCfg = Release|Any CPU
		{D6C86CFF-37C0-49BE-9F77-4F876CE6A793}.Release|Any CPU.Build.0 = Release|Any CPU
		{D6C86CFF-37C0-49BE-9F77-4F876CE6A793}.Release|x86.ActiveCfg = Release|Any CPU
		{B15EA73E-E0D0-4604-BCFC-DDAFB67F872D}.alexlocal|Any CPU.ActiveCfg = Debug|Any CPU
		{B15EA73E-E0D0-4604-BCFC-DDAFB67F872D}.alexlocal|Any CPU.Build.0 = Debug|Any CPU
		{B15EA73E-E0D0-4604-BCFC-DDAFB67F872D}.alexlocal|x86.ActiveCfg = Release|Any CPU
		{B15EA73E-E0D0-4604-BCFC-DDAFB67F872D}.Debug|Any CPU.ActiveCfg = Debug|Any CPU
		{B15EA73E-E0D0-4604-BCFC-DDAFB67F872D}.Debug|Any CPU.Build.0 = Debug|Any CPU
		{B15EA73E-E0D0-4604-BCFC-DDAFB67F872D}.Debug|x86.ActiveCfg = Debug|Any CPU
		{B15EA73E-E0D0-4604-BCFC-DDAFB67F872D}.Dev|Any CPU.ActiveCfg = Dev|Any CPU
		{B15EA73E-E0D0-4604-BCFC-DDAFB67F872D}.Dev|Any CPU.Build.0 = Dev|Any CPU
		{B15EA73E-E0D0-4604-BCFC-DDAFB67F872D}.Dev|x86.ActiveCfg = Dev|Any CPU
		{B15EA73E-E0D0-4604-BCFC-DDAFB67F872D}.Release|Any CPU.ActiveCfg = Release|Any CPU
		{B15EA73E-E0D0-4604-BCFC-DDAFB67F872D}.Release|Any CPU.Build.0 = Release|Any CPU
		{B15EA73E-E0D0-4604-BCFC-DDAFB67F872D}.Release|x86.ActiveCfg = Release|Any CPU
		{990241EA-6CF0-4026-B57C-A9031463C7C0}.alexlocal|Any CPU.ActiveCfg = Debug|Any CPU
		{990241EA-6CF0-4026-B57C-A9031463C7C0}.alexlocal|Any CPU.Build.0 = Debug|Any CPU
		{990241EA-6CF0-4026-B57C-A9031463C7C0}.alexlocal|x86.ActiveCfg = Release|Any CPU
		{990241EA-6CF0-4026-B57C-A9031463C7C0}.Debug|Any CPU.ActiveCfg = Debug|Any CPU
		{990241EA-6CF0-4026-B57C-A9031463C7C0}.Debug|Any CPU.Build.0 = Debug|Any CPU
		{990241EA-6CF0-4026-B57C-A9031463C7C0}.Debug|x86.ActiveCfg = Debug|Any CPU
		{990241EA-6CF0-4026-B57C-A9031463C7C0}.Dev|Any CPU.ActiveCfg = Debug|Any CPU
		{990241EA-6CF0-4026-B57C-A9031463C7C0}.Dev|Any CPU.Build.0 = Debug|Any CPU
		{990241EA-6CF0-4026-B57C-A9031463C7C0}.Dev|x86.ActiveCfg = Debug|Any CPU
		{990241EA-6CF0-4026-B57C-A9031463C7C0}.Release|Any CPU.ActiveCfg = Release|Any CPU
		{990241EA-6CF0-4026-B57C-A9031463C7C0}.Release|Any CPU.Build.0 = Release|Any CPU
		{990241EA-6CF0-4026-B57C-A9031463C7C0}.Release|x86.ActiveCfg = Release|Any CPU
		{9891496C-8512-4708-925A-EE9D0F9199D4}.alexlocal|Any CPU.ActiveCfg = Debug|Any CPU
		{9891496C-8512-4708-925A-EE9D0F9199D4}.alexlocal|Any CPU.Build.0 = Debug|Any CPU
		{9891496C-8512-4708-925A-EE9D0F9199D4}.alexlocal|x86.ActiveCfg = Release|Any CPU
		{9891496C-8512-4708-925A-EE9D0F9199D4}.Debug|Any CPU.ActiveCfg = Debug|Any CPU
		{9891496C-8512-4708-925A-EE9D0F9199D4}.Debug|Any CPU.Build.0 = Debug|Any CPU
		{9891496C-8512-4708-925A-EE9D0F9199D4}.Debug|x86.ActiveCfg = Debug|Any CPU
		{9891496C-8512-4708-925A-EE9D0F9199D4}.Dev|Any CPU.ActiveCfg = Dev|Any CPU
		{9891496C-8512-4708-925A-EE9D0F9199D4}.Dev|Any CPU.Build.0 = Dev|Any CPU
		{9891496C-8512-4708-925A-EE9D0F9199D4}.Dev|x86.ActiveCfg = Dev|Any CPU
		{9891496C-8512-4708-925A-EE9D0F9199D4}.Release|Any CPU.ActiveCfg = Release|Any CPU
		{9891496C-8512-4708-925A-EE9D0F9199D4}.Release|Any CPU.Build.0 = Release|Any CPU
		{9891496C-8512-4708-925A-EE9D0F9199D4}.Release|x86.ActiveCfg = Release|Any CPU
		{8D38298A-9246-4AB9-80C4-9A830213346C}.alexlocal|Any CPU.ActiveCfg = Debug|Any CPU
		{8D38298A-9246-4AB9-80C4-9A830213346C}.alexlocal|Any CPU.Build.0 = Debug|Any CPU
		{8D38298A-9246-4AB9-80C4-9A830213346C}.alexlocal|x86.ActiveCfg = Release|Any CPU
		{8D38298A-9246-4AB9-80C4-9A830213346C}.Debug|Any CPU.ActiveCfg = Debug|Any CPU
		{8D38298A-9246-4AB9-80C4-9A830213346C}.Debug|Any CPU.Build.0 = Debug|Any CPU
		{8D38298A-9246-4AB9-80C4-9A830213346C}.Debug|x86.ActiveCfg = Debug|Any CPU
		{8D38298A-9246-4AB9-80C4-9A830213346C}.Dev|Any CPU.ActiveCfg = Dev|Any CPU
		{8D38298A-9246-4AB9-80C4-9A830213346C}.Dev|Any CPU.Build.0 = Dev|Any CPU
		{8D38298A-9246-4AB9-80C4-9A830213346C}.Dev|x86.ActiveCfg = Dev|Any CPU
		{8D38298A-9246-4AB9-80C4-9A830213346C}.Release|Any CPU.ActiveCfg = Release|Any CPU
		{8D38298A-9246-4AB9-80C4-9A830213346C}.Release|Any CPU.Build.0 = Release|Any CPU
		{8D38298A-9246-4AB9-80C4-9A830213346C}.Release|x86.ActiveCfg = Release|Any CPU
		{D019B112-55A8-4661-AFF5-329F998D9E28}.alexlocal|Any CPU.ActiveCfg = Release|Any CPU
		{D019B112-55A8-4661-AFF5-329F998D9E28}.alexlocal|Any CPU.Build.0 = Release|Any CPU
		{D019B112-55A8-4661-AFF5-329F998D9E28}.alexlocal|x86.ActiveCfg = Release|Any CPU
		{D019B112-55A8-4661-AFF5-329F998D9E28}.Debug|Any CPU.ActiveCfg = Debug|Any CPU
		{D019B112-55A8-4661-AFF5-329F998D9E28}.Debug|Any CPU.Build.0 = Debug|Any CPU
		{D019B112-55A8-4661-AFF5-329F998D9E28}.Debug|x86.ActiveCfg = Debug|Any CPU
		{D019B112-55A8-4661-AFF5-329F998D9E28}.Dev|Any CPU.ActiveCfg = Dev|Any CPU
		{D019B112-55A8-4661-AFF5-329F998D9E28}.Dev|Any CPU.Build.0 = Dev|Any CPU
		{D019B112-55A8-4661-AFF5-329F998D9E28}.Dev|x86.ActiveCfg = Dev|Any CPU
		{D019B112-55A8-4661-AFF5-329F998D9E28}.Dev|x86.Build.0 = Dev|Any CPU
		{D019B112-55A8-4661-AFF5-329F998D9E28}.Release|Any CPU.ActiveCfg = Release|Any CPU
		{D019B112-55A8-4661-AFF5-329F998D9E28}.Release|Any CPU.Build.0 = Release|Any CPU
		{D019B112-55A8-4661-AFF5-329F998D9E28}.Release|x86.ActiveCfg = Release|Any CPU
		{4E04FEB2-B452-4739-8336-EA2CEFB18D87}.alexlocal|Any CPU.ActiveCfg = Release|Any CPU
		{4E04FEB2-B452-4739-8336-EA2CEFB18D87}.alexlocal|Any CPU.Build.0 = Release|Any CPU
		{4E04FEB2-B452-4739-8336-EA2CEFB18D87}.alexlocal|x86.ActiveCfg = Release|Any CPU
		{4E04FEB2-B452-4739-8336-EA2CEFB18D87}.Debug|Any CPU.ActiveCfg = Debug|Any CPU
		{4E04FEB2-B452-4739-8336-EA2CEFB18D87}.Debug|Any CPU.Build.0 = Debug|Any CPU
		{4E04FEB2-B452-4739-8336-EA2CEFB18D87}.Debug|x86.ActiveCfg = Debug|Any CPU
		{4E04FEB2-B452-4739-8336-EA2CEFB18D87}.Dev|Any CPU.ActiveCfg = Dev|Any CPU
		{4E04FEB2-B452-4739-8336-EA2CEFB18D87}.Dev|Any CPU.Build.0 = Dev|Any CPU
		{4E04FEB2-B452-4739-8336-EA2CEFB18D87}.Dev|x86.ActiveCfg = Debug|Any CPU
		{4E04FEB2-B452-4739-8336-EA2CEFB18D87}.Dev|x86.Build.0 = Debug|Any CPU
		{4E04FEB2-B452-4739-8336-EA2CEFB18D87}.Release|Any CPU.ActiveCfg = Release|Any CPU
		{4E04FEB2-B452-4739-8336-EA2CEFB18D87}.Release|Any CPU.Build.0 = Release|Any CPU
		{4E04FEB2-B452-4739-8336-EA2CEFB18D87}.Release|x86.ActiveCfg = Release|Any CPU
		{D6A0A493-E926-439A-9CE2-E093E75132CD}.alexlocal|Any CPU.ActiveCfg = Release|Any CPU
		{D6A0A493-E926-439A-9CE2-E093E75132CD}.alexlocal|Any CPU.Build.0 = Release|Any CPU
		{D6A0A493-E926-439A-9CE2-E093E75132CD}.alexlocal|x86.ActiveCfg = Release|Any CPU
		{D6A0A493-E926-439A-9CE2-E093E75132CD}.alexlocal|x86.Build.0 = Release|Any CPU
		{D6A0A493-E926-439A-9CE2-E093E75132CD}.Debug|Any CPU.ActiveCfg = Debug|Any CPU
		{D6A0A493-E926-439A-9CE2-E093E75132CD}.Debug|Any CPU.Build.0 = Debug|Any CPU
		{D6A0A493-E926-439A-9CE2-E093E75132CD}.Debug|x86.ActiveCfg = Debug|Any CPU
		{D6A0A493-E926-439A-9CE2-E093E75132CD}.Debug|x86.Build.0 = Debug|Any CPU
		{D6A0A493-E926-439A-9CE2-E093E75132CD}.Dev|Any CPU.ActiveCfg = Dev|Any CPU
		{D6A0A493-E926-439A-9CE2-E093E75132CD}.Dev|Any CPU.Build.0 = Dev|Any CPU
		{D6A0A493-E926-439A-9CE2-E093E75132CD}.Dev|x86.ActiveCfg = Dev|Any CPU
		{D6A0A493-E926-439A-9CE2-E093E75132CD}.Release|Any CPU.ActiveCfg = Release|Any CPU
		{D6A0A493-E926-439A-9CE2-E093E75132CD}.Release|Any CPU.Build.0 = Release|Any CPU
		{D6A0A493-E926-439A-9CE2-E093E75132CD}.Release|x86.ActiveCfg = Release|Any CPU
		{D6A0A493-E926-439A-9CE2-E093E75132CD}.Release|x86.Build.0 = Release|Any CPU
		{AD226A7F-0641-4589-93EB-06E5EE7E767B}.alexlocal|Any CPU.ActiveCfg = Release|Any CPU
		{AD226A7F-0641-4589-93EB-06E5EE7E767B}.alexlocal|Any CPU.Build.0 = Release|Any CPU
		{AD226A7F-0641-4589-93EB-06E5EE7E767B}.alexlocal|x86.ActiveCfg = Release|Any CPU
		{AD226A7F-0641-4589-93EB-06E5EE7E767B}.Debug|Any CPU.ActiveCfg = Debug|Any CPU
		{AD226A7F-0641-4589-93EB-06E5EE7E767B}.Debug|Any CPU.Build.0 = Debug|Any CPU
		{AD226A7F-0641-4589-93EB-06E5EE7E767B}.Debug|x86.ActiveCfg = Debug|Any CPU
		{AD226A7F-0641-4589-93EB-06E5EE7E767B}.Dev|Any CPU.ActiveCfg = Dev|Any CPU
		{AD226A7F-0641-4589-93EB-06E5EE7E767B}.Dev|Any CPU.Build.0 = Dev|Any CPU
		{AD226A7F-0641-4589-93EB-06E5EE7E767B}.Dev|x86.ActiveCfg = Debug|Any CPU
		{AD226A7F-0641-4589-93EB-06E5EE7E767B}.Dev|x86.Build.0 = Debug|Any CPU
		{AD226A7F-0641-4589-93EB-06E5EE7E767B}.Release|Any CPU.ActiveCfg = Release|Any CPU
		{AD226A7F-0641-4589-93EB-06E5EE7E767B}.Release|Any CPU.Build.0 = Release|Any CPU
		{AD226A7F-0641-4589-93EB-06E5EE7E767B}.Release|x86.ActiveCfg = Release|Any CPU
		{990DB8CB-AAD6-42FE-940D-3A731DF56ABE}.alexlocal|Any CPU.ActiveCfg = Release|Any CPU
		{990DB8CB-AAD6-42FE-940D-3A731DF56ABE}.alexlocal|Any CPU.Build.0 = Release|Any CPU
		{990DB8CB-AAD6-42FE-940D-3A731DF56ABE}.alexlocal|x86.ActiveCfg = Release|Any CPU
		{990DB8CB-AAD6-42FE-940D-3A731DF56ABE}.Debug|Any CPU.ActiveCfg = Debug|Any CPU
		{990DB8CB-AAD6-42FE-940D-3A731DF56ABE}.Debug|Any CPU.Build.0 = Debug|Any CPU
		{990DB8CB-AAD6-42FE-940D-3A731DF56ABE}.Debug|x86.ActiveCfg = Debug|Any CPU
		{990DB8CB-AAD6-42FE-940D-3A731DF56ABE}.Dev|Any CPU.ActiveCfg = Dev|Any CPU
		{990DB8CB-AAD6-42FE-940D-3A731DF56ABE}.Dev|Any CPU.Build.0 = Dev|Any CPU
		{990DB8CB-AAD6-42FE-940D-3A731DF56ABE}.Dev|x86.ActiveCfg = Dev|Any CPU
		{990DB8CB-AAD6-42FE-940D-3A731DF56ABE}.Dev|x86.Build.0 = Dev|Any CPU
		{990DB8CB-AAD6-42FE-940D-3A731DF56ABE}.Release|Any CPU.ActiveCfg = Release|Any CPU
		{990DB8CB-AAD6-42FE-940D-3A731DF56ABE}.Release|Any CPU.Build.0 = Release|Any CPU
		{990DB8CB-AAD6-42FE-940D-3A731DF56ABE}.Release|x86.ActiveCfg = Release|Any CPU
		{579BA25F-1DF5-474A-8A3E-0447FF75711C}.alexlocal|Any CPU.ActiveCfg = Release|Any CPU
		{579BA25F-1DF5-474A-8A3E-0447FF75711C}.alexlocal|Any CPU.Build.0 = Release|Any CPU
		{579BA25F-1DF5-474A-8A3E-0447FF75711C}.alexlocal|x86.ActiveCfg = Release|Any CPU
		{579BA25F-1DF5-474A-8A3E-0447FF75711C}.Debug|Any CPU.ActiveCfg = Debug|Any CPU
		{579BA25F-1DF5-474A-8A3E-0447FF75711C}.Debug|Any CPU.Build.0 = Debug|Any CPU
		{579BA25F-1DF5-474A-8A3E-0447FF75711C}.Debug|x86.ActiveCfg = Debug|Any CPU
		{579BA25F-1DF5-474A-8A3E-0447FF75711C}.Dev|Any CPU.ActiveCfg = Dev|Any CPU
		{579BA25F-1DF5-474A-8A3E-0447FF75711C}.Dev|Any CPU.Build.0 = Dev|Any CPU
		{579BA25F-1DF5-474A-8A3E-0447FF75711C}.Dev|x86.ActiveCfg = Debug|Any CPU
		{579BA25F-1DF5-474A-8A3E-0447FF75711C}.Dev|x86.Build.0 = Debug|Any CPU
		{579BA25F-1DF5-474A-8A3E-0447FF75711C}.Release|Any CPU.ActiveCfg = Release|Any CPU
		{579BA25F-1DF5-474A-8A3E-0447FF75711C}.Release|Any CPU.Build.0 = Release|Any CPU
		{579BA25F-1DF5-474A-8A3E-0447FF75711C}.Release|x86.ActiveCfg = Release|Any CPU
		{85CB0215-96DF-4C38-A022-1BE6C952813B}.alexlocal|Any CPU.ActiveCfg = Release|Any CPU
		{85CB0215-96DF-4C38-A022-1BE6C952813B}.alexlocal|Any CPU.Build.0 = Release|Any CPU
		{85CB0215-96DF-4C38-A022-1BE6C952813B}.alexlocal|x86.ActiveCfg = Release|Any CPU
		{85CB0215-96DF-4C38-A022-1BE6C952813B}.Debug|Any CPU.ActiveCfg = Debug|Any CPU
		{85CB0215-96DF-4C38-A022-1BE6C952813B}.Debug|Any CPU.Build.0 = Debug|Any CPU
		{85CB0215-96DF-4C38-A022-1BE6C952813B}.Debug|x86.ActiveCfg = Debug|Any CPU
		{85CB0215-96DF-4C38-A022-1BE6C952813B}.Dev|Any CPU.ActiveCfg = Dev|Any CPU
		{85CB0215-96DF-4C38-A022-1BE6C952813B}.Dev|Any CPU.Build.0 = Dev|Any CPU
		{85CB0215-96DF-4C38-A022-1BE6C952813B}.Dev|x86.ActiveCfg = Dev|Any CPU
		{85CB0215-96DF-4C38-A022-1BE6C952813B}.Dev|x86.Build.0 = Dev|Any CPU
		{85CB0215-96DF-4C38-A022-1BE6C952813B}.Release|Any CPU.ActiveCfg = Release|Any CPU
		{85CB0215-96DF-4C38-A022-1BE6C952813B}.Release|Any CPU.Build.0 = Release|Any CPU
		{85CB0215-96DF-4C38-A022-1BE6C952813B}.Release|x86.ActiveCfg = Release|Any CPU
		{1E1AB01B-F6AB-4420-BF1D-5E6EF41D76BF}.alexlocal|Any CPU.ActiveCfg = Release|Any CPU
		{1E1AB01B-F6AB-4420-BF1D-5E6EF41D76BF}.alexlocal|Any CPU.Build.0 = Release|Any CPU
		{1E1AB01B-F6AB-4420-BF1D-5E6EF41D76BF}.alexlocal|x86.ActiveCfg = Release|Any CPU
		{1E1AB01B-F6AB-4420-BF1D-5E6EF41D76BF}.Debug|Any CPU.ActiveCfg = Debug|Any CPU
		{1E1AB01B-F6AB-4420-BF1D-5E6EF41D76BF}.Debug|Any CPU.Build.0 = Debug|Any CPU
		{1E1AB01B-F6AB-4420-BF1D-5E6EF41D76BF}.Debug|x86.ActiveCfg = Debug|Any CPU
		{1E1AB01B-F6AB-4420-BF1D-5E6EF41D76BF}.Dev|Any CPU.ActiveCfg = Dev|Any CPU
		{1E1AB01B-F6AB-4420-BF1D-5E6EF41D76BF}.Dev|Any CPU.Build.0 = Dev|Any CPU
		{1E1AB01B-F6AB-4420-BF1D-5E6EF41D76BF}.Dev|x86.ActiveCfg = Dev|Any CPU
		{1E1AB01B-F6AB-4420-BF1D-5E6EF41D76BF}.Dev|x86.Build.0 = Dev|Any CPU
		{1E1AB01B-F6AB-4420-BF1D-5E6EF41D76BF}.Release|Any CPU.ActiveCfg = Release|Any CPU
		{1E1AB01B-F6AB-4420-BF1D-5E6EF41D76BF}.Release|Any CPU.Build.0 = Release|Any CPU
		{1E1AB01B-F6AB-4420-BF1D-5E6EF41D76BF}.Release|x86.ActiveCfg = Release|Any CPU
		{57373D06-6B82-4EC6-AF62-ED25FE170C61}.alexlocal|Any CPU.ActiveCfg = Release|Any CPU
		{57373D06-6B82-4EC6-AF62-ED25FE170C61}.alexlocal|Any CPU.Build.0 = Release|Any CPU
		{57373D06-6B82-4EC6-AF62-ED25FE170C61}.alexlocal|x86.ActiveCfg = Release|Any CPU
		{57373D06-6B82-4EC6-AF62-ED25FE170C61}.Debug|Any CPU.ActiveCfg = Debug|Any CPU
		{57373D06-6B82-4EC6-AF62-ED25FE170C61}.Debug|Any CPU.Build.0 = Debug|Any CPU
		{57373D06-6B82-4EC6-AF62-ED25FE170C61}.Debug|x86.ActiveCfg = Debug|Any CPU
		{57373D06-6B82-4EC6-AF62-ED25FE170C61}.Dev|Any CPU.ActiveCfg = Dev|Any CPU
		{57373D06-6B82-4EC6-AF62-ED25FE170C61}.Dev|Any CPU.Build.0 = Dev|Any CPU
		{57373D06-6B82-4EC6-AF62-ED25FE170C61}.Dev|x86.ActiveCfg = Dev|Any CPU
		{57373D06-6B82-4EC6-AF62-ED25FE170C61}.Dev|x86.Build.0 = Dev|Any CPU
		{57373D06-6B82-4EC6-AF62-ED25FE170C61}.Release|Any CPU.ActiveCfg = Release|Any CPU
		{57373D06-6B82-4EC6-AF62-ED25FE170C61}.Release|Any CPU.Build.0 = Release|Any CPU
		{57373D06-6B82-4EC6-AF62-ED25FE170C61}.Release|x86.ActiveCfg = Release|Any CPU
		{6B855C3F-07A9-4787-9FDE-29FA567C43E2}.alexlocal|Any CPU.ActiveCfg = Release|Any CPU
		{6B855C3F-07A9-4787-9FDE-29FA567C43E2}.alexlocal|Any CPU.Build.0 = Release|Any CPU
		{6B855C3F-07A9-4787-9FDE-29FA567C43E2}.alexlocal|x86.ActiveCfg = Release|Any CPU
		{6B855C3F-07A9-4787-9FDE-29FA567C43E2}.alexlocal|x86.Build.0 = Release|Any CPU
		{6B855C3F-07A9-4787-9FDE-29FA567C43E2}.Debug|Any CPU.ActiveCfg = Debug|Any CPU
		{6B855C3F-07A9-4787-9FDE-29FA567C43E2}.Debug|Any CPU.Build.0 = Debug|Any CPU
		{6B855C3F-07A9-4787-9FDE-29FA567C43E2}.Debug|x86.ActiveCfg = Debug|Any CPU
		{6B855C3F-07A9-4787-9FDE-29FA567C43E2}.Debug|x86.Build.0 = Debug|Any CPU
		{6B855C3F-07A9-4787-9FDE-29FA567C43E2}.Dev|Any CPU.ActiveCfg = Dev|Any CPU
		{6B855C3F-07A9-4787-9FDE-29FA567C43E2}.Dev|Any CPU.Build.0 = Dev|Any CPU
		{6B855C3F-07A9-4787-9FDE-29FA567C43E2}.Dev|x86.ActiveCfg = Dev|Any CPU
		{6B855C3F-07A9-4787-9FDE-29FA567C43E2}.Dev|x86.Build.0 = Dev|Any CPU
		{6B855C3F-07A9-4787-9FDE-29FA567C43E2}.Release|Any CPU.ActiveCfg = Release|Any CPU
		{6B855C3F-07A9-4787-9FDE-29FA567C43E2}.Release|Any CPU.Build.0 = Release|Any CPU
		{6B855C3F-07A9-4787-9FDE-29FA567C43E2}.Release|x86.ActiveCfg = Release|Any CPU
		{6B855C3F-07A9-4787-9FDE-29FA567C43E2}.Release|x86.Build.0 = Release|Any CPU
		{14404298-4182-4D43-8098-5A199ED2FCAA}.alexlocal|Any CPU.ActiveCfg = Release|Any CPU
		{14404298-4182-4D43-8098-5A199ED2FCAA}.alexlocal|Any CPU.Build.0 = Release|Any CPU
		{14404298-4182-4D43-8098-5A199ED2FCAA}.alexlocal|x86.ActiveCfg = Release|Any CPU
		{14404298-4182-4D43-8098-5A199ED2FCAA}.Debug|Any CPU.ActiveCfg = Debug|Any CPU
		{14404298-4182-4D43-8098-5A199ED2FCAA}.Debug|Any CPU.Build.0 = Debug|Any CPU
		{14404298-4182-4D43-8098-5A199ED2FCAA}.Debug|x86.ActiveCfg = Debug|Any CPU
		{14404298-4182-4D43-8098-5A199ED2FCAA}.Dev|Any CPU.ActiveCfg = Dev|Any CPU
		{14404298-4182-4D43-8098-5A199ED2FCAA}.Dev|Any CPU.Build.0 = Dev|Any CPU
		{14404298-4182-4D43-8098-5A199ED2FCAA}.Dev|x86.ActiveCfg = Dev|Any CPU
		{14404298-4182-4D43-8098-5A199ED2FCAA}.Dev|x86.Build.0 = Dev|Any CPU
		{14404298-4182-4D43-8098-5A199ED2FCAA}.Release|Any CPU.ActiveCfg = Release|Any CPU
		{14404298-4182-4D43-8098-5A199ED2FCAA}.Release|Any CPU.Build.0 = Release|Any CPU
		{14404298-4182-4D43-8098-5A199ED2FCAA}.Release|x86.ActiveCfg = Release|Any CPU
		{4E494560-EC62-4F1F-9CA6-18727759222B}.alexlocal|Any CPU.ActiveCfg = Release|Any CPU
		{4E494560-EC62-4F1F-9CA6-18727759222B}.alexlocal|Any CPU.Build.0 = Release|Any CPU
		{4E494560-EC62-4F1F-9CA6-18727759222B}.alexlocal|x86.ActiveCfg = Release|Any CPU
		{4E494560-EC62-4F1F-9CA6-18727759222B}.alexlocal|x86.Build.0 = Release|Any CPU
		{4E494560-EC62-4F1F-9CA6-18727759222B}.Debug|Any CPU.ActiveCfg = Debug|Any CPU
		{4E494560-EC62-4F1F-9CA6-18727759222B}.Debug|Any CPU.Build.0 = Debug|Any CPU
		{4E494560-EC62-4F1F-9CA6-18727759222B}.Debug|x86.ActiveCfg = Debug|Any CPU
		{4E494560-EC62-4F1F-9CA6-18727759222B}.Debug|x86.Build.0 = Debug|Any CPU
		{4E494560-EC62-4F1F-9CA6-18727759222B}.Dev|Any CPU.ActiveCfg = Dev|Any CPU
		{4E494560-EC62-4F1F-9CA6-18727759222B}.Dev|Any CPU.Build.0 = Dev|Any CPU
		{4E494560-EC62-4F1F-9CA6-18727759222B}.Dev|x86.ActiveCfg = Dev|Any CPU
		{4E494560-EC62-4F1F-9CA6-18727759222B}.Dev|x86.Build.0 = Dev|Any CPU
		{4E494560-EC62-4F1F-9CA6-18727759222B}.Release|Any CPU.ActiveCfg = Release|Any CPU
		{4E494560-EC62-4F1F-9CA6-18727759222B}.Release|Any CPU.Build.0 = Release|Any CPU
		{4E494560-EC62-4F1F-9CA6-18727759222B}.Release|x86.ActiveCfg = Release|Any CPU
		{4E494560-EC62-4F1F-9CA6-18727759222B}.Release|x86.Build.0 = Release|Any CPU
		{8C7F0CB5-9CD8-40D8-A539-51F451CCB29E}.alexlocal|Any CPU.ActiveCfg = Release|Any CPU
		{8C7F0CB5-9CD8-40D8-A539-51F451CCB29E}.alexlocal|Any CPU.Build.0 = Release|Any CPU
		{8C7F0CB5-9CD8-40D8-A539-51F451CCB29E}.alexlocal|x86.ActiveCfg = Release|Any CPU
		{8C7F0CB5-9CD8-40D8-A539-51F451CCB29E}.alexlocal|x86.Build.0 = Release|Any CPU
		{8C7F0CB5-9CD8-40D8-A539-51F451CCB29E}.Debug|Any CPU.ActiveCfg = Debug|Any CPU
		{8C7F0CB5-9CD8-40D8-A539-51F451CCB29E}.Debug|Any CPU.Build.0 = Debug|Any CPU
		{8C7F0CB5-9CD8-40D8-A539-51F451CCB29E}.Debug|x86.ActiveCfg = Debug|Any CPU
		{8C7F0CB5-9CD8-40D8-A539-51F451CCB29E}.Debug|x86.Build.0 = Debug|Any CPU
		{8C7F0CB5-9CD8-40D8-A539-51F451CCB29E}.Dev|Any CPU.ActiveCfg = Dev|Any CPU
		{8C7F0CB5-9CD8-40D8-A539-51F451CCB29E}.Dev|Any CPU.Build.0 = Dev|Any CPU
		{8C7F0CB5-9CD8-40D8-A539-51F451CCB29E}.Dev|x86.ActiveCfg = Dev|Any CPU
		{8C7F0CB5-9CD8-40D8-A539-51F451CCB29E}.Dev|x86.Build.0 = Dev|Any CPU
		{8C7F0CB5-9CD8-40D8-A539-51F451CCB29E}.Release|Any CPU.ActiveCfg = Release|Any CPU
		{8C7F0CB5-9CD8-40D8-A539-51F451CCB29E}.Release|Any CPU.Build.0 = Release|Any CPU
		{8C7F0CB5-9CD8-40D8-A539-51F451CCB29E}.Release|x86.ActiveCfg = Release|Any CPU
		{8C7F0CB5-9CD8-40D8-A539-51F451CCB29E}.Release|x86.Build.0 = Release|Any CPU
		{40625AD3-D5D2-4CF0-8E3E-FD232A54A808}.alexlocal|Any CPU.ActiveCfg = Release|Any CPU
		{40625AD3-D5D2-4CF0-8E3E-FD232A54A808}.alexlocal|Any CPU.Build.0 = Release|Any CPU
		{40625AD3-D5D2-4CF0-8E3E-FD232A54A808}.alexlocal|x86.ActiveCfg = Release|Any CPU
		{40625AD3-D5D2-4CF0-8E3E-FD232A54A808}.Debug|Any CPU.ActiveCfg = Debug|Any CPU
		{40625AD3-D5D2-4CF0-8E3E-FD232A54A808}.Debug|Any CPU.Build.0 = Debug|Any CPU
		{40625AD3-D5D2-4CF0-8E3E-FD232A54A808}.Debug|x86.ActiveCfg = Debug|Any CPU
		{40625AD3-D5D2-4CF0-8E3E-FD232A54A808}.Dev|Any CPU.ActiveCfg = Dev|Any CPU
		{40625AD3-D5D2-4CF0-8E3E-FD232A54A808}.Dev|Any CPU.Build.0 = Dev|Any CPU
		{40625AD3-D5D2-4CF0-8E3E-FD232A54A808}.Dev|x86.ActiveCfg = Debug|Any CPU
		{40625AD3-D5D2-4CF0-8E3E-FD232A54A808}.Dev|x86.Build.0 = Debug|Any CPU
		{40625AD3-D5D2-4CF0-8E3E-FD232A54A808}.Release|Any CPU.ActiveCfg = Release|Any CPU
		{40625AD3-D5D2-4CF0-8E3E-FD232A54A808}.Release|Any CPU.Build.0 = Release|Any CPU
		{40625AD3-D5D2-4CF0-8E3E-FD232A54A808}.Release|x86.ActiveCfg = Release|Any CPU
		{6C3090FC-50D2-4A7E-9B29-EAB9D8802F42}.alexlocal|Any CPU.ActiveCfg = Release|Any CPU
		{6C3090FC-50D2-4A7E-9B29-EAB9D8802F42}.alexlocal|Any CPU.Build.0 = Release|Any CPU
		{6C3090FC-50D2-4A7E-9B29-EAB9D8802F42}.alexlocal|x86.ActiveCfg = Release|Any CPU
		{6C3090FC-50D2-4A7E-9B29-EAB9D8802F42}.Debug|Any CPU.ActiveCfg = Debug|Any CPU
		{6C3090FC-50D2-4A7E-9B29-EAB9D8802F42}.Debug|Any CPU.Build.0 = Debug|Any CPU
		{6C3090FC-50D2-4A7E-9B29-EAB9D8802F42}.Debug|x86.ActiveCfg = Debug|Any CPU
		{6C3090FC-50D2-4A7E-9B29-EAB9D8802F42}.Dev|Any CPU.ActiveCfg = Dev|Any CPU
		{6C3090FC-50D2-4A7E-9B29-EAB9D8802F42}.Dev|Any CPU.Build.0 = Dev|Any CPU
		{6C3090FC-50D2-4A7E-9B29-EAB9D8802F42}.Dev|x86.ActiveCfg = Dev|Any CPU
		{6C3090FC-50D2-4A7E-9B29-EAB9D8802F42}.Release|Any CPU.ActiveCfg = Release|Any CPU
		{6C3090FC-50D2-4A7E-9B29-EAB9D8802F42}.Release|Any CPU.Build.0 = Release|Any CPU
		{6C3090FC-50D2-4A7E-9B29-EAB9D8802F42}.Release|x86.ActiveCfg = Release|Any CPU
	EndGlobalSection
	GlobalSection(SolutionProperties) = preSolution
		HideSolutionNode = FALSE
	EndGlobalSection
	GlobalSection(NestedProjects) = preSolution
		{8D38298A-9246-4AB9-80C4-9A830213346C} = {6CF6EAFB-0D62-4D76-8B2C-FA9C6BBB073B}
		{579BA25F-1DF5-474A-8A3E-0447FF75711C} = {6CF6EAFB-0D62-4D76-8B2C-FA9C6BBB073B}
		{6B855C3F-07A9-4787-9FDE-29FA567C43E2} = {6CF6EAFB-0D62-4D76-8B2C-FA9C6BBB073B}
		{40625AD3-D5D2-4CF0-8E3E-FD232A54A808} = {6CF6EAFB-0D62-4D76-8B2C-FA9C6BBB073B}
		{6C3090FC-50D2-4A7E-9B29-EAB9D8802F42} = {6CF6EAFB-0D62-4D76-8B2C-FA9C6BBB073B}
		{D019B112-55A8-4661-AFF5-329F998D9E28} = {9A01CAA2-30D9-45B5-9FF3-A0DDF12551F2}
		{4E04FEB2-B452-4739-8336-EA2CEFB18D87} = {9A01CAA2-30D9-45B5-9FF3-A0DDF12551F2}
		{D6A0A493-E926-439A-9CE2-E093E75132CD} = {9A01CAA2-30D9-45B5-9FF3-A0DDF12551F2}
		{AD226A7F-0641-4589-93EB-06E5EE7E767B} = {9A01CAA2-30D9-45B5-9FF3-A0DDF12551F2}
		{990DB8CB-AAD6-42FE-940D-3A731DF56ABE} = {9A01CAA2-30D9-45B5-9FF3-A0DDF12551F2}
		{85CB0215-96DF-4C38-A022-1BE6C952813B} = {9A01CAA2-30D9-45B5-9FF3-A0DDF12551F2}
		{1E1AB01B-F6AB-4420-BF1D-5E6EF41D76BF} = {9A01CAA2-30D9-45B5-9FF3-A0DDF12551F2}
		{57373D06-6B82-4EC6-AF62-ED25FE170C61} = {9A01CAA2-30D9-45B5-9FF3-A0DDF12551F2}
		{14404298-4182-4D43-8098-5A199ED2FCAA} = {9A01CAA2-30D9-45B5-9FF3-A0DDF12551F2}
	EndGlobalSection
EndGlobal
