
Microsoft Visual Studio Solution File, Format Version 12.00
# Visual Studio 14
VisualStudioVersion = 14.0.25420.1
MinimumVisualStudioVersion = 10.0.40219.1
Project("{2150E333-8FDC-42A3-9474-1A3956D46DE8}") = ".nuget", ".nuget", "{99D5A940-8674-4060-902B-381DF8B99D43}"
	ProjectSection(SolutionItems) = preProject
		.nuget\NuGet.Config = .nuget\NuGet.Config
		.nuget\NuGet.exe = .nuget\NuGet.exe
		.nuget\NuGet.targets = .nuget\NuGet.targets
	EndProjectSection
EndProject
Project("{2150E333-8FDC-42A3-9474-1A3956D46DE8}") = "BuildUtils", "BuildUtils", "{932981E0-0644-4BED-84A9-FEF0664F6296}"
	ProjectSection(SolutionItems) = preProject
		BuildUtils\Handle.exe = BuildUtils\Handle.exe
		BuildUtils\xcopy.exe = BuildUtils\xcopy.exe
	EndProjectSection
EndProject
Project("{2150E333-8FDC-42A3-9474-1A3956D46DE8}") = "Hub", "Hub", "{F848932E-7332-4B29-AB1E-9A794098501C}"
EndProject
Project("{2150E333-8FDC-42A3-9474-1A3956D46DE8}") = "SDK", "SDK", "{1B8F7B8D-8367-4B4E-BC79-002D26DF53D4}"
EndProject
Project("{2150E333-8FDC-42A3-9474-1A3956D46DE8}") = "Terminals", "Terminals", "{B3FD0936-ACF8-4F91-A5EF-0712D6567E6F}"
EndProject
Project("{2150E333-8FDC-42A3-9474-1A3956D46DE8}") = "Common", "Common", "{D9827A77-B254-4962-B5DC-3D2C01C8044F}"
EndProject
Project("{2150E333-8FDC-42A3-9474-1A3956D46DE8}") = "Tests", "Tests", "{4FDBF40A-36B2-4EBE-98B0-434F2E177779}"
EndProject
Project("{FAE04EC0-301F-11D3-BF4B-00C04F79EFBC}") = "HealthMonitor.HubLauncher", "Common\Tests\HealthMonitor.HubLauncher\HealthMonitor.HubLauncher.csproj", "{47CA975F-1F5B-4C90-9DA1-A88C53E0760A}"
EndProject
Project("{FAE04EC0-301F-11D3-BF4B-00C04F79EFBC}") = "HealthMonitor", "Common\Tests\HealthMonitor\HealthMonitor.csproj", "{83231577-13A5-419F-8269-02AE59D8951A}"
EndProject
Project("{FAE04EC0-301F-11D3-BF4B-00C04F79EFBC}") = "Fr8.Testing", "Common\Tests\Fr8.Testing\Fr8.Testing.csproj", "{459FE39A-A5CC-41D8-B06E-8FAE3A1A623B}"
EndProject
Project("{FAE04EC0-301F-11D3-BF4B-00C04F79EFBC}") = "Data", "Hub\Data\Data.csproj", "{990241EA-6CF0-4026-B57C-A9031463C7C0}"
EndProject
Project("{FAE04EC0-301F-11D3-BF4B-00C04F79EFBC}") = "Hub", "Hub\Hub\Hub.csproj", "{9891496C-8512-4708-925A-EE9D0F9199D4}"
EndProject
Project("{FAE04EC0-301F-11D3-BF4B-00C04F79EFBC}") = "HubWeb", "Hub\HubWeb\HubWeb.csproj", "{F7BD7117-4F1D-4215-B338-61EBDD0D0BFE}"
EndProject
Project("{2150E333-8FDC-42A3-9474-1A3956D46DE8}") = "Tests", "Tests", "{F40D465A-8FE2-4DEF-8587-34A0C3ACEA75}"
EndProject
Project("{FAE04EC0-301F-11D3-BF4B-00C04F79EFBC}") = "HubTests", "Hub\Tests\HubTests\HubTests.csproj", "{1E8DD13A-846B-4C36-A9C4-5997C5FD74FF}"
EndProject
Project("{FAE04EC0-301F-11D3-BF4B-00C04F79EFBC}") = "Fr8TerminalBase.NET", "SDK\Fr8TerminalBase.NET\Fr8TerminalBase.NET.csproj", "{BF96675E-6BAF-4AC9-B247-1551D62E8C44}"
EndProject
Project("{FAE04EC0-301F-11D3-BF4B-00C04F79EFBC}") = "Fr8Infrastructure.NET", "SDK\Fr8Infrastructure.NET\Fr8Infrastructure.NET.csproj", "{BBA91AF2-7636-41B6-87C4-C1575AE8B04B}"
EndProject
Project("{2150E333-8FDC-42A3-9474-1A3956D46DE8}") = "Asana", "Asana", "{4E7316D4-035A-41FA-B070-7FCCE94E2D10}"
EndProject
Project("{2150E333-8FDC-42A3-9474-1A3956D46DE8}") = "Atlassian", "Atlassian", "{DFFAFECB-52FB-4FB4-97B1-09703D672669}"
EndProject
Project("{2150E333-8FDC-42A3-9474-1A3956D46DE8}") = "Azure", "Azure", "{B02DEFA7-9B3E-4F83-A4E0-C3C49C3818EC}"
EndProject
Project("{2150E333-8FDC-42A3-9474-1A3956D46DE8}") = "Basecamp", "Basecamp", "{26F33C5D-13F3-44E6-8FC3-A67C8D4BBC78}"
EndProject
Project("{2150E333-8FDC-42A3-9474-1A3956D46DE8}") = "Box", "Box", "{64C3DC28-96BE-4C83-B62A-4AC394AC63F1}"
EndProject
Project("{2150E333-8FDC-42A3-9474-1A3956D46DE8}") = "Docusign", "Docusign", "{1341D9FE-1CCB-439C-AD50-DC84DFE815FA}"
EndProject
Project("{2150E333-8FDC-42A3-9474-1A3956D46DE8}") = "Dropbox", "Dropbox", "{3E904983-4408-42B7-8F5A-AC82B9F77240}"
EndProject
Project("{2150E333-8FDC-42A3-9474-1A3956D46DE8}") = "Excel", "Excel", "{6C9DA552-D09B-4009-9B3B-4E431972325E}"
EndProject
Project("{2150E333-8FDC-42A3-9474-1A3956D46DE8}") = "Facebook", "Facebook", "{1D24F2B2-7F1A-40C3-B325-005FDB02E222}"
EndProject
Project("{2150E333-8FDC-42A3-9474-1A3956D46DE8}") = "Fr8Core", "Fr8Core", "{73C92DFB-1BA5-472F-9885-754AA3A6A77A}"
EndProject
Project("{2150E333-8FDC-42A3-9474-1A3956D46DE8}") = "Google", "Google", "{A9022E15-C17D-4D86-A471-FF72B82098CC}"
EndProject
Project("{2150E333-8FDC-42A3-9474-1A3956D46DE8}") = "Instagram", "Instagram", "{7B573E88-8710-4CE6-8BAE-361B97F05926}"
EndProject
Project("{2150E333-8FDC-42A3-9474-1A3956D46DE8}") = "Papertrail", "Papertrail", "{5D030BDE-4EB4-4F8F-B783-E5A378B9DD67}"
EndProject
Project("{2150E333-8FDC-42A3-9474-1A3956D46DE8}") = "QuickBooks", "QuickBooks", "{3E374228-5084-4174-B919-0D9C85878A22}"
EndProject
Project("{2150E333-8FDC-42A3-9474-1A3956D46DE8}") = "Salesforce", "Salesforce", "{A13F8853-17D9-46CE-A179-65BAA8B4A969}"
EndProject
Project("{2150E333-8FDC-42A3-9474-1A3956D46DE8}") = "SendGrid", "SendGrid", "{180C5712-35E2-48CD-ACA1-8576260D2EFB}"
EndProject
Project("{2150E333-8FDC-42A3-9474-1A3956D46DE8}") = "Shared", "Shared", "{3A2B8C1D-C46D-48B4-827C-7771AB0992BB}"
EndProject
Project("{2150E333-8FDC-42A3-9474-1A3956D46DE8}") = "Slack", "Slack", "{A31279C2-23EC-425F-9B41-D27AC7781EDE}"
EndProject
Project("{2150E333-8FDC-42A3-9474-1A3956D46DE8}") = "StatX", "StatX", "{69B33D93-8553-4EF4-9D48-6E2A29B640DF}"
EndProject
Project("{2150E333-8FDC-42A3-9474-1A3956D46DE8}") = "Telegram", "Telegram", "{1E14D628-54AC-4576-ADE8-59CAE8472BE6}"
EndProject
Project("{2150E333-8FDC-42A3-9474-1A3956D46DE8}") = "Twilio", "Twilio", "{BA6548DC-9289-40C4-9658-09BE25A800FF}"
EndProject
Project("{2150E333-8FDC-42A3-9474-1A3956D46DE8}") = "Yammer", "Yammer", "{32B6E8D2-C447-4DD7-932C-5CEBD9F296B6}"
EndProject
Project("{FAE04EC0-301F-11D3-BF4B-00C04F79EFBC}") = "terminalAsana", "Terminals\Asana\terminalAsana\terminalAsana.csproj", "{0DCD9AAE-F141-4FAD-8E87-1C610F0582DB}"
EndProject
Project("{FAE04EC0-301F-11D3-BF4B-00C04F79EFBC}") = "terminalAsanaTests", "Terminals\Asana\terminalAsanaTests\terminalAsanaTests.csproj", "{3B0A3D34-D926-4356-BE31-809055FE835A}"
EndProject
Project("{FAE04EC0-301F-11D3-BF4B-00C04F79EFBC}") = "terminalAtlassian", "Terminals\Atlassian\terminalAtlassian\terminalAtlassian.csproj", "{89D763ED-3EA6-4303-AB29-3239095A4B06}"
EndProject
Project("{FAE04EC0-301F-11D3-BF4B-00C04F79EFBC}") = "terminalAtlassianTests", "Terminals\Atlassian\terminalAtlassianTests\terminalAtlassianTests.csproj", "{F39EA7BE-25C2-45ED-91AC-29647EFFAD2B}"
EndProject
Project("{FAE04EC0-301F-11D3-BF4B-00C04F79EFBC}") = "terminalAzure", "Terminals\Azure\terminalAzure\terminalAzure.csproj", "{D019B112-55A8-4661-AFF5-329F998D9E28}"
EndProject
Project("{FAE04EC0-301F-11D3-BF4B-00C04F79EFBC}") = "terminalAzureTests", "Terminals\Azure\terminalAzureTests\terminalAzureTests.csproj", "{36ED6F21-1A8F-4F07-A08A-A55639891E9B}"
EndProject
Project("{FAE04EC0-301F-11D3-BF4B-00C04F79EFBC}") = "terminalBasecamp2", "Terminals\Basecamp\terminalBasecamp2\terminalBasecamp2.csproj", "{19E2FDA9-D7AC-4365-A25A-4BBCAF8BE7FD}"
EndProject
Project("{FAE04EC0-301F-11D3-BF4B-00C04F79EFBC}") = "terminalBasecamp2Tests", "Terminals\Basecamp\terminalBasecamp2Tests\terminalBasecamp2Tests.csproj", "{3FA3E0E2-5B25-4481-9B9E-4E7F8A888445}"
EndProject
Project("{FAE04EC0-301F-11D3-BF4B-00C04F79EFBC}") = "terminalBox", "Terminals\Box\terminalBox\terminalBox.csproj", "{84800565-B464-471D-8F02-1A93311C3388}"
EndProject
Project("{FAE04EC0-301F-11D3-BF4B-00C04F79EFBC}") = "terminalBoxTests", "Terminals\Box\terminalBoxTests\terminalBoxTests.csproj", "{1ABD6365-E04D-4971-8D0D-5364C896113F}"
EndProject
Project("{FAE04EC0-301F-11D3-BF4B-00C04F79EFBC}") = "terminalDocuSign", "Terminals\Docusign\terminalDocuSign\terminalDocuSign.csproj", "{4E04FEB2-B452-4739-8336-EA2CEFB18D87}"
EndProject
Project("{FAE04EC0-301F-11D3-BF4B-00C04F79EFBC}") = "terminalDocuSignTests", "Terminals\Docusign\terminalDocuSignTests\terminalDocuSignTests.csproj", "{A6E317FA-2EB0-4447-8ECD-6725F6B78435}"
EndProject
Project("{FAE04EC0-301F-11D3-BF4B-00C04F79EFBC}") = "terminalDropbox", "Terminals\Dropbox\terminalDropbox\terminalDropbox.csproj", "{CFBA4468-222F-4255-8D94-809ACBF7AC47}"
EndProject
Project("{FAE04EC0-301F-11D3-BF4B-00C04F79EFBC}") = "terminalDropboxTests", "Terminals\Dropbox\terminalDropboxTests\terminalDropboxTests.csproj", "{42F21CE5-C8D1-4083-937B-951B92C2F93C}"
EndProject
Project("{FAE04EC0-301F-11D3-BF4B-00C04F79EFBC}") = "terminalExcel", "Terminals\Excel\terminalExcel\terminalExcel.csproj", "{57373D06-6B82-4EC6-AF62-ED25FE170C61}"
EndProject
Project("{FAE04EC0-301F-11D3-BF4B-00C04F79EFBC}") = "terminalExcelTests", "Terminals\Excel\terminalExcelTests\terminalExcelTests.csproj", "{A854EB96-B28A-42FC-8209-3E5E9D6B208C}"
EndProject
Project("{FAE04EC0-301F-11D3-BF4B-00C04F79EFBC}") = "terminalFacebook", "Terminals\Facebook\terminalFacebook\terminalFacebook.csproj", "{C982A6FE-6FD4-47FA-A69D-91FFA80FEDAA}"
EndProject
Project("{FAE04EC0-301F-11D3-BF4B-00C04F79EFBC}") = "terminalFacebookTests", "Terminals\Facebook\terminalFacebookTests\terminalFacebookTests.csproj", "{380C028E-2623-4207-B8AF-F21B92183ED8}"
EndProject
Project("{FAE04EC0-301F-11D3-BF4B-00C04F79EFBC}") = "terminalFr8Core", "Terminals\Fr8Core\terminalFr8Core\terminalFr8Core.csproj", "{AD226A7F-0641-4589-93EB-06E5EE7E767B}"
EndProject
Project("{FAE04EC0-301F-11D3-BF4B-00C04F79EFBC}") = "terminalFr8CoreTests", "Terminals\Fr8Core\terminalFr8CoreTests\terminalFr8CoreTests.csproj", "{6C3090FC-50D2-4A7E-9B29-EAB9D8802F42}"
EndProject
Project("{FAE04EC0-301F-11D3-BF4B-00C04F79EFBC}") = "terminalGoogle", "Terminals\Google\terminalGoogle\terminalGoogle.csproj", "{CDDCCFAB-28B8-446C-8585-72D2BB78F2DC}"
EndProject
Project("{FAE04EC0-301F-11D3-BF4B-00C04F79EFBC}") = "terminalGoogleTests", "Terminals\Google\terminalGoogleTests\terminalGoogleTests.csproj", "{62219AA6-9276-4935-B934-F0F50ECEF6FB}"
EndProject
Project("{FAE04EC0-301F-11D3-BF4B-00C04F79EFBC}") = "terminalInstagram", "Terminals\Instagram\terminalInstagram\terminalInstagram.csproj", "{26C15DC0-73CA-46E3-AEBA-17353C59C2F3}"
EndProject
Project("{FAE04EC0-301F-11D3-BF4B-00C04F79EFBC}") = "terminalInstagramTests", "Terminals\Instagram\terminalInstagramTests\terminalInstagramTests.csproj", "{D0BBF260-AD17-41BF-9E11-6EA0CC8308E1}"
EndProject
Project("{FAE04EC0-301F-11D3-BF4B-00C04F79EFBC}") = "terminalPapertrail", "Terminals\Papertrail\terminalPapertrail\terminalPapertrail.csproj", "{74D9BDC7-7B46-456F-B3C5-A4CDB5D74D7B}"
EndProject
Project("{FAE04EC0-301F-11D3-BF4B-00C04F79EFBC}") = "terminalPapertrailTests", "Terminals\Papertrail\terminalPapertrailTests\terminalPapertrailTests.csproj", "{8F5BE349-6D11-44AD-A1CC-B5BB5EB4B179}"
EndProject
Project("{FAE04EC0-301F-11D3-BF4B-00C04F79EFBC}") = "terminalQuickBooks", "Terminals\QuickBooks\terminalQuickBooks\terminalQuickBooks.csproj", "{3D4116CE-63DD-406C-8235-0115A8FA90F1}"
EndProject
Project("{FAE04EC0-301F-11D3-BF4B-00C04F79EFBC}") = "terminalQuickBooksTests", "Terminals\QuickBooks\terminalQuickBooksTests\terminalQuickBooksTests.csproj", "{6367B304-3E18-4DA6-A7E7-0893DA806953}"
EndProject
Project("{FAE04EC0-301F-11D3-BF4B-00C04F79EFBC}") = "terminalSalesforce", "Terminals\Salesforce\terminalSalesforce\terminalSalesforce.csproj", "{85CB0215-96DF-4C38-A022-1BE6C952813B}"
EndProject
Project("{FAE04EC0-301F-11D3-BF4B-00C04F79EFBC}") = "terminalSalesforceTests", "Terminals\Salesforce\terminalSalesforceTests\terminalSalesforceTests.csproj", "{FDA06158-A81E-46B4-9F25-5AB76DFD400A}"
EndProject
Project("{FAE04EC0-301F-11D3-BF4B-00C04F79EFBC}") = "terminalSendGrid", "Terminals\SendGrid\terminalSendGrid\terminalSendGrid.csproj", "{1E1AB01B-F6AB-4420-BF1D-5E6EF41D76BF}"
EndProject
Project("{FAE04EC0-301F-11D3-BF4B-00C04F79EFBC}") = "terminalSendGridTests", "Terminals\SendGrid\terminalSendGridTests\terminalSendGridTests.csproj", "{EE3E1E99-175F-4507-96DA-421FCD0F6D9E}"
EndProject
Project("{FAE04EC0-301F-11D3-BF4B-00C04F79EFBC}") = "TerminalSqlUtilities", "Terminals\Shared\TerminalSqlUtilities\TerminalSqlUtilities.csproj", "{FA105E66-8756-4F57-8230-2A52BFEBDDC6}"
EndProject
Project("{FAE04EC0-301F-11D3-BF4B-00C04F79EFBC}") = "terminalUtilities", "Terminals\Shared\terminalUtilities\terminalUtilities.csproj", "{E46B602A-287B-450F-B455-5EED20C93EB7}"
EndProject
Project("{FAE04EC0-301F-11D3-BF4B-00C04F79EFBC}") = "terminalSlack", "Terminals\Slack\terminalSlack\terminalSlack.csproj", "{990DB8CB-AAD6-42FE-940D-3A731DF56ABE}"
EndProject
Project("{FAE04EC0-301F-11D3-BF4B-00C04F79EFBC}") = "terminalSlackTests", "Terminals\Slack\terminalSlackTests\terminalSlackTests.csproj", "{1246A6D6-FB9D-4564-8E86-A9F14A7AD177}"
EndProject
Project("{FAE04EC0-301F-11D3-BF4B-00C04F79EFBC}") = "terminalStatX", "Terminals\StatX\terminalStatX\terminalStatX.csproj", "{5FB0ADC8-24C7-4B32-A4D2-AFA31B0BAAA7}"
EndProject
Project("{FAE04EC0-301F-11D3-BF4B-00C04F79EFBC}") = "terminalStatXTests", "Terminals\StatX\terminalStatXTests\terminalStatXTests.csproj", "{E0E04964-F77E-435F-8B90-F4338C30DDAD}"
EndProject
Project("{FAE04EC0-301F-11D3-BF4B-00C04F79EFBC}") = "terminalTelegram", "Terminals\Telegram\terminalTelegram\terminalTelegram.csproj", "{FBA67D4E-D81A-4B6E-A6FD-464A2A5AF9D5}"
EndProject
Project("{FAE04EC0-301F-11D3-BF4B-00C04F79EFBC}") = "terminalTwilio", "Terminals\Twilio\terminalTwilio\terminalTwilio.csproj", "{14404298-4182-4D43-8098-5A199ED2FCAA}"
EndProject
Project("{FAE04EC0-301F-11D3-BF4B-00C04F79EFBC}") = "terminalTwilioTests", "Terminals\Twilio\terminalTwilioTests\terminalTwilioTests.csproj", "{6B807AB1-F549-49CB-9F52-52BC33D23443}"
EndProject
Project("{FAE04EC0-301F-11D3-BF4B-00C04F79EFBC}") = "terminalYammer", "Terminals\Yammer\terminalYammer\terminalYammer.csproj", "{E8BF04AC-1A7D-4CBE-80B9-E20F53699F2D}"
EndProject
Project("{FAE04EC0-301F-11D3-BF4B-00C04F79EFBC}") = "terminalYammerTests", "Terminals\Yammer\terminalYammerTests\terminalYammerTests.csproj", "{D2638CB3-33D6-443F-BC87-E20260D3C9EF}"
EndProject
Project("{2150E333-8FDC-42A3-9474-1A3956D46DE8}") = "BuildDeployUtils", "BuildDeployUtils", "{31DC7E45-FE4F-4CCD-9234-9FBD42F412C5}"
EndProject
Project("{2150E333-8FDC-42A3-9474-1A3956D46DE8}") = "_PowerShellScripts", "_PowerShellScripts", "{30EF2DF0-6F6A-4D9C-ADF1-11985030849E}"
	ProjectSection(SolutionItems) = preProject
		BuildDeployUtils\_PowerShellScripts\Add-BuildServer.ps1 = BuildDeployUtils\_PowerShellScripts\Add-BuildServer.ps1
		BuildDeployUtils\_PowerShellScripts\Add-Repo.ps1 = BuildDeployUtils\_PowerShellScripts\Add-Repo.ps1
		BuildDeployUtils\_PowerShellScripts\Check-Confirmation.ps1 = BuildDeployUtils\_PowerShellScripts\Check-Confirmation.ps1
		BuildDeployUtils\_PowerShellScripts\CheckWebSettings.ps1 = BuildDeployUtils\_PowerShellScripts\CheckWebSettings.ps1
		BuildDeployUtils\_PowerShellScripts\CleanUpAfterTests.ps1 = BuildDeployUtils\_PowerShellScripts\CleanUpAfterTests.ps1
		BuildDeployUtils\_PowerShellScripts\ClearDbBeforeTests.ps1 = BuildDeployUtils\_PowerShellScripts\ClearDbBeforeTests.ps1
		BuildDeployUtils\_PowerShellScripts\CloneDatabase.ps1 = BuildDeployUtils\_PowerShellScripts\CloneDatabase.ps1
		BuildDeployUtils\_PowerShellScripts\Combine-Sources.ps1 = BuildDeployUtils\_PowerShellScripts\Combine-Sources.ps1
		BuildDeployUtils\_PowerShellScripts\Copy-ImagesBetweenAccount.ps1 = BuildDeployUtils\_PowerShellScripts\Copy-ImagesBetweenAccount.ps1
		BuildDeployUtils\_PowerShellScripts\CopyAppInsightsConfigs.ps1 = BuildDeployUtils\_PowerShellScripts\CopyAppInsightsConfigs.ps1
		BuildDeployUtils\_PowerShellScripts\Create-SDKNuget.ps1 = BuildDeployUtils\_PowerShellScripts\Create-SDKNuget.ps1
		BuildDeployUtils\_PowerShellScripts\Create-VersionFile.ps1 = BuildDeployUtils\_PowerShellScripts\Create-VersionFile.ps1
		BuildDeployUtils\_PowerShellScripts\DeleteDatabase.ps1 = BuildDeployUtils\_PowerShellScripts\DeleteDatabase.ps1
		BuildDeployUtils\_PowerShellScripts\DeleteHostedDatabase.ps1 = BuildDeployUtils\_PowerShellScripts\DeleteHostedDatabase.ps1
		BuildDeployUtils\_PowerShellScripts\Deploy-HMAsWebJob.ps1 = BuildDeployUtils\_PowerShellScripts\Deploy-HMAsWebJob.ps1
		BuildDeployUtils\_PowerShellScripts\DeployFr8Locally.ps1 = BuildDeployUtils\_PowerShellScripts\DeployFr8Locally.ps1
		BuildDeployUtils\_PowerShellScripts\DEV-settings.job = BuildDeployUtils\_PowerShellScripts\DEV-settings.job
		BuildDeployUtils\_PowerShellScripts\Filename.json = BuildDeployUtils\_PowerShellScripts\Filename.json
		BuildDeployUtils\_PowerShellScripts\HM-job-run.cmd = BuildDeployUtils\_PowerShellScripts\HM-job-run.cmd
		BuildDeployUtils\_PowerShellScripts\HM-job-settings.job = BuildDeployUtils\_PowerShellScripts\HM-job-settings.job
		BuildDeployUtils\_PowerShellScripts\MergePRSourcesIntoDev.ps1 = BuildDeployUtils\_PowerShellScripts\MergePRSourcesIntoDev.ps1
		BuildDeployUtils\_PowerShellScripts\Reboot-CloudService.ps1 = BuildDeployUtils\_PowerShellScripts\Reboot-CloudService.ps1
		BuildDeployUtils\_PowerShellScripts\Remove-HMAsWebJob.ps1 = BuildDeployUtils\_PowerShellScripts\Remove-HMAsWebJob.ps1
		BuildDeployUtils\_PowerShellScripts\RestoreDatabaseFromBackup.ps1 = BuildDeployUtils\_PowerShellScripts\RestoreDatabaseFromBackup.ps1
		BuildDeployUtils\_PowerShellScripts\Run-DBMigration.ps1 = BuildDeployUtils\_PowerShellScripts\Run-DBMigration.ps1
		BuildDeployUtils\_PowerShellScripts\Run-IntegrationTests.ps1 = BuildDeployUtils\_PowerShellScripts\Run-IntegrationTests.ps1
		BuildDeployUtils\_PowerShellScripts\Run-ProtractorTests.ps1 = BuildDeployUtils\_PowerShellScripts\Run-ProtractorTests.ps1
		BuildDeployUtils\_PowerShellScripts\Run-SQL.ps1 = BuildDeployUtils\_PowerShellScripts\Run-SQL.ps1
		BuildDeployUtils\_PowerShellScripts\RunFrontEndTests-VSO.ps1 = BuildDeployUtils\_PowerShellScripts\RunFrontEndTests-VSO.ps1
		BuildDeployUtils\_PowerShellScripts\Set-AzureSQLService.ps1 = BuildDeployUtils\_PowerShellScripts\Set-AzureSQLService.ps1
		BuildDeployUtils\_PowerShellScripts\Set-Config.ps1 = BuildDeployUtils\_PowerShellScripts\Set-Config.ps1
		BuildDeployUtils\_PowerShellScripts\Set-CS.ps1 = BuildDeployUtils\_PowerShellScripts\Set-CS.ps1
		BuildDeployUtils\_PowerShellScripts\Set-CsConfig.ps1 = BuildDeployUtils\_PowerShellScripts\Set-CsConfig.ps1
		BuildDeployUtils\_PowerShellScripts\Set-Endpoints.ps1 = BuildDeployUtils\_PowerShellScripts\Set-Endpoints.ps1
		BuildDeployUtils\_PowerShellScripts\Set-EndpointsDev.ps1 = BuildDeployUtils\_PowerShellScripts\Set-EndpointsDev.ps1
		BuildDeployUtils\_PowerShellScripts\Set-EndpointsStaging.ps1 = BuildDeployUtils\_PowerShellScripts\Set-EndpointsStaging.ps1
		BuildDeployUtils\_PowerShellScripts\Set-GitHubBuildStatus.ps1 = BuildDeployUtils\_PowerShellScripts\Set-GitHubBuildStatus.ps1
		BuildDeployUtils\_PowerShellScripts\Set-WebsiteAppSettings.ps1 = BuildDeployUtils\_PowerShellScripts\Set-WebsiteAppSettings.ps1
		BuildDeployUtils\_PowerShellScripts\SetCloudServiceSize.ps1 = BuildDeployUtils\_PowerShellScripts\SetCloudServiceSize.ps1
		BuildDeployUtils\_PowerShellScripts\Start-Sleep.ps1 = BuildDeployUtils\_PowerShellScripts\Start-Sleep.ps1
		BuildDeployUtils\_PowerShellScripts\Start-StagingWebsite.ps1 = BuildDeployUtils\_PowerShellScripts\Start-StagingWebsite.ps1
		BuildDeployUtils\_PowerShellScripts\Stop-StagingWebsite.ps1 = BuildDeployUtils\_PowerShellScripts\Stop-StagingWebsite.ps1
		BuildDeployUtils\_PowerShellScripts\Swap-CloudService.ps1 = BuildDeployUtils\_PowerShellScripts\Swap-CloudService.ps1
		BuildDeployUtils\_PowerShellScripts\Update-HostnameInTerminalRegistration.ps1 = BuildDeployUtils\_PowerShellScripts\Update-HostnameInTerminalRegistration.ps1
		BuildDeployUtils\_PowerShellScripts\Update-HostnameInTerminals.ps1 = BuildDeployUtils\_PowerShellScripts\Update-HostnameInTerminals.ps1
		BuildDeployUtils\_PowerShellScripts\Upload-File.ps1 = BuildDeployUtils\_PowerShellScripts\Upload-File.ps1
		BuildDeployUtils\_PowerShellScripts\Wait-Database.ps1 = BuildDeployUtils\_PowerShellScripts\Wait-Database.ps1
	EndProjectSection
EndProject
Project("{2150E333-8FDC-42A3-9474-1A3956D46DE8}") = "SQL Scripts", "SQL Scripts", "{137776F2-F3F6-463C-9FF4-04F08F8789DF}"
	ProjectSection(SolutionItems) = preProject
		BuildDeployUtils\SQL scripts\Clean up Hub registration in MT.sql = BuildDeployUtils\SQL scripts\Clean up Hub registration in MT.sql
		BuildDeployUtils\SQL scripts\Cleanup HangFire Jobs.sql = BuildDeployUtils\SQL scripts\Cleanup HangFire Jobs.sql
		BuildDeployUtils\SQL scripts\Count HangFire Jobs.sql = BuildDeployUtils\SQL scripts\Count HangFire Jobs.sql
		BuildDeployUtils\SQL scripts\Count Stats.sql = BuildDeployUtils\SQL scripts\Count Stats.sql
		BuildDeployUtils\SQL scripts\Deactivate All Integration Testing Plans.sql = BuildDeployUtils\SQL scripts\Deactivate All Integration Testing Plans.sql
		BuildDeployUtils\SQL scripts\Delete Duplicated Localhost Endpoints.sql = BuildDeployUtils\SQL scripts\Delete Duplicated Localhost Endpoints.sql
		BuildDeployUtils\SQL scripts\Delete HangFire tables.sql = BuildDeployUtils\SQL scripts\Delete HangFire tables.sql
		BuildDeployUtils\SQL scripts\Delete Terminal Registration.sql = BuildDeployUtils\SQL scripts\Delete Terminal Registration.sql
		BuildDeployUtils\SQL scripts\DeleteOldLogs.sql = BuildDeployUtils\SQL scripts\DeleteOldLogs.sql
		BuildDeployUtils\SQL scripts\Fix Terminal Endpoints.sql = BuildDeployUtils\SQL scripts\Fix Terminal Endpoints.sql
		BuildDeployUtils\SQL scripts\Restore Terminal Information.sql = BuildDeployUtils\SQL scripts\Restore Terminal Information.sql
		BuildDeployUtils\SQL scripts\Show Incidents.sql = BuildDeployUtils\SQL scripts\Show Incidents.sql
	EndProjectSection
EndProject
Project("{2150E333-8FDC-42A3-9474-1A3956D46DE8}") = "Tests", "Tests", "{722D6B74-78CB-4995-84E3-B0705C7DDA96}"
EndProject
Project("{FAE04EC0-301F-11D3-BF4B-00C04F79EFBC}") = "terminalBaseTests", "Terminals\Shared\Tests\terminalBaseTests\terminalBaseTests.csproj", "{40625AD3-D5D2-4CF0-8E3E-FD232A54A808}"
EndProject
Project("{FAE04EC0-301F-11D3-BF4B-00C04F79EFBC}") = "terminalIntegrationTests", "Terminals\Shared\Tests\terminalIntegrationTests\terminalIntegrationTests.csproj", "{579BA25F-1DF5-474A-8A3E-0447FF75711C}"
EndProject
Project("{FAE04EC0-301F-11D3-BF4B-00C04F79EFBC}") = "Fr8.Testing.Integration.Tools", "Terminals\Shared\Tests\Fr8.Testing.Integration.Tools\Fr8.Testing.Integration.Tools.csproj", "{4F56C030-D16B-4A51-82D0-3C23A47AB703}"
EndProject
Global
	GlobalSection(SolutionConfigurationPlatforms) = preSolution
		alexlocal|Any CPU = alexlocal|Any CPU
		Debug|Any CPU = Debug|Any CPU
		Demo|Any CPU = Demo|Any CPU
		Dev|Any CPU = Dev|Any CPU
		Release|Any CPU = Release|Any CPU
	EndGlobalSection
	GlobalSection(ProjectConfigurationPlatforms) = postSolution
		{47CA975F-1F5B-4C90-9DA1-A88C53E0760A}.alexlocal|Any CPU.ActiveCfg = Demo|Any CPU
		{47CA975F-1F5B-4C90-9DA1-A88C53E0760A}.alexlocal|Any CPU.Build.0 = Demo|Any CPU
		{47CA975F-1F5B-4C90-9DA1-A88C53E0760A}.Debug|Any CPU.ActiveCfg = Debug|Any CPU
		{47CA975F-1F5B-4C90-9DA1-A88C53E0760A}.Debug|Any CPU.Build.0 = Debug|Any CPU
		{47CA975F-1F5B-4C90-9DA1-A88C53E0760A}.Demo|Any CPU.ActiveCfg = Demo|Any CPU
		{47CA975F-1F5B-4C90-9DA1-A88C53E0760A}.Demo|Any CPU.Build.0 = Demo|Any CPU
		{47CA975F-1F5B-4C90-9DA1-A88C53E0760A}.Dev|Any CPU.ActiveCfg = Dev|Any CPU
		{47CA975F-1F5B-4C90-9DA1-A88C53E0760A}.Dev|Any CPU.Build.0 = Dev|Any CPU
		{47CA975F-1F5B-4C90-9DA1-A88C53E0760A}.Release|Any CPU.ActiveCfg = Release|Any CPU
		{47CA975F-1F5B-4C90-9DA1-A88C53E0760A}.Release|Any CPU.Build.0 = Release|Any CPU
		{83231577-13A5-419F-8269-02AE59D8951A}.alexlocal|Any CPU.ActiveCfg = Demo|Any CPU
		{83231577-13A5-419F-8269-02AE59D8951A}.alexlocal|Any CPU.Build.0 = Demo|Any CPU
		{83231577-13A5-419F-8269-02AE59D8951A}.Debug|Any CPU.ActiveCfg = Debug|Any CPU
		{83231577-13A5-419F-8269-02AE59D8951A}.Debug|Any CPU.Build.0 = Debug|Any CPU
		{83231577-13A5-419F-8269-02AE59D8951A}.Demo|Any CPU.ActiveCfg = Demo|Any CPU
		{83231577-13A5-419F-8269-02AE59D8951A}.Demo|Any CPU.Build.0 = Demo|Any CPU
		{83231577-13A5-419F-8269-02AE59D8951A}.Dev|Any CPU.ActiveCfg = Dev|Any CPU
		{83231577-13A5-419F-8269-02AE59D8951A}.Dev|Any CPU.Build.0 = Dev|Any CPU
		{83231577-13A5-419F-8269-02AE59D8951A}.Release|Any CPU.ActiveCfg = Release|Any CPU
		{83231577-13A5-419F-8269-02AE59D8951A}.Release|Any CPU.Build.0 = Release|Any CPU
		{459FE39A-A5CC-41D8-B06E-8FAE3A1A623B}.alexlocal|Any CPU.ActiveCfg = Demo|Any CPU
		{459FE39A-A5CC-41D8-B06E-8FAE3A1A623B}.alexlocal|Any CPU.Build.0 = Demo|Any CPU
		{459FE39A-A5CC-41D8-B06E-8FAE3A1A623B}.Debug|Any CPU.ActiveCfg = Debug|Any CPU
		{459FE39A-A5CC-41D8-B06E-8FAE3A1A623B}.Debug|Any CPU.Build.0 = Debug|Any CPU
		{459FE39A-A5CC-41D8-B06E-8FAE3A1A623B}.Demo|Any CPU.ActiveCfg = Demo|Any CPU
		{459FE39A-A5CC-41D8-B06E-8FAE3A1A623B}.Demo|Any CPU.Build.0 = Demo|Any CPU
		{459FE39A-A5CC-41D8-B06E-8FAE3A1A623B}.Dev|Any CPU.ActiveCfg = Dev|Any CPU
		{459FE39A-A5CC-41D8-B06E-8FAE3A1A623B}.Dev|Any CPU.Build.0 = Dev|Any CPU
		{459FE39A-A5CC-41D8-B06E-8FAE3A1A623B}.Release|Any CPU.ActiveCfg = Release|Any CPU
		{459FE39A-A5CC-41D8-B06E-8FAE3A1A623B}.Release|Any CPU.Build.0 = Release|Any CPU
		{990241EA-6CF0-4026-B57C-A9031463C7C0}.alexlocal|Any CPU.ActiveCfg = Demo|Any CPU
		{990241EA-6CF0-4026-B57C-A9031463C7C0}.alexlocal|Any CPU.Build.0 = Demo|Any CPU
		{990241EA-6CF0-4026-B57C-A9031463C7C0}.Debug|Any CPU.ActiveCfg = Debug|Any CPU
		{990241EA-6CF0-4026-B57C-A9031463C7C0}.Debug|Any CPU.Build.0 = Debug|Any CPU
		{990241EA-6CF0-4026-B57C-A9031463C7C0}.Demo|Any CPU.ActiveCfg = Demo|Any CPU
		{990241EA-6CF0-4026-B57C-A9031463C7C0}.Demo|Any CPU.Build.0 = Demo|Any CPU
		{990241EA-6CF0-4026-B57C-A9031463C7C0}.Dev|Any CPU.ActiveCfg = Dev|Any CPU
		{990241EA-6CF0-4026-B57C-A9031463C7C0}.Dev|Any CPU.Build.0 = Dev|Any CPU
		{990241EA-6CF0-4026-B57C-A9031463C7C0}.Release|Any CPU.ActiveCfg = Release|Any CPU
		{990241EA-6CF0-4026-B57C-A9031463C7C0}.Release|Any CPU.Build.0 = Release|Any CPU
		{9891496C-8512-4708-925A-EE9D0F9199D4}.alexlocal|Any CPU.ActiveCfg = Demo|Any CPU
		{9891496C-8512-4708-925A-EE9D0F9199D4}.alexlocal|Any CPU.Build.0 = Demo|Any CPU
		{9891496C-8512-4708-925A-EE9D0F9199D4}.Debug|Any CPU.ActiveCfg = Debug|Any CPU
		{9891496C-8512-4708-925A-EE9D0F9199D4}.Debug|Any CPU.Build.0 = Debug|Any CPU
		{9891496C-8512-4708-925A-EE9D0F9199D4}.Demo|Any CPU.ActiveCfg = Demo|Any CPU
		{9891496C-8512-4708-925A-EE9D0F9199D4}.Demo|Any CPU.Build.0 = Demo|Any CPU
		{9891496C-8512-4708-925A-EE9D0F9199D4}.Dev|Any CPU.ActiveCfg = Dev|Any CPU
		{9891496C-8512-4708-925A-EE9D0F9199D4}.Dev|Any CPU.Build.0 = Dev|Any CPU
		{9891496C-8512-4708-925A-EE9D0F9199D4}.Release|Any CPU.ActiveCfg = Release|Any CPU
		{9891496C-8512-4708-925A-EE9D0F9199D4}.Release|Any CPU.Build.0 = Release|Any CPU
		{F7BD7117-4F1D-4215-B338-61EBDD0D0BFE}.alexlocal|Any CPU.ActiveCfg = alexlocal|Any CPU
		{F7BD7117-4F1D-4215-B338-61EBDD0D0BFE}.alexlocal|Any CPU.Build.0 = alexlocal|Any CPU
		{F7BD7117-4F1D-4215-B338-61EBDD0D0BFE}.Debug|Any CPU.ActiveCfg = Debug|Any CPU
		{F7BD7117-4F1D-4215-B338-61EBDD0D0BFE}.Debug|Any CPU.Build.0 = Debug|Any CPU
		{F7BD7117-4F1D-4215-B338-61EBDD0D0BFE}.Demo|Any CPU.ActiveCfg = Demo|Any CPU
		{F7BD7117-4F1D-4215-B338-61EBDD0D0BFE}.Demo|Any CPU.Build.0 = Demo|Any CPU
		{F7BD7117-4F1D-4215-B338-61EBDD0D0BFE}.Dev|Any CPU.ActiveCfg = Dev|Any CPU
		{F7BD7117-4F1D-4215-B338-61EBDD0D0BFE}.Dev|Any CPU.Build.0 = Dev|Any CPU
		{F7BD7117-4F1D-4215-B338-61EBDD0D0BFE}.Release|Any CPU.ActiveCfg = Release|Any CPU
		{F7BD7117-4F1D-4215-B338-61EBDD0D0BFE}.Release|Any CPU.Build.0 = Release|Any CPU
		{1E8DD13A-846B-4C36-A9C4-5997C5FD74FF}.alexlocal|Any CPU.ActiveCfg = Demo|Any CPU
		{1E8DD13A-846B-4C36-A9C4-5997C5FD74FF}.alexlocal|Any CPU.Build.0 = Demo|Any CPU
		{1E8DD13A-846B-4C36-A9C4-5997C5FD74FF}.Debug|Any CPU.ActiveCfg = Debug|Any CPU
		{1E8DD13A-846B-4C36-A9C4-5997C5FD74FF}.Debug|Any CPU.Build.0 = Debug|Any CPU
		{1E8DD13A-846B-4C36-A9C4-5997C5FD74FF}.Demo|Any CPU.ActiveCfg = Demo|Any CPU
		{1E8DD13A-846B-4C36-A9C4-5997C5FD74FF}.Demo|Any CPU.Build.0 = Demo|Any CPU
		{1E8DD13A-846B-4C36-A9C4-5997C5FD74FF}.Dev|Any CPU.ActiveCfg = Dev|Any CPU
		{1E8DD13A-846B-4C36-A9C4-5997C5FD74FF}.Dev|Any CPU.Build.0 = Dev|Any CPU
		{1E8DD13A-846B-4C36-A9C4-5997C5FD74FF}.Release|Any CPU.ActiveCfg = Release|Any CPU
		{1E8DD13A-846B-4C36-A9C4-5997C5FD74FF}.Release|Any CPU.Build.0 = Release|Any CPU
		{BF96675E-6BAF-4AC9-B247-1551D62E8C44}.alexlocal|Any CPU.ActiveCfg = Dev|Any CPU
		{BF96675E-6BAF-4AC9-B247-1551D62E8C44}.alexlocal|Any CPU.Build.0 = Dev|Any CPU
		{BF96675E-6BAF-4AC9-B247-1551D62E8C44}.Debug|Any CPU.ActiveCfg = Debug|Any CPU
		{BF96675E-6BAF-4AC9-B247-1551D62E8C44}.Debug|Any CPU.Build.0 = Debug|Any CPU
		{BF96675E-6BAF-4AC9-B247-1551D62E8C44}.Demo|Any CPU.ActiveCfg = Dev|Any CPU
		{BF96675E-6BAF-4AC9-B247-1551D62E8C44}.Demo|Any CPU.Build.0 = Dev|Any CPU
		{BF96675E-6BAF-4AC9-B247-1551D62E8C44}.Dev|Any CPU.ActiveCfg = Dev|Any CPU
		{BF96675E-6BAF-4AC9-B247-1551D62E8C44}.Dev|Any CPU.Build.0 = Dev|Any CPU
		{BF96675E-6BAF-4AC9-B247-1551D62E8C44}.Release|Any CPU.ActiveCfg = Release|Any CPU
		{BF96675E-6BAF-4AC9-B247-1551D62E8C44}.Release|Any CPU.Build.0 = Release|Any CPU
		{BBA91AF2-7636-41B6-87C4-C1575AE8B04B}.alexlocal|Any CPU.ActiveCfg = Dev|Any CPU
		{BBA91AF2-7636-41B6-87C4-C1575AE8B04B}.alexlocal|Any CPU.Build.0 = Dev|Any CPU
		{BBA91AF2-7636-41B6-87C4-C1575AE8B04B}.Debug|Any CPU.ActiveCfg = Debug|Any CPU
		{BBA91AF2-7636-41B6-87C4-C1575AE8B04B}.Debug|Any CPU.Build.0 = Debug|Any CPU
		{BBA91AF2-7636-41B6-87C4-C1575AE8B04B}.Demo|Any CPU.ActiveCfg = Dev|Any CPU
		{BBA91AF2-7636-41B6-87C4-C1575AE8B04B}.Demo|Any CPU.Build.0 = Dev|Any CPU
		{BBA91AF2-7636-41B6-87C4-C1575AE8B04B}.Dev|Any CPU.ActiveCfg = Dev|Any CPU
		{BBA91AF2-7636-41B6-87C4-C1575AE8B04B}.Dev|Any CPU.Build.0 = Dev|Any CPU
		{BBA91AF2-7636-41B6-87C4-C1575AE8B04B}.Release|Any CPU.ActiveCfg = Release|Any CPU
		{BBA91AF2-7636-41B6-87C4-C1575AE8B04B}.Release|Any CPU.Build.0 = Release|Any CPU
		{0DCD9AAE-F141-4FAD-8E87-1C610F0582DB}.alexlocal|Any CPU.ActiveCfg = Demo|Any CPU
		{0DCD9AAE-F141-4FAD-8E87-1C610F0582DB}.alexlocal|Any CPU.Build.0 = Demo|Any CPU
		{0DCD9AAE-F141-4FAD-8E87-1C610F0582DB}.Debug|Any CPU.ActiveCfg = Debug|Any CPU
		{0DCD9AAE-F141-4FAD-8E87-1C610F0582DB}.Debug|Any CPU.Build.0 = Debug|Any CPU
		{0DCD9AAE-F141-4FAD-8E87-1C610F0582DB}.Demo|Any CPU.ActiveCfg = Demo|Any CPU
		{0DCD9AAE-F141-4FAD-8E87-1C610F0582DB}.Demo|Any CPU.Build.0 = Demo|Any CPU
		{0DCD9AAE-F141-4FAD-8E87-1C610F0582DB}.Dev|Any CPU.ActiveCfg = Dev|Any CPU
		{0DCD9AAE-F141-4FAD-8E87-1C610F0582DB}.Dev|Any CPU.Build.0 = Dev|Any CPU
		{0DCD9AAE-F141-4FAD-8E87-1C610F0582DB}.Release|Any CPU.ActiveCfg = Release|Any CPU
		{0DCD9AAE-F141-4FAD-8E87-1C610F0582DB}.Release|Any CPU.Build.0 = Release|Any CPU
		{3B0A3D34-D926-4356-BE31-809055FE835A}.alexlocal|Any CPU.ActiveCfg = Release|Any CPU
		{3B0A3D34-D926-4356-BE31-809055FE835A}.alexlocal|Any CPU.Build.0 = Release|Any CPU
		{3B0A3D34-D926-4356-BE31-809055FE835A}.Debug|Any CPU.ActiveCfg = Debug|Any CPU
		{3B0A3D34-D926-4356-BE31-809055FE835A}.Debug|Any CPU.Build.0 = Debug|Any CPU
		{3B0A3D34-D926-4356-BE31-809055FE835A}.Demo|Any CPU.ActiveCfg = Debug|Any CPU
		{3B0A3D34-D926-4356-BE31-809055FE835A}.Demo|Any CPU.Build.0 = Debug|Any CPU
		{3B0A3D34-D926-4356-BE31-809055FE835A}.Dev|Any CPU.ActiveCfg = Debug|Any CPU
		{3B0A3D34-D926-4356-BE31-809055FE835A}.Dev|Any CPU.Build.0 = Debug|Any CPU
		{3B0A3D34-D926-4356-BE31-809055FE835A}.Release|Any CPU.ActiveCfg = Release|Any CPU
		{3B0A3D34-D926-4356-BE31-809055FE835A}.Release|Any CPU.Build.0 = Release|Any CPU
		{89D763ED-3EA6-4303-AB29-3239095A4B06}.alexlocal|Any CPU.ActiveCfg = Demo|Any CPU
		{89D763ED-3EA6-4303-AB29-3239095A4B06}.alexlocal|Any CPU.Build.0 = Demo|Any CPU
		{89D763ED-3EA6-4303-AB29-3239095A4B06}.Debug|Any CPU.ActiveCfg = Debug|Any CPU
		{89D763ED-3EA6-4303-AB29-3239095A4B06}.Debug|Any CPU.Build.0 = Debug|Any CPU
		{89D763ED-3EA6-4303-AB29-3239095A4B06}.Demo|Any CPU.ActiveCfg = Demo|Any CPU
		{89D763ED-3EA6-4303-AB29-3239095A4B06}.Demo|Any CPU.Build.0 = Demo|Any CPU
		{89D763ED-3EA6-4303-AB29-3239095A4B06}.Dev|Any CPU.ActiveCfg = Dev|Any CPU
		{89D763ED-3EA6-4303-AB29-3239095A4B06}.Dev|Any CPU.Build.0 = Dev|Any CPU
		{89D763ED-3EA6-4303-AB29-3239095A4B06}.Release|Any CPU.ActiveCfg = Release|Any CPU
		{89D763ED-3EA6-4303-AB29-3239095A4B06}.Release|Any CPU.Build.0 = Release|Any CPU
		{F39EA7BE-25C2-45ED-91AC-29647EFFAD2B}.alexlocal|Any CPU.ActiveCfg = Demo|Any CPU
		{F39EA7BE-25C2-45ED-91AC-29647EFFAD2B}.alexlocal|Any CPU.Build.0 = Demo|Any CPU
		{F39EA7BE-25C2-45ED-91AC-29647EFFAD2B}.Debug|Any CPU.ActiveCfg = Debug|Any CPU
		{F39EA7BE-25C2-45ED-91AC-29647EFFAD2B}.Debug|Any CPU.Build.0 = Debug|Any CPU
		{F39EA7BE-25C2-45ED-91AC-29647EFFAD2B}.Demo|Any CPU.ActiveCfg = Demo|Any CPU
		{F39EA7BE-25C2-45ED-91AC-29647EFFAD2B}.Demo|Any CPU.Build.0 = Demo|Any CPU
		{F39EA7BE-25C2-45ED-91AC-29647EFFAD2B}.Dev|Any CPU.ActiveCfg = Dev|Any CPU
		{F39EA7BE-25C2-45ED-91AC-29647EFFAD2B}.Dev|Any CPU.Build.0 = Dev|Any CPU
		{F39EA7BE-25C2-45ED-91AC-29647EFFAD2B}.Release|Any CPU.ActiveCfg = Release|Any CPU
		{F39EA7BE-25C2-45ED-91AC-29647EFFAD2B}.Release|Any CPU.Build.0 = Release|Any CPU
		{D019B112-55A8-4661-AFF5-329F998D9E28}.alexlocal|Any CPU.ActiveCfg = Demo|Any CPU
		{D019B112-55A8-4661-AFF5-329F998D9E28}.alexlocal|Any CPU.Build.0 = Demo|Any CPU
		{D019B112-55A8-4661-AFF5-329F998D9E28}.Debug|Any CPU.ActiveCfg = Debug|Any CPU
		{D019B112-55A8-4661-AFF5-329F998D9E28}.Debug|Any CPU.Build.0 = Debug|Any CPU
		{D019B112-55A8-4661-AFF5-329F998D9E28}.Demo|Any CPU.ActiveCfg = Demo|Any CPU
		{D019B112-55A8-4661-AFF5-329F998D9E28}.Demo|Any CPU.Build.0 = Demo|Any CPU
		{D019B112-55A8-4661-AFF5-329F998D9E28}.Dev|Any CPU.ActiveCfg = Dev|Any CPU
		{D019B112-55A8-4661-AFF5-329F998D9E28}.Dev|Any CPU.Build.0 = Dev|Any CPU
		{D019B112-55A8-4661-AFF5-329F998D9E28}.Release|Any CPU.ActiveCfg = Release|Any CPU
		{D019B112-55A8-4661-AFF5-329F998D9E28}.Release|Any CPU.Build.0 = Release|Any CPU
		{36ED6F21-1A8F-4F07-A08A-A55639891E9B}.alexlocal|Any CPU.ActiveCfg = Demo|Any CPU
		{36ED6F21-1A8F-4F07-A08A-A55639891E9B}.alexlocal|Any CPU.Build.0 = Demo|Any CPU
		{36ED6F21-1A8F-4F07-A08A-A55639891E9B}.Debug|Any CPU.ActiveCfg = Debug|Any CPU
		{36ED6F21-1A8F-4F07-A08A-A55639891E9B}.Debug|Any CPU.Build.0 = Debug|Any CPU
		{36ED6F21-1A8F-4F07-A08A-A55639891E9B}.Demo|Any CPU.ActiveCfg = Demo|Any CPU
		{36ED6F21-1A8F-4F07-A08A-A55639891E9B}.Demo|Any CPU.Build.0 = Demo|Any CPU
		{36ED6F21-1A8F-4F07-A08A-A55639891E9B}.Dev|Any CPU.ActiveCfg = Dev|Any CPU
		{36ED6F21-1A8F-4F07-A08A-A55639891E9B}.Dev|Any CPU.Build.0 = Dev|Any CPU
		{36ED6F21-1A8F-4F07-A08A-A55639891E9B}.Release|Any CPU.ActiveCfg = Release|Any CPU
		{36ED6F21-1A8F-4F07-A08A-A55639891E9B}.Release|Any CPU.Build.0 = Release|Any CPU
		{19E2FDA9-D7AC-4365-A25A-4BBCAF8BE7FD}.alexlocal|Any CPU.ActiveCfg = Demo|Any CPU
		{19E2FDA9-D7AC-4365-A25A-4BBCAF8BE7FD}.alexlocal|Any CPU.Build.0 = Demo|Any CPU
		{19E2FDA9-D7AC-4365-A25A-4BBCAF8BE7FD}.Debug|Any CPU.ActiveCfg = Debug|Any CPU
		{19E2FDA9-D7AC-4365-A25A-4BBCAF8BE7FD}.Debug|Any CPU.Build.0 = Debug|Any CPU
		{19E2FDA9-D7AC-4365-A25A-4BBCAF8BE7FD}.Demo|Any CPU.ActiveCfg = Demo|Any CPU
		{19E2FDA9-D7AC-4365-A25A-4BBCAF8BE7FD}.Demo|Any CPU.Build.0 = Demo|Any CPU
		{19E2FDA9-D7AC-4365-A25A-4BBCAF8BE7FD}.Dev|Any CPU.ActiveCfg = Dev|Any CPU
		{19E2FDA9-D7AC-4365-A25A-4BBCAF8BE7FD}.Dev|Any CPU.Build.0 = Dev|Any CPU
		{19E2FDA9-D7AC-4365-A25A-4BBCAF8BE7FD}.Release|Any CPU.ActiveCfg = Release|Any CPU
		{19E2FDA9-D7AC-4365-A25A-4BBCAF8BE7FD}.Release|Any CPU.Build.0 = Release|Any CPU
		{3FA3E0E2-5B25-4481-9B9E-4E7F8A888445}.alexlocal|Any CPU.ActiveCfg = Demo|Any CPU
		{3FA3E0E2-5B25-4481-9B9E-4E7F8A888445}.alexlocal|Any CPU.Build.0 = Demo|Any CPU
		{3FA3E0E2-5B25-4481-9B9E-4E7F8A888445}.Debug|Any CPU.ActiveCfg = Debug|Any CPU
		{3FA3E0E2-5B25-4481-9B9E-4E7F8A888445}.Debug|Any CPU.Build.0 = Debug|Any CPU
		{3FA3E0E2-5B25-4481-9B9E-4E7F8A888445}.Demo|Any CPU.ActiveCfg = Demo|Any CPU
		{3FA3E0E2-5B25-4481-9B9E-4E7F8A888445}.Demo|Any CPU.Build.0 = Demo|Any CPU
		{3FA3E0E2-5B25-4481-9B9E-4E7F8A888445}.Dev|Any CPU.ActiveCfg = Dev|Any CPU
		{3FA3E0E2-5B25-4481-9B9E-4E7F8A888445}.Dev|Any CPU.Build.0 = Dev|Any CPU
		{3FA3E0E2-5B25-4481-9B9E-4E7F8A888445}.Release|Any CPU.ActiveCfg = Release|Any CPU
		{3FA3E0E2-5B25-4481-9B9E-4E7F8A888445}.Release|Any CPU.Build.0 = Release|Any CPU
		{84800565-B464-471D-8F02-1A93311C3388}.alexlocal|Any CPU.ActiveCfg = Dev|Any CPU
		{84800565-B464-471D-8F02-1A93311C3388}.alexlocal|Any CPU.Build.0 = Dev|Any CPU
		{84800565-B464-471D-8F02-1A93311C3388}.Debug|Any CPU.ActiveCfg = Debug|Any CPU
		{84800565-B464-471D-8F02-1A93311C3388}.Debug|Any CPU.Build.0 = Debug|Any CPU
		{84800565-B464-471D-8F02-1A93311C3388}.Demo|Any CPU.ActiveCfg = Demo|Any CPU
		{84800565-B464-471D-8F02-1A93311C3388}.Demo|Any CPU.Build.0 = Demo|Any CPU
		{84800565-B464-471D-8F02-1A93311C3388}.Dev|Any CPU.ActiveCfg = Dev|Any CPU
		{84800565-B464-471D-8F02-1A93311C3388}.Dev|Any CPU.Build.0 = Dev|Any CPU
		{84800565-B464-471D-8F02-1A93311C3388}.Release|Any CPU.ActiveCfg = Release|Any CPU
		{84800565-B464-471D-8F02-1A93311C3388}.Release|Any CPU.Build.0 = Release|Any CPU
		{1ABD6365-E04D-4971-8D0D-5364C896113F}.alexlocal|Any CPU.ActiveCfg = Dev|Any CPU
		{1ABD6365-E04D-4971-8D0D-5364C896113F}.alexlocal|Any CPU.Build.0 = Dev|Any CPU
		{1ABD6365-E04D-4971-8D0D-5364C896113F}.Debug|Any CPU.ActiveCfg = Debug|Any CPU
		{1ABD6365-E04D-4971-8D0D-5364C896113F}.Debug|Any CPU.Build.0 = Debug|Any CPU
		{1ABD6365-E04D-4971-8D0D-5364C896113F}.Demo|Any CPU.ActiveCfg = Demo|Any CPU
		{1ABD6365-E04D-4971-8D0D-5364C896113F}.Demo|Any CPU.Build.0 = Demo|Any CPU
		{1ABD6365-E04D-4971-8D0D-5364C896113F}.Dev|Any CPU.ActiveCfg = Dev|Any CPU
		{1ABD6365-E04D-4971-8D0D-5364C896113F}.Dev|Any CPU.Build.0 = Dev|Any CPU
		{1ABD6365-E04D-4971-8D0D-5364C896113F}.Release|Any CPU.ActiveCfg = Release|Any CPU
		{1ABD6365-E04D-4971-8D0D-5364C896113F}.Release|Any CPU.Build.0 = Release|Any CPU
		{4E04FEB2-B452-4739-8336-EA2CEFB18D87}.alexlocal|Any CPU.ActiveCfg = Demo|Any CPU
		{4E04FEB2-B452-4739-8336-EA2CEFB18D87}.alexlocal|Any CPU.Build.0 = Demo|Any CPU
		{4E04FEB2-B452-4739-8336-EA2CEFB18D87}.Debug|Any CPU.ActiveCfg = Debug|Any CPU
		{4E04FEB2-B452-4739-8336-EA2CEFB18D87}.Debug|Any CPU.Build.0 = Debug|Any CPU
		{4E04FEB2-B452-4739-8336-EA2CEFB18D87}.Demo|Any CPU.ActiveCfg = Demo|Any CPU
		{4E04FEB2-B452-4739-8336-EA2CEFB18D87}.Demo|Any CPU.Build.0 = Demo|Any CPU
		{4E04FEB2-B452-4739-8336-EA2CEFB18D87}.Dev|Any CPU.ActiveCfg = Dev|Any CPU
		{4E04FEB2-B452-4739-8336-EA2CEFB18D87}.Dev|Any CPU.Build.0 = Dev|Any CPU
		{4E04FEB2-B452-4739-8336-EA2CEFB18D87}.Release|Any CPU.ActiveCfg = Release|Any CPU
		{4E04FEB2-B452-4739-8336-EA2CEFB18D87}.Release|Any CPU.Build.0 = Release|Any CPU
		{A6E317FA-2EB0-4447-8ECD-6725F6B78435}.alexlocal|Any CPU.ActiveCfg = Demo|Any CPU
		{A6E317FA-2EB0-4447-8ECD-6725F6B78435}.alexlocal|Any CPU.Build.0 = Demo|Any CPU
		{A6E317FA-2EB0-4447-8ECD-6725F6B78435}.Debug|Any CPU.ActiveCfg = Debug|Any CPU
		{A6E317FA-2EB0-4447-8ECD-6725F6B78435}.Debug|Any CPU.Build.0 = Debug|Any CPU
		{A6E317FA-2EB0-4447-8ECD-6725F6B78435}.Demo|Any CPU.ActiveCfg = Demo|Any CPU
		{A6E317FA-2EB0-4447-8ECD-6725F6B78435}.Demo|Any CPU.Build.0 = Demo|Any CPU
		{A6E317FA-2EB0-4447-8ECD-6725F6B78435}.Dev|Any CPU.ActiveCfg = Dev|Any CPU
		{A6E317FA-2EB0-4447-8ECD-6725F6B78435}.Dev|Any CPU.Build.0 = Dev|Any CPU
		{A6E317FA-2EB0-4447-8ECD-6725F6B78435}.Release|Any CPU.ActiveCfg = Release|Any CPU
		{A6E317FA-2EB0-4447-8ECD-6725F6B78435}.Release|Any CPU.Build.0 = Release|Any CPU
		{CFBA4468-222F-4255-8D94-809ACBF7AC47}.alexlocal|Any CPU.ActiveCfg = Demo|Any CPU
		{CFBA4468-222F-4255-8D94-809ACBF7AC47}.alexlocal|Any CPU.Build.0 = Demo|Any CPU
		{CFBA4468-222F-4255-8D94-809ACBF7AC47}.Debug|Any CPU.ActiveCfg = Debug|Any CPU
		{CFBA4468-222F-4255-8D94-809ACBF7AC47}.Debug|Any CPU.Build.0 = Debug|Any CPU
		{CFBA4468-222F-4255-8D94-809ACBF7AC47}.Demo|Any CPU.ActiveCfg = Demo|Any CPU
		{CFBA4468-222F-4255-8D94-809ACBF7AC47}.Demo|Any CPU.Build.0 = Demo|Any CPU
		{CFBA4468-222F-4255-8D94-809ACBF7AC47}.Dev|Any CPU.ActiveCfg = Dev|Any CPU
		{CFBA4468-222F-4255-8D94-809ACBF7AC47}.Dev|Any CPU.Build.0 = Dev|Any CPU
		{CFBA4468-222F-4255-8D94-809ACBF7AC47}.Release|Any CPU.ActiveCfg = Release|Any CPU
		{CFBA4468-222F-4255-8D94-809ACBF7AC47}.Release|Any CPU.Build.0 = Release|Any CPU
		{42F21CE5-C8D1-4083-937B-951B92C2F93C}.alexlocal|Any CPU.ActiveCfg = Demo|Any CPU
		{42F21CE5-C8D1-4083-937B-951B92C2F93C}.alexlocal|Any CPU.Build.0 = Demo|Any CPU
		{42F21CE5-C8D1-4083-937B-951B92C2F93C}.Debug|Any CPU.ActiveCfg = Debug|Any CPU
		{42F21CE5-C8D1-4083-937B-951B92C2F93C}.Debug|Any CPU.Build.0 = Debug|Any CPU
		{42F21CE5-C8D1-4083-937B-951B92C2F93C}.Demo|Any CPU.ActiveCfg = Demo|Any CPU
		{42F21CE5-C8D1-4083-937B-951B92C2F93C}.Demo|Any CPU.Build.0 = Demo|Any CPU
		{42F21CE5-C8D1-4083-937B-951B92C2F93C}.Dev|Any CPU.ActiveCfg = Dev|Any CPU
		{42F21CE5-C8D1-4083-937B-951B92C2F93C}.Dev|Any CPU.Build.0 = Dev|Any CPU
		{42F21CE5-C8D1-4083-937B-951B92C2F93C}.Release|Any CPU.ActiveCfg = Release|Any CPU
		{42F21CE5-C8D1-4083-937B-951B92C2F93C}.Release|Any CPU.Build.0 = Release|Any CPU
		{57373D06-6B82-4EC6-AF62-ED25FE170C61}.alexlocal|Any CPU.ActiveCfg = Demo|Any CPU
		{57373D06-6B82-4EC6-AF62-ED25FE170C61}.alexlocal|Any CPU.Build.0 = Demo|Any CPU
		{57373D06-6B82-4EC6-AF62-ED25FE170C61}.Debug|Any CPU.ActiveCfg = Debug|Any CPU
		{57373D06-6B82-4EC6-AF62-ED25FE170C61}.Debug|Any CPU.Build.0 = Debug|Any CPU
		{57373D06-6B82-4EC6-AF62-ED25FE170C61}.Demo|Any CPU.ActiveCfg = Demo|Any CPU
		{57373D06-6B82-4EC6-AF62-ED25FE170C61}.Demo|Any CPU.Build.0 = Demo|Any CPU
		{57373D06-6B82-4EC6-AF62-ED25FE170C61}.Dev|Any CPU.ActiveCfg = Dev|Any CPU
		{57373D06-6B82-4EC6-AF62-ED25FE170C61}.Dev|Any CPU.Build.0 = Dev|Any CPU
		{57373D06-6B82-4EC6-AF62-ED25FE170C61}.Release|Any CPU.ActiveCfg = Release|Any CPU
		{57373D06-6B82-4EC6-AF62-ED25FE170C61}.Release|Any CPU.Build.0 = Release|Any CPU
		{A854EB96-B28A-42FC-8209-3E5E9D6B208C}.alexlocal|Any CPU.ActiveCfg = Demo|Any CPU
		{A854EB96-B28A-42FC-8209-3E5E9D6B208C}.alexlocal|Any CPU.Build.0 = Demo|Any CPU
		{A854EB96-B28A-42FC-8209-3E5E9D6B208C}.Debug|Any CPU.ActiveCfg = Debug|Any CPU
		{A854EB96-B28A-42FC-8209-3E5E9D6B208C}.Debug|Any CPU.Build.0 = Debug|Any CPU
		{A854EB96-B28A-42FC-8209-3E5E9D6B208C}.Demo|Any CPU.ActiveCfg = Demo|Any CPU
		{A854EB96-B28A-42FC-8209-3E5E9D6B208C}.Demo|Any CPU.Build.0 = Demo|Any CPU
		{A854EB96-B28A-42FC-8209-3E5E9D6B208C}.Dev|Any CPU.ActiveCfg = Dev|Any CPU
		{A854EB96-B28A-42FC-8209-3E5E9D6B208C}.Dev|Any CPU.Build.0 = Dev|Any CPU
		{A854EB96-B28A-42FC-8209-3E5E9D6B208C}.Release|Any CPU.ActiveCfg = Release|Any CPU
		{A854EB96-B28A-42FC-8209-3E5E9D6B208C}.Release|Any CPU.Build.0 = Release|Any CPU
		{C982A6FE-6FD4-47FA-A69D-91FFA80FEDAA}.alexlocal|Any CPU.ActiveCfg = Demo|Any CPU
		{C982A6FE-6FD4-47FA-A69D-91FFA80FEDAA}.alexlocal|Any CPU.Build.0 = Demo|Any CPU
		{C982A6FE-6FD4-47FA-A69D-91FFA80FEDAA}.Debug|Any CPU.ActiveCfg = Debug|Any CPU
		{C982A6FE-6FD4-47FA-A69D-91FFA80FEDAA}.Debug|Any CPU.Build.0 = Debug|Any CPU
		{C982A6FE-6FD4-47FA-A69D-91FFA80FEDAA}.Demo|Any CPU.ActiveCfg = Demo|Any CPU
		{C982A6FE-6FD4-47FA-A69D-91FFA80FEDAA}.Demo|Any CPU.Build.0 = Demo|Any CPU
		{C982A6FE-6FD4-47FA-A69D-91FFA80FEDAA}.Dev|Any CPU.ActiveCfg = Dev|Any CPU
		{C982A6FE-6FD4-47FA-A69D-91FFA80FEDAA}.Dev|Any CPU.Build.0 = Dev|Any CPU
		{C982A6FE-6FD4-47FA-A69D-91FFA80FEDAA}.Release|Any CPU.ActiveCfg = Release|Any CPU
		{C982A6FE-6FD4-47FA-A69D-91FFA80FEDAA}.Release|Any CPU.Build.0 = Release|Any CPU
		{380C028E-2623-4207-B8AF-F21B92183ED8}.alexlocal|Any CPU.ActiveCfg = Dev|Any CPU
		{380C028E-2623-4207-B8AF-F21B92183ED8}.alexlocal|Any CPU.Build.0 = Dev|Any CPU
		{380C028E-2623-4207-B8AF-F21B92183ED8}.Debug|Any CPU.ActiveCfg = Debug|Any CPU
		{380C028E-2623-4207-B8AF-F21B92183ED8}.Debug|Any CPU.Build.0 = Debug|Any CPU
		{380C028E-2623-4207-B8AF-F21B92183ED8}.Demo|Any CPU.ActiveCfg = Dev|Any CPU
		{380C028E-2623-4207-B8AF-F21B92183ED8}.Demo|Any CPU.Build.0 = Dev|Any CPU
		{380C028E-2623-4207-B8AF-F21B92183ED8}.Dev|Any CPU.ActiveCfg = Dev|Any CPU
		{380C028E-2623-4207-B8AF-F21B92183ED8}.Dev|Any CPU.Build.0 = Dev|Any CPU
		{380C028E-2623-4207-B8AF-F21B92183ED8}.Release|Any CPU.ActiveCfg = Release|Any CPU
		{380C028E-2623-4207-B8AF-F21B92183ED8}.Release|Any CPU.Build.0 = Release|Any CPU
		{AD226A7F-0641-4589-93EB-06E5EE7E767B}.alexlocal|Any CPU.ActiveCfg = Demo|Any CPU
		{AD226A7F-0641-4589-93EB-06E5EE7E767B}.alexlocal|Any CPU.Build.0 = Demo|Any CPU
		{AD226A7F-0641-4589-93EB-06E5EE7E767B}.Debug|Any CPU.ActiveCfg = Debug|Any CPU
		{AD226A7F-0641-4589-93EB-06E5EE7E767B}.Debug|Any CPU.Build.0 = Debug|Any CPU
		{AD226A7F-0641-4589-93EB-06E5EE7E767B}.Demo|Any CPU.ActiveCfg = Demo|Any CPU
		{AD226A7F-0641-4589-93EB-06E5EE7E767B}.Demo|Any CPU.Build.0 = Demo|Any CPU
		{AD226A7F-0641-4589-93EB-06E5EE7E767B}.Dev|Any CPU.ActiveCfg = Dev|Any CPU
		{AD226A7F-0641-4589-93EB-06E5EE7E767B}.Dev|Any CPU.Build.0 = Dev|Any CPU
		{AD226A7F-0641-4589-93EB-06E5EE7E767B}.Release|Any CPU.ActiveCfg = Release|Any CPU
		{AD226A7F-0641-4589-93EB-06E5EE7E767B}.Release|Any CPU.Build.0 = Release|Any CPU
		{6C3090FC-50D2-4A7E-9B29-EAB9D8802F42}.alexlocal|Any CPU.ActiveCfg = Demo|Any CPU
		{6C3090FC-50D2-4A7E-9B29-EAB9D8802F42}.alexlocal|Any CPU.Build.0 = Demo|Any CPU
		{6C3090FC-50D2-4A7E-9B29-EAB9D8802F42}.Debug|Any CPU.ActiveCfg = Debug|Any CPU
		{6C3090FC-50D2-4A7E-9B29-EAB9D8802F42}.Debug|Any CPU.Build.0 = Debug|Any CPU
		{6C3090FC-50D2-4A7E-9B29-EAB9D8802F42}.Demo|Any CPU.ActiveCfg = Demo|Any CPU
		{6C3090FC-50D2-4A7E-9B29-EAB9D8802F42}.Demo|Any CPU.Build.0 = Demo|Any CPU
		{6C3090FC-50D2-4A7E-9B29-EAB9D8802F42}.Dev|Any CPU.ActiveCfg = Dev|Any CPU
		{6C3090FC-50D2-4A7E-9B29-EAB9D8802F42}.Dev|Any CPU.Build.0 = Dev|Any CPU
		{6C3090FC-50D2-4A7E-9B29-EAB9D8802F42}.Release|Any CPU.ActiveCfg = Release|Any CPU
		{6C3090FC-50D2-4A7E-9B29-EAB9D8802F42}.Release|Any CPU.Build.0 = Release|Any CPU
		{CDDCCFAB-28B8-446C-8585-72D2BB78F2DC}.alexlocal|Any CPU.ActiveCfg = Demo|Any CPU
		{CDDCCFAB-28B8-446C-8585-72D2BB78F2DC}.alexlocal|Any CPU.Build.0 = Demo|Any CPU
		{CDDCCFAB-28B8-446C-8585-72D2BB78F2DC}.Debug|Any CPU.ActiveCfg = Debug|Any CPU
		{CDDCCFAB-28B8-446C-8585-72D2BB78F2DC}.Debug|Any CPU.Build.0 = Debug|Any CPU
		{CDDCCFAB-28B8-446C-8585-72D2BB78F2DC}.Demo|Any CPU.ActiveCfg = Demo|Any CPU
		{CDDCCFAB-28B8-446C-8585-72D2BB78F2DC}.Demo|Any CPU.Build.0 = Demo|Any CPU
		{CDDCCFAB-28B8-446C-8585-72D2BB78F2DC}.Dev|Any CPU.ActiveCfg = Dev|Any CPU
		{CDDCCFAB-28B8-446C-8585-72D2BB78F2DC}.Dev|Any CPU.Build.0 = Dev|Any CPU
		{CDDCCFAB-28B8-446C-8585-72D2BB78F2DC}.Release|Any CPU.ActiveCfg = Release|Any CPU
		{CDDCCFAB-28B8-446C-8585-72D2BB78F2DC}.Release|Any CPU.Build.0 = Release|Any CPU
		{62219AA6-9276-4935-B934-F0F50ECEF6FB}.alexlocal|Any CPU.ActiveCfg = Demo|Any CPU
		{62219AA6-9276-4935-B934-F0F50ECEF6FB}.alexlocal|Any CPU.Build.0 = Demo|Any CPU
		{62219AA6-9276-4935-B934-F0F50ECEF6FB}.Debug|Any CPU.ActiveCfg = Debug|Any CPU
		{62219AA6-9276-4935-B934-F0F50ECEF6FB}.Debug|Any CPU.Build.0 = Debug|Any CPU
		{62219AA6-9276-4935-B934-F0F50ECEF6FB}.Demo|Any CPU.ActiveCfg = Demo|Any CPU
		{62219AA6-9276-4935-B934-F0F50ECEF6FB}.Demo|Any CPU.Build.0 = Demo|Any CPU
		{62219AA6-9276-4935-B934-F0F50ECEF6FB}.Dev|Any CPU.ActiveCfg = Dev|Any CPU
		{62219AA6-9276-4935-B934-F0F50ECEF6FB}.Dev|Any CPU.Build.0 = Dev|Any CPU
		{62219AA6-9276-4935-B934-F0F50ECEF6FB}.Release|Any CPU.ActiveCfg = Release|Any CPU
		{62219AA6-9276-4935-B934-F0F50ECEF6FB}.Release|Any CPU.Build.0 = Release|Any CPU
		{26C15DC0-73CA-46E3-AEBA-17353C59C2F3}.alexlocal|Any CPU.ActiveCfg = Demo|Any CPU
		{26C15DC0-73CA-46E3-AEBA-17353C59C2F3}.alexlocal|Any CPU.Build.0 = Demo|Any CPU
		{26C15DC0-73CA-46E3-AEBA-17353C59C2F3}.Debug|Any CPU.ActiveCfg = Debug|Any CPU
		{26C15DC0-73CA-46E3-AEBA-17353C59C2F3}.Debug|Any CPU.Build.0 = Debug|Any CPU
		{26C15DC0-73CA-46E3-AEBA-17353C59C2F3}.Demo|Any CPU.ActiveCfg = Demo|Any CPU
		{26C15DC0-73CA-46E3-AEBA-17353C59C2F3}.Demo|Any CPU.Build.0 = Demo|Any CPU
		{26C15DC0-73CA-46E3-AEBA-17353C59C2F3}.Dev|Any CPU.ActiveCfg = Dev|Any CPU
		{26C15DC0-73CA-46E3-AEBA-17353C59C2F3}.Dev|Any CPU.Build.0 = Dev|Any CPU
		{26C15DC0-73CA-46E3-AEBA-17353C59C2F3}.Release|Any CPU.ActiveCfg = Release|Any CPU
		{26C15DC0-73CA-46E3-AEBA-17353C59C2F3}.Release|Any CPU.Build.0 = Release|Any CPU
		{D0BBF260-AD17-41BF-9E11-6EA0CC8308E1}.alexlocal|Any CPU.ActiveCfg = Demo|Any CPU
		{D0BBF260-AD17-41BF-9E11-6EA0CC8308E1}.alexlocal|Any CPU.Build.0 = Demo|Any CPU
		{D0BBF260-AD17-41BF-9E11-6EA0CC8308E1}.Debug|Any CPU.ActiveCfg = Debug|Any CPU
		{D0BBF260-AD17-41BF-9E11-6EA0CC8308E1}.Debug|Any CPU.Build.0 = Debug|Any CPU
		{D0BBF260-AD17-41BF-9E11-6EA0CC8308E1}.Demo|Any CPU.ActiveCfg = Demo|Any CPU
		{D0BBF260-AD17-41BF-9E11-6EA0CC8308E1}.Demo|Any CPU.Build.0 = Demo|Any CPU
		{D0BBF260-AD17-41BF-9E11-6EA0CC8308E1}.Dev|Any CPU.ActiveCfg = Dev|Any CPU
		{D0BBF260-AD17-41BF-9E11-6EA0CC8308E1}.Dev|Any CPU.Build.0 = Dev|Any CPU
		{D0BBF260-AD17-41BF-9E11-6EA0CC8308E1}.Release|Any CPU.ActiveCfg = Release|Any CPU
		{D0BBF260-AD17-41BF-9E11-6EA0CC8308E1}.Release|Any CPU.Build.0 = Release|Any CPU
		{74D9BDC7-7B46-456F-B3C5-A4CDB5D74D7B}.alexlocal|Any CPU.ActiveCfg = Demo|Any CPU
		{74D9BDC7-7B46-456F-B3C5-A4CDB5D74D7B}.alexlocal|Any CPU.Build.0 = Demo|Any CPU
		{74D9BDC7-7B46-456F-B3C5-A4CDB5D74D7B}.Debug|Any CPU.ActiveCfg = Debug|Any CPU
		{74D9BDC7-7B46-456F-B3C5-A4CDB5D74D7B}.Debug|Any CPU.Build.0 = Debug|Any CPU
		{74D9BDC7-7B46-456F-B3C5-A4CDB5D74D7B}.Demo|Any CPU.ActiveCfg = Demo|Any CPU
		{74D9BDC7-7B46-456F-B3C5-A4CDB5D74D7B}.Demo|Any CPU.Build.0 = Demo|Any CPU
		{74D9BDC7-7B46-456F-B3C5-A4CDB5D74D7B}.Dev|Any CPU.ActiveCfg = Dev|Any CPU
		{74D9BDC7-7B46-456F-B3C5-A4CDB5D74D7B}.Dev|Any CPU.Build.0 = Dev|Any CPU
		{74D9BDC7-7B46-456F-B3C5-A4CDB5D74D7B}.Release|Any CPU.ActiveCfg = Release|Any CPU
		{74D9BDC7-7B46-456F-B3C5-A4CDB5D74D7B}.Release|Any CPU.Build.0 = Release|Any CPU
		{8F5BE349-6D11-44AD-A1CC-B5BB5EB4B179}.alexlocal|Any CPU.ActiveCfg = Demo|Any CPU
		{8F5BE349-6D11-44AD-A1CC-B5BB5EB4B179}.alexlocal|Any CPU.Build.0 = Demo|Any CPU
		{8F5BE349-6D11-44AD-A1CC-B5BB5EB4B179}.Debug|Any CPU.ActiveCfg = Debug|Any CPU
		{8F5BE349-6D11-44AD-A1CC-B5BB5EB4B179}.Debug|Any CPU.Build.0 = Debug|Any CPU
		{8F5BE349-6D11-44AD-A1CC-B5BB5EB4B179}.Demo|Any CPU.ActiveCfg = Demo|Any CPU
		{8F5BE349-6D11-44AD-A1CC-B5BB5EB4B179}.Demo|Any CPU.Build.0 = Demo|Any CPU
		{8F5BE349-6D11-44AD-A1CC-B5BB5EB4B179}.Dev|Any CPU.ActiveCfg = Dev|Any CPU
		{8F5BE349-6D11-44AD-A1CC-B5BB5EB4B179}.Dev|Any CPU.Build.0 = Dev|Any CPU
		{8F5BE349-6D11-44AD-A1CC-B5BB5EB4B179}.Release|Any CPU.ActiveCfg = Release|Any CPU
		{8F5BE349-6D11-44AD-A1CC-B5BB5EB4B179}.Release|Any CPU.Build.0 = Release|Any CPU
		{3D4116CE-63DD-406C-8235-0115A8FA90F1}.alexlocal|Any CPU.ActiveCfg = Demo|Any CPU
		{3D4116CE-63DD-406C-8235-0115A8FA90F1}.alexlocal|Any CPU.Build.0 = Demo|Any CPU
		{3D4116CE-63DD-406C-8235-0115A8FA90F1}.Debug|Any CPU.ActiveCfg = Debug|Any CPU
		{3D4116CE-63DD-406C-8235-0115A8FA90F1}.Debug|Any CPU.Build.0 = Debug|Any CPU
		{3D4116CE-63DD-406C-8235-0115A8FA90F1}.Demo|Any CPU.ActiveCfg = Demo|Any CPU
		{3D4116CE-63DD-406C-8235-0115A8FA90F1}.Demo|Any CPU.Build.0 = Demo|Any CPU
		{3D4116CE-63DD-406C-8235-0115A8FA90F1}.Dev|Any CPU.ActiveCfg = Dev|Any CPU
		{3D4116CE-63DD-406C-8235-0115A8FA90F1}.Dev|Any CPU.Build.0 = Dev|Any CPU
		{3D4116CE-63DD-406C-8235-0115A8FA90F1}.Release|Any CPU.ActiveCfg = Release|Any CPU
		{3D4116CE-63DD-406C-8235-0115A8FA90F1}.Release|Any CPU.Build.0 = Release|Any CPU
		{6367B304-3E18-4DA6-A7E7-0893DA806953}.alexlocal|Any CPU.ActiveCfg = Demo|Any CPU
		{6367B304-3E18-4DA6-A7E7-0893DA806953}.alexlocal|Any CPU.Build.0 = Demo|Any CPU
		{6367B304-3E18-4DA6-A7E7-0893DA806953}.Debug|Any CPU.ActiveCfg = Debug|Any CPU
		{6367B304-3E18-4DA6-A7E7-0893DA806953}.Debug|Any CPU.Build.0 = Debug|Any CPU
		{6367B304-3E18-4DA6-A7E7-0893DA806953}.Demo|Any CPU.ActiveCfg = Demo|Any CPU
		{6367B304-3E18-4DA6-A7E7-0893DA806953}.Demo|Any CPU.Build.0 = Demo|Any CPU
		{6367B304-3E18-4DA6-A7E7-0893DA806953}.Dev|Any CPU.ActiveCfg = Dev|Any CPU
		{6367B304-3E18-4DA6-A7E7-0893DA806953}.Dev|Any CPU.Build.0 = Dev|Any CPU
		{6367B304-3E18-4DA6-A7E7-0893DA806953}.Release|Any CPU.ActiveCfg = Release|Any CPU
		{6367B304-3E18-4DA6-A7E7-0893DA806953}.Release|Any CPU.Build.0 = Release|Any CPU
		{85CB0215-96DF-4C38-A022-1BE6C952813B}.alexlocal|Any CPU.ActiveCfg = Demo|Any CPU
		{85CB0215-96DF-4C38-A022-1BE6C952813B}.alexlocal|Any CPU.Build.0 = Demo|Any CPU
		{85CB0215-96DF-4C38-A022-1BE6C952813B}.Debug|Any CPU.ActiveCfg = Debug|Any CPU
		{85CB0215-96DF-4C38-A022-1BE6C952813B}.Debug|Any CPU.Build.0 = Debug|Any CPU
		{85CB0215-96DF-4C38-A022-1BE6C952813B}.Demo|Any CPU.ActiveCfg = Demo|Any CPU
		{85CB0215-96DF-4C38-A022-1BE6C952813B}.Demo|Any CPU.Build.0 = Demo|Any CPU
		{85CB0215-96DF-4C38-A022-1BE6C952813B}.Dev|Any CPU.ActiveCfg = Dev|Any CPU
		{85CB0215-96DF-4C38-A022-1BE6C952813B}.Dev|Any CPU.Build.0 = Dev|Any CPU
		{85CB0215-96DF-4C38-A022-1BE6C952813B}.Release|Any CPU.ActiveCfg = Release|Any CPU
		{85CB0215-96DF-4C38-A022-1BE6C952813B}.Release|Any CPU.Build.0 = Release|Any CPU
		{FDA06158-A81E-46B4-9F25-5AB76DFD400A}.alexlocal|Any CPU.ActiveCfg = Demo|Any CPU
		{FDA06158-A81E-46B4-9F25-5AB76DFD400A}.alexlocal|Any CPU.Build.0 = Demo|Any CPU
		{FDA06158-A81E-46B4-9F25-5AB76DFD400A}.Debug|Any CPU.ActiveCfg = Debug|Any CPU
		{FDA06158-A81E-46B4-9F25-5AB76DFD400A}.Debug|Any CPU.Build.0 = Debug|Any CPU
		{FDA06158-A81E-46B4-9F25-5AB76DFD400A}.Demo|Any CPU.ActiveCfg = Demo|Any CPU
		{FDA06158-A81E-46B4-9F25-5AB76DFD400A}.Demo|Any CPU.Build.0 = Demo|Any CPU
		{FDA06158-A81E-46B4-9F25-5AB76DFD400A}.Dev|Any CPU.ActiveCfg = Dev|Any CPU
		{FDA06158-A81E-46B4-9F25-5AB76DFD400A}.Dev|Any CPU.Build.0 = Dev|Any CPU
		{FDA06158-A81E-46B4-9F25-5AB76DFD400A}.Release|Any CPU.ActiveCfg = Release|Any CPU
		{FDA06158-A81E-46B4-9F25-5AB76DFD400A}.Release|Any CPU.Build.0 = Release|Any CPU
		{1E1AB01B-F6AB-4420-BF1D-5E6EF41D76BF}.alexlocal|Any CPU.ActiveCfg = Demo|Any CPU
		{1E1AB01B-F6AB-4420-BF1D-5E6EF41D76BF}.alexlocal|Any CPU.Build.0 = Demo|Any CPU
		{1E1AB01B-F6AB-4420-BF1D-5E6EF41D76BF}.Debug|Any CPU.ActiveCfg = Debug|Any CPU
		{1E1AB01B-F6AB-4420-BF1D-5E6EF41D76BF}.Debug|Any CPU.Build.0 = Debug|Any CPU
		{1E1AB01B-F6AB-4420-BF1D-5E6EF41D76BF}.Demo|Any CPU.ActiveCfg = Demo|Any CPU
		{1E1AB01B-F6AB-4420-BF1D-5E6EF41D76BF}.Demo|Any CPU.Build.0 = Demo|Any CPU
		{1E1AB01B-F6AB-4420-BF1D-5E6EF41D76BF}.Dev|Any CPU.ActiveCfg = Dev|Any CPU
		{1E1AB01B-F6AB-4420-BF1D-5E6EF41D76BF}.Dev|Any CPU.Build.0 = Dev|Any CPU
		{1E1AB01B-F6AB-4420-BF1D-5E6EF41D76BF}.Release|Any CPU.ActiveCfg = Release|Any CPU
		{1E1AB01B-F6AB-4420-BF1D-5E6EF41D76BF}.Release|Any CPU.Build.0 = Release|Any CPU
		{EE3E1E99-175F-4507-96DA-421FCD0F6D9E}.alexlocal|Any CPU.ActiveCfg = Demo|Any CPU
		{EE3E1E99-175F-4507-96DA-421FCD0F6D9E}.alexlocal|Any CPU.Build.0 = Demo|Any CPU
		{EE3E1E99-175F-4507-96DA-421FCD0F6D9E}.Debug|Any CPU.ActiveCfg = Debug|Any CPU
		{EE3E1E99-175F-4507-96DA-421FCD0F6D9E}.Debug|Any CPU.Build.0 = Debug|Any CPU
		{EE3E1E99-175F-4507-96DA-421FCD0F6D9E}.Demo|Any CPU.ActiveCfg = Demo|Any CPU
		{EE3E1E99-175F-4507-96DA-421FCD0F6D9E}.Demo|Any CPU.Build.0 = Demo|Any CPU
		{EE3E1E99-175F-4507-96DA-421FCD0F6D9E}.Dev|Any CPU.ActiveCfg = Dev|Any CPU
		{EE3E1E99-175F-4507-96DA-421FCD0F6D9E}.Dev|Any CPU.Build.0 = Dev|Any CPU
		{EE3E1E99-175F-4507-96DA-421FCD0F6D9E}.Release|Any CPU.ActiveCfg = Release|Any CPU
		{EE3E1E99-175F-4507-96DA-421FCD0F6D9E}.Release|Any CPU.Build.0 = Release|Any CPU
		{FA105E66-8756-4F57-8230-2A52BFEBDDC6}.alexlocal|Any CPU.ActiveCfg = Demo|Any CPU
		{FA105E66-8756-4F57-8230-2A52BFEBDDC6}.alexlocal|Any CPU.Build.0 = Demo|Any CPU
		{FA105E66-8756-4F57-8230-2A52BFEBDDC6}.Debug|Any CPU.ActiveCfg = Debug|Any CPU
		{FA105E66-8756-4F57-8230-2A52BFEBDDC6}.Debug|Any CPU.Build.0 = Debug|Any CPU
		{FA105E66-8756-4F57-8230-2A52BFEBDDC6}.Demo|Any CPU.ActiveCfg = Demo|Any CPU
		{FA105E66-8756-4F57-8230-2A52BFEBDDC6}.Demo|Any CPU.Build.0 = Demo|Any CPU
		{FA105E66-8756-4F57-8230-2A52BFEBDDC6}.Dev|Any CPU.ActiveCfg = Dev|Any CPU
		{FA105E66-8756-4F57-8230-2A52BFEBDDC6}.Dev|Any CPU.Build.0 = Dev|Any CPU
		{FA105E66-8756-4F57-8230-2A52BFEBDDC6}.Release|Any CPU.ActiveCfg = Release|Any CPU
		{FA105E66-8756-4F57-8230-2A52BFEBDDC6}.Release|Any CPU.Build.0 = Release|Any CPU
		{E46B602A-287B-450F-B455-5EED20C93EB7}.alexlocal|Any CPU.ActiveCfg = Dev|Any CPU
		{E46B602A-287B-450F-B455-5EED20C93EB7}.alexlocal|Any CPU.Build.0 = Dev|Any CPU
		{E46B602A-287B-450F-B455-5EED20C93EB7}.Debug|Any CPU.ActiveCfg = Debug|Any CPU
		{E46B602A-287B-450F-B455-5EED20C93EB7}.Debug|Any CPU.Build.0 = Debug|Any CPU
		{E46B602A-287B-450F-B455-5EED20C93EB7}.Demo|Any CPU.ActiveCfg = Demo|Any CPU
		{E46B602A-287B-450F-B455-5EED20C93EB7}.Demo|Any CPU.Build.0 = Demo|Any CPU
		{E46B602A-287B-450F-B455-5EED20C93EB7}.Dev|Any CPU.ActiveCfg = Dev|Any CPU
		{E46B602A-287B-450F-B455-5EED20C93EB7}.Dev|Any CPU.Build.0 = Dev|Any CPU
		{E46B602A-287B-450F-B455-5EED20C93EB7}.Release|Any CPU.ActiveCfg = Release|Any CPU
		{E46B602A-287B-450F-B455-5EED20C93EB7}.Release|Any CPU.Build.0 = Release|Any CPU
		{990DB8CB-AAD6-42FE-940D-3A731DF56ABE}.alexlocal|Any CPU.ActiveCfg = Demo|Any CPU
		{990DB8CB-AAD6-42FE-940D-3A731DF56ABE}.alexlocal|Any CPU.Build.0 = Demo|Any CPU
		{990DB8CB-AAD6-42FE-940D-3A731DF56ABE}.Debug|Any CPU.ActiveCfg = Debug|Any CPU
		{990DB8CB-AAD6-42FE-940D-3A731DF56ABE}.Debug|Any CPU.Build.0 = Debug|Any CPU
		{990DB8CB-AAD6-42FE-940D-3A731DF56ABE}.Demo|Any CPU.ActiveCfg = Demo|Any CPU
		{990DB8CB-AAD6-42FE-940D-3A731DF56ABE}.Demo|Any CPU.Build.0 = Demo|Any CPU
		{990DB8CB-AAD6-42FE-940D-3A731DF56ABE}.Dev|Any CPU.ActiveCfg = Dev|Any CPU
		{990DB8CB-AAD6-42FE-940D-3A731DF56ABE}.Dev|Any CPU.Build.0 = Dev|Any CPU
		{990DB8CB-AAD6-42FE-940D-3A731DF56ABE}.Release|Any CPU.ActiveCfg = Release|Any CPU
		{990DB8CB-AAD6-42FE-940D-3A731DF56ABE}.Release|Any CPU.Build.0 = Release|Any CPU
		{1246A6D6-FB9D-4564-8E86-A9F14A7AD177}.alexlocal|Any CPU.ActiveCfg = Demo|Any CPU
		{1246A6D6-FB9D-4564-8E86-A9F14A7AD177}.alexlocal|Any CPU.Build.0 = Demo|Any CPU
		{1246A6D6-FB9D-4564-8E86-A9F14A7AD177}.Debug|Any CPU.ActiveCfg = Debug|Any CPU
		{1246A6D6-FB9D-4564-8E86-A9F14A7AD177}.Debug|Any CPU.Build.0 = Debug|Any CPU
		{1246A6D6-FB9D-4564-8E86-A9F14A7AD177}.Demo|Any CPU.ActiveCfg = Demo|Any CPU
		{1246A6D6-FB9D-4564-8E86-A9F14A7AD177}.Demo|Any CPU.Build.0 = Demo|Any CPU
		{1246A6D6-FB9D-4564-8E86-A9F14A7AD177}.Dev|Any CPU.ActiveCfg = Dev|Any CPU
		{1246A6D6-FB9D-4564-8E86-A9F14A7AD177}.Dev|Any CPU.Build.0 = Dev|Any CPU
		{1246A6D6-FB9D-4564-8E86-A9F14A7AD177}.Release|Any CPU.ActiveCfg = Release|Any CPU
		{1246A6D6-FB9D-4564-8E86-A9F14A7AD177}.Release|Any CPU.Build.0 = Release|Any CPU
		{5FB0ADC8-24C7-4B32-A4D2-AFA31B0BAAA7}.alexlocal|Any CPU.ActiveCfg = Dev|Any CPU
		{5FB0ADC8-24C7-4B32-A4D2-AFA31B0BAAA7}.alexlocal|Any CPU.Build.0 = Dev|Any CPU
		{5FB0ADC8-24C7-4B32-A4D2-AFA31B0BAAA7}.Debug|Any CPU.ActiveCfg = Debug|Any CPU
		{5FB0ADC8-24C7-4B32-A4D2-AFA31B0BAAA7}.Debug|Any CPU.Build.0 = Debug|Any CPU
		{5FB0ADC8-24C7-4B32-A4D2-AFA31B0BAAA7}.Demo|Any CPU.ActiveCfg = Demo|Any CPU
		{5FB0ADC8-24C7-4B32-A4D2-AFA31B0BAAA7}.Demo|Any CPU.Build.0 = Demo|Any CPU
		{5FB0ADC8-24C7-4B32-A4D2-AFA31B0BAAA7}.Dev|Any CPU.ActiveCfg = Dev|Any CPU
		{5FB0ADC8-24C7-4B32-A4D2-AFA31B0BAAA7}.Dev|Any CPU.Build.0 = Dev|Any CPU
		{5FB0ADC8-24C7-4B32-A4D2-AFA31B0BAAA7}.Release|Any CPU.ActiveCfg = Release|Any CPU
		{5FB0ADC8-24C7-4B32-A4D2-AFA31B0BAAA7}.Release|Any CPU.Build.0 = Release|Any CPU
		{E0E04964-F77E-435F-8B90-F4338C30DDAD}.alexlocal|Any CPU.ActiveCfg = Dev|Any CPU
		{E0E04964-F77E-435F-8B90-F4338C30DDAD}.alexlocal|Any CPU.Build.0 = Dev|Any CPU
		{E0E04964-F77E-435F-8B90-F4338C30DDAD}.Debug|Any CPU.ActiveCfg = Debug|Any CPU
		{E0E04964-F77E-435F-8B90-F4338C30DDAD}.Debug|Any CPU.Build.0 = Debug|Any CPU
		{E0E04964-F77E-435F-8B90-F4338C30DDAD}.Demo|Any CPU.ActiveCfg = Dev|Any CPU
		{E0E04964-F77E-435F-8B90-F4338C30DDAD}.Demo|Any CPU.Build.0 = Dev|Any CPU
		{E0E04964-F77E-435F-8B90-F4338C30DDAD}.Dev|Any CPU.ActiveCfg = Dev|Any CPU
		{E0E04964-F77E-435F-8B90-F4338C30DDAD}.Dev|Any CPU.Build.0 = Dev|Any CPU
		{E0E04964-F77E-435F-8B90-F4338C30DDAD}.Release|Any CPU.ActiveCfg = Release|Any CPU
		{E0E04964-F77E-435F-8B90-F4338C30DDAD}.Release|Any CPU.Build.0 = Release|Any CPU
		{FBA67D4E-D81A-4B6E-A6FD-464A2A5AF9D5}.alexlocal|Any CPU.ActiveCfg = Demo|Any CPU
		{FBA67D4E-D81A-4B6E-A6FD-464A2A5AF9D5}.alexlocal|Any CPU.Build.0 = Demo|Any CPU
		{FBA67D4E-D81A-4B6E-A6FD-464A2A5AF9D5}.Debug|Any CPU.ActiveCfg = Debug|Any CPU
		{FBA67D4E-D81A-4B6E-A6FD-464A2A5AF9D5}.Debug|Any CPU.Build.0 = Debug|Any CPU
		{FBA67D4E-D81A-4B6E-A6FD-464A2A5AF9D5}.Demo|Any CPU.ActiveCfg = Demo|Any CPU
		{FBA67D4E-D81A-4B6E-A6FD-464A2A5AF9D5}.Demo|Any CPU.Build.0 = Demo|Any CPU
		{FBA67D4E-D81A-4B6E-A6FD-464A2A5AF9D5}.Dev|Any CPU.ActiveCfg = Dev|Any CPU
		{FBA67D4E-D81A-4B6E-A6FD-464A2A5AF9D5}.Dev|Any CPU.Build.0 = Dev|Any CPU
		{FBA67D4E-D81A-4B6E-A6FD-464A2A5AF9D5}.Release|Any CPU.ActiveCfg = Release|Any CPU
		{FBA67D4E-D81A-4B6E-A6FD-464A2A5AF9D5}.Release|Any CPU.Build.0 = Release|Any CPU
		{14404298-4182-4D43-8098-5A199ED2FCAA}.alexlocal|Any CPU.ActiveCfg = Demo|Any CPU
		{14404298-4182-4D43-8098-5A199ED2FCAA}.alexlocal|Any CPU.Build.0 = Demo|Any CPU
		{14404298-4182-4D43-8098-5A199ED2FCAA}.Debug|Any CPU.ActiveCfg = Debug|Any CPU
		{14404298-4182-4D43-8098-5A199ED2FCAA}.Debug|Any CPU.Build.0 = Debug|Any CPU
		{14404298-4182-4D43-8098-5A199ED2FCAA}.Demo|Any CPU.ActiveCfg = Demo|Any CPU
		{14404298-4182-4D43-8098-5A199ED2FCAA}.Demo|Any CPU.Build.0 = Demo|Any CPU
		{14404298-4182-4D43-8098-5A199ED2FCAA}.Dev|Any CPU.ActiveCfg = Dev|Any CPU
		{14404298-4182-4D43-8098-5A199ED2FCAA}.Dev|Any CPU.Build.0 = Dev|Any CPU
		{14404298-4182-4D43-8098-5A199ED2FCAA}.Release|Any CPU.ActiveCfg = Release|Any CPU
		{14404298-4182-4D43-8098-5A199ED2FCAA}.Release|Any CPU.Build.0 = Release|Any CPU
		{6B807AB1-F549-49CB-9F52-52BC33D23443}.alexlocal|Any CPU.ActiveCfg = Demo|Any CPU
		{6B807AB1-F549-49CB-9F52-52BC33D23443}.alexlocal|Any CPU.Build.0 = Demo|Any CPU
		{6B807AB1-F549-49CB-9F52-52BC33D23443}.Debug|Any CPU.ActiveCfg = Debug|Any CPU
		{6B807AB1-F549-49CB-9F52-52BC33D23443}.Debug|Any CPU.Build.0 = Debug|Any CPU
		{6B807AB1-F549-49CB-9F52-52BC33D23443}.Demo|Any CPU.ActiveCfg = Demo|Any CPU
		{6B807AB1-F549-49CB-9F52-52BC33D23443}.Demo|Any CPU.Build.0 = Demo|Any CPU
		{6B807AB1-F549-49CB-9F52-52BC33D23443}.Dev|Any CPU.ActiveCfg = Dev|Any CPU
		{6B807AB1-F549-49CB-9F52-52BC33D23443}.Dev|Any CPU.Build.0 = Dev|Any CPU
		{6B807AB1-F549-49CB-9F52-52BC33D23443}.Release|Any CPU.ActiveCfg = Release|Any CPU
		{6B807AB1-F549-49CB-9F52-52BC33D23443}.Release|Any CPU.Build.0 = Release|Any CPU
		{E8BF04AC-1A7D-4CBE-80B9-E20F53699F2D}.alexlocal|Any CPU.ActiveCfg = Demo|Any CPU
		{E8BF04AC-1A7D-4CBE-80B9-E20F53699F2D}.alexlocal|Any CPU.Build.0 = Demo|Any CPU
		{E8BF04AC-1A7D-4CBE-80B9-E20F53699F2D}.Debug|Any CPU.ActiveCfg = Debug|Any CPU
		{E8BF04AC-1A7D-4CBE-80B9-E20F53699F2D}.Debug|Any CPU.Build.0 = Debug|Any CPU
		{E8BF04AC-1A7D-4CBE-80B9-E20F53699F2D}.Demo|Any CPU.ActiveCfg = Demo|Any CPU
		{E8BF04AC-1A7D-4CBE-80B9-E20F53699F2D}.Demo|Any CPU.Build.0 = Demo|Any CPU
		{E8BF04AC-1A7D-4CBE-80B9-E20F53699F2D}.Dev|Any CPU.ActiveCfg = Dev|Any CPU
		{E8BF04AC-1A7D-4CBE-80B9-E20F53699F2D}.Dev|Any CPU.Build.0 = Dev|Any CPU
		{E8BF04AC-1A7D-4CBE-80B9-E20F53699F2D}.Release|Any CPU.ActiveCfg = Release|Any CPU
		{E8BF04AC-1A7D-4CBE-80B9-E20F53699F2D}.Release|Any CPU.Build.0 = Release|Any CPU
		{D2638CB3-33D6-443F-BC87-E20260D3C9EF}.alexlocal|Any CPU.ActiveCfg = Demo|Any CPU
		{D2638CB3-33D6-443F-BC87-E20260D3C9EF}.alexlocal|Any CPU.Build.0 = Demo|Any CPU
		{D2638CB3-33D6-443F-BC87-E20260D3C9EF}.Debug|Any CPU.ActiveCfg = Debug|Any CPU
		{D2638CB3-33D6-443F-BC87-E20260D3C9EF}.Debug|Any CPU.Build.0 = Debug|Any CPU
		{D2638CB3-33D6-443F-BC87-E20260D3C9EF}.Demo|Any CPU.ActiveCfg = Demo|Any CPU
		{D2638CB3-33D6-443F-BC87-E20260D3C9EF}.Demo|Any CPU.Build.0 = Demo|Any CPU
		{D2638CB3-33D6-443F-BC87-E20260D3C9EF}.Dev|Any CPU.ActiveCfg = Dev|Any CPU
		{D2638CB3-33D6-443F-BC87-E20260D3C9EF}.Dev|Any CPU.Build.0 = Dev|Any CPU
		{D2638CB3-33D6-443F-BC87-E20260D3C9EF}.Release|Any CPU.ActiveCfg = Release|Any CPU
		{D2638CB3-33D6-443F-BC87-E20260D3C9EF}.Release|Any CPU.Build.0 = Release|Any CPU
		{40625AD3-D5D2-4CF0-8E3E-FD232A54A808}.alexlocal|Any CPU.ActiveCfg = Demo|Any CPU
		{40625AD3-D5D2-4CF0-8E3E-FD232A54A808}.alexlocal|Any CPU.Build.0 = Demo|Any CPU
		{40625AD3-D5D2-4CF0-8E3E-FD232A54A808}.Debug|Any CPU.ActiveCfg = Debug|Any CPU
		{40625AD3-D5D2-4CF0-8E3E-FD232A54A808}.Debug|Any CPU.Build.0 = Debug|Any CPU
		{40625AD3-D5D2-4CF0-8E3E-FD232A54A808}.Demo|Any CPU.ActiveCfg = Demo|Any CPU
		{40625AD3-D5D2-4CF0-8E3E-FD232A54A808}.Demo|Any CPU.Build.0 = Demo|Any CPU
		{40625AD3-D5D2-4CF0-8E3E-FD232A54A808}.Dev|Any CPU.ActiveCfg = Dev|Any CPU
		{40625AD3-D5D2-4CF0-8E3E-FD232A54A808}.Dev|Any CPU.Build.0 = Dev|Any CPU
		{40625AD3-D5D2-4CF0-8E3E-FD232A54A808}.Release|Any CPU.ActiveCfg = Release|Any CPU
		{40625AD3-D5D2-4CF0-8E3E-FD232A54A808}.Release|Any CPU.Build.0 = Release|Any CPU
		{579BA25F-1DF5-474A-8A3E-0447FF75711C}.alexlocal|Any CPU.ActiveCfg = Demo|Any CPU
		{579BA25F-1DF5-474A-8A3E-0447FF75711C}.alexlocal|Any CPU.Build.0 = Demo|Any CPU
		{579BA25F-1DF5-474A-8A3E-0447FF75711C}.Debug|Any CPU.ActiveCfg = Debug|Any CPU
		{579BA25F-1DF5-474A-8A3E-0447FF75711C}.Debug|Any CPU.Build.0 = Debug|Any CPU
		{579BA25F-1DF5-474A-8A3E-0447FF75711C}.Demo|Any CPU.ActiveCfg = Demo|Any CPU
		{579BA25F-1DF5-474A-8A3E-0447FF75711C}.Demo|Any CPU.Build.0 = Demo|Any CPU
		{579BA25F-1DF5-474A-8A3E-0447FF75711C}.Dev|Any CPU.ActiveCfg = Dev|Any CPU
		{579BA25F-1DF5-474A-8A3E-0447FF75711C}.Dev|Any CPU.Build.0 = Dev|Any CPU
		{579BA25F-1DF5-474A-8A3E-0447FF75711C}.Release|Any CPU.ActiveCfg = Release|Any CPU
		{579BA25F-1DF5-474A-8A3E-0447FF75711C}.Release|Any CPU.Build.0 = Release|Any CPU
		{4F56C030-D16B-4A51-82D0-3C23A47AB703}.alexlocal|Any CPU.ActiveCfg = Dev|Any CPU
		{4F56C030-D16B-4A51-82D0-3C23A47AB703}.alexlocal|Any CPU.Build.0 = Dev|Any CPU
		{4F56C030-D16B-4A51-82D0-3C23A47AB703}.Debug|Any CPU.ActiveCfg = Debug|Any CPU
		{4F56C030-D16B-4A51-82D0-3C23A47AB703}.Debug|Any CPU.Build.0 = Debug|Any CPU
		{4F56C030-D16B-4A51-82D0-3C23A47AB703}.Demo|Any CPU.ActiveCfg = Dev|Any CPU
		{4F56C030-D16B-4A51-82D0-3C23A47AB703}.Demo|Any CPU.Build.0 = Dev|Any CPU
		{4F56C030-D16B-4A51-82D0-3C23A47AB703}.Dev|Any CPU.ActiveCfg = Dev|Any CPU
		{4F56C030-D16B-4A51-82D0-3C23A47AB703}.Dev|Any CPU.Build.0 = Dev|Any CPU
		{4F56C030-D16B-4A51-82D0-3C23A47AB703}.Release|Any CPU.ActiveCfg = Release|Any CPU
		{4F56C030-D16B-4A51-82D0-3C23A47AB703}.Release|Any CPU.Build.0 = Release|Any CPU
	EndGlobalSection
	GlobalSection(SolutionProperties) = preSolution
		HideSolutionNode = FALSE
	EndGlobalSection
	GlobalSection(NestedProjects) = preSolution
		{4FDBF40A-36B2-4EBE-98B0-434F2E177779} = {D9827A77-B254-4962-B5DC-3D2C01C8044F}
		{47CA975F-1F5B-4C90-9DA1-A88C53E0760A} = {4FDBF40A-36B2-4EBE-98B0-434F2E177779}
		{83231577-13A5-419F-8269-02AE59D8951A} = {4FDBF40A-36B2-4EBE-98B0-434F2E177779}
		{459FE39A-A5CC-41D8-B06E-8FAE3A1A623B} = {4FDBF40A-36B2-4EBE-98B0-434F2E177779}
		{990241EA-6CF0-4026-B57C-A9031463C7C0} = {F848932E-7332-4B29-AB1E-9A794098501C}
		{9891496C-8512-4708-925A-EE9D0F9199D4} = {F848932E-7332-4B29-AB1E-9A794098501C}
		{F7BD7117-4F1D-4215-B338-61EBDD0D0BFE} = {F848932E-7332-4B29-AB1E-9A794098501C}
		{F40D465A-8FE2-4DEF-8587-34A0C3ACEA75} = {F848932E-7332-4B29-AB1E-9A794098501C}
		{1E8DD13A-846B-4C36-A9C4-5997C5FD74FF} = {F40D465A-8FE2-4DEF-8587-34A0C3ACEA75}
		{BF96675E-6BAF-4AC9-B247-1551D62E8C44} = {1B8F7B8D-8367-4B4E-BC79-002D26DF53D4}
		{BBA91AF2-7636-41B6-87C4-C1575AE8B04B} = {1B8F7B8D-8367-4B4E-BC79-002D26DF53D4}
		{4E7316D4-035A-41FA-B070-7FCCE94E2D10} = {B3FD0936-ACF8-4F91-A5EF-0712D6567E6F}
		{DFFAFECB-52FB-4FB4-97B1-09703D672669} = {B3FD0936-ACF8-4F91-A5EF-0712D6567E6F}
		{B02DEFA7-9B3E-4F83-A4E0-C3C49C3818EC} = {B3FD0936-ACF8-4F91-A5EF-0712D6567E6F}
		{26F33C5D-13F3-44E6-8FC3-A67C8D4BBC78} = {B3FD0936-ACF8-4F91-A5EF-0712D6567E6F}
		{64C3DC28-96BE-4C83-B62A-4AC394AC63F1} = {B3FD0936-ACF8-4F91-A5EF-0712D6567E6F}
		{1341D9FE-1CCB-439C-AD50-DC84DFE815FA} = {B3FD0936-ACF8-4F91-A5EF-0712D6567E6F}
		{3E904983-4408-42B7-8F5A-AC82B9F77240} = {B3FD0936-ACF8-4F91-A5EF-0712D6567E6F}
		{6C9DA552-D09B-4009-9B3B-4E431972325E} = {B3FD0936-ACF8-4F91-A5EF-0712D6567E6F}
		{1D24F2B2-7F1A-40C3-B325-005FDB02E222} = {B3FD0936-ACF8-4F91-A5EF-0712D6567E6F}
		{73C92DFB-1BA5-472F-9885-754AA3A6A77A} = {B3FD0936-ACF8-4F91-A5EF-0712D6567E6F}
		{A9022E15-C17D-4D86-A471-FF72B82098CC} = {B3FD0936-ACF8-4F91-A5EF-0712D6567E6F}
		{7B573E88-8710-4CE6-8BAE-361B97F05926} = {B3FD0936-ACF8-4F91-A5EF-0712D6567E6F}
		{5D030BDE-4EB4-4F8F-B783-E5A378B9DD67} = {B3FD0936-ACF8-4F91-A5EF-0712D6567E6F}
		{3E374228-5084-4174-B919-0D9C85878A22} = {B3FD0936-ACF8-4F91-A5EF-0712D6567E6F}
		{A13F8853-17D9-46CE-A179-65BAA8B4A969} = {B3FD0936-ACF8-4F91-A5EF-0712D6567E6F}
		{180C5712-35E2-48CD-ACA1-8576260D2EFB} = {B3FD0936-ACF8-4F91-A5EF-0712D6567E6F}
		{3A2B8C1D-C46D-48B4-827C-7771AB0992BB} = {B3FD0936-ACF8-4F91-A5EF-0712D6567E6F}
		{A31279C2-23EC-425F-9B41-D27AC7781EDE} = {B3FD0936-ACF8-4F91-A5EF-0712D6567E6F}
		{69B33D93-8553-4EF4-9D48-6E2A29B640DF} = {B3FD0936-ACF8-4F91-A5EF-0712D6567E6F}
		{1E14D628-54AC-4576-ADE8-59CAE8472BE6} = {B3FD0936-ACF8-4F91-A5EF-0712D6567E6F}
		{BA6548DC-9289-40C4-9658-09BE25A800FF} = {B3FD0936-ACF8-4F91-A5EF-0712D6567E6F}
		{32B6E8D2-C447-4DD7-932C-5CEBD9F296B6} = {B3FD0936-ACF8-4F91-A5EF-0712D6567E6F}
		{0DCD9AAE-F141-4FAD-8E87-1C610F0582DB} = {4E7316D4-035A-41FA-B070-7FCCE94E2D10}
		{3B0A3D34-D926-4356-BE31-809055FE835A} = {4E7316D4-035A-41FA-B070-7FCCE94E2D10}
		{89D763ED-3EA6-4303-AB29-3239095A4B06} = {DFFAFECB-52FB-4FB4-97B1-09703D672669}
		{F39EA7BE-25C2-45ED-91AC-29647EFFAD2B} = {DFFAFECB-52FB-4FB4-97B1-09703D672669}
		{D019B112-55A8-4661-AFF5-329F998D9E28} = {B02DEFA7-9B3E-4F83-A4E0-C3C49C3818EC}
		{36ED6F21-1A8F-4F07-A08A-A55639891E9B} = {B02DEFA7-9B3E-4F83-A4E0-C3C49C3818EC}
		{19E2FDA9-D7AC-4365-A25A-4BBCAF8BE7FD} = {26F33C5D-13F3-44E6-8FC3-A67C8D4BBC78}
		{3FA3E0E2-5B25-4481-9B9E-4E7F8A888445} = {26F33C5D-13F3-44E6-8FC3-A67C8D4BBC78}
		{84800565-B464-471D-8F02-1A93311C3388} = {64C3DC28-96BE-4C83-B62A-4AC394AC63F1}
		{1ABD6365-E04D-4971-8D0D-5364C896113F} = {64C3DC28-96BE-4C83-B62A-4AC394AC63F1}
		{4E04FEB2-B452-4739-8336-EA2CEFB18D87} = {1341D9FE-1CCB-439C-AD50-DC84DFE815FA}
		{A6E317FA-2EB0-4447-8ECD-6725F6B78435} = {1341D9FE-1CCB-439C-AD50-DC84DFE815FA}
		{CFBA4468-222F-4255-8D94-809ACBF7AC47} = {3E904983-4408-42B7-8F5A-AC82B9F77240}
		{42F21CE5-C8D1-4083-937B-951B92C2F93C} = {3E904983-4408-42B7-8F5A-AC82B9F77240}
		{57373D06-6B82-4EC6-AF62-ED25FE170C61} = {6C9DA552-D09B-4009-9B3B-4E431972325E}
		{A854EB96-B28A-42FC-8209-3E5E9D6B208C} = {6C9DA552-D09B-4009-9B3B-4E431972325E}
		{C982A6FE-6FD4-47FA-A69D-91FFA80FEDAA} = {1D24F2B2-7F1A-40C3-B325-005FDB02E222}
		{380C028E-2623-4207-B8AF-F21B92183ED8} = {1D24F2B2-7F1A-40C3-B325-005FDB02E222}
		{AD226A7F-0641-4589-93EB-06E5EE7E767B} = {73C92DFB-1BA5-472F-9885-754AA3A6A77A}
		{6C3090FC-50D2-4A7E-9B29-EAB9D8802F42} = {73C92DFB-1BA5-472F-9885-754AA3A6A77A}
		{CDDCCFAB-28B8-446C-8585-72D2BB78F2DC} = {A9022E15-C17D-4D86-A471-FF72B82098CC}
		{62219AA6-9276-4935-B934-F0F50ECEF6FB} = {A9022E15-C17D-4D86-A471-FF72B82098CC}
		{26C15DC0-73CA-46E3-AEBA-17353C59C2F3} = {7B573E88-8710-4CE6-8BAE-361B97F05926}
		{D0BBF260-AD17-41BF-9E11-6EA0CC8308E1} = {7B573E88-8710-4CE6-8BAE-361B97F05926}
		{74D9BDC7-7B46-456F-B3C5-A4CDB5D74D7B} = {5D030BDE-4EB4-4F8F-B783-E5A378B9DD67}
		{8F5BE349-6D11-44AD-A1CC-B5BB5EB4B179} = {5D030BDE-4EB4-4F8F-B783-E5A378B9DD67}
		{3D4116CE-63DD-406C-8235-0115A8FA90F1} = {3E374228-5084-4174-B919-0D9C85878A22}
		{6367B304-3E18-4DA6-A7E7-0893DA806953} = {3E374228-5084-4174-B919-0D9C85878A22}
		{85CB0215-96DF-4C38-A022-1BE6C952813B} = {A13F8853-17D9-46CE-A179-65BAA8B4A969}
		{FDA06158-A81E-46B4-9F25-5AB76DFD400A} = {A13F8853-17D9-46CE-A179-65BAA8B4A969}
		{1E1AB01B-F6AB-4420-BF1D-5E6EF41D76BF} = {180C5712-35E2-48CD-ACA1-8576260D2EFB}
		{EE3E1E99-175F-4507-96DA-421FCD0F6D9E} = {180C5712-35E2-48CD-ACA1-8576260D2EFB}
		{FA105E66-8756-4F57-8230-2A52BFEBDDC6} = {3A2B8C1D-C46D-48B4-827C-7771AB0992BB}
		{E46B602A-287B-450F-B455-5EED20C93EB7} = {3A2B8C1D-C46D-48B4-827C-7771AB0992BB}
		{990DB8CB-AAD6-42FE-940D-3A731DF56ABE} = {A31279C2-23EC-425F-9B41-D27AC7781EDE}
		{1246A6D6-FB9D-4564-8E86-A9F14A7AD177} = {A31279C2-23EC-425F-9B41-D27AC7781EDE}
		{5FB0ADC8-24C7-4B32-A4D2-AFA31B0BAAA7} = {69B33D93-8553-4EF4-9D48-6E2A29B640DF}
		{E0E04964-F77E-435F-8B90-F4338C30DDAD} = {69B33D93-8553-4EF4-9D48-6E2A29B640DF}
		{FBA67D4E-D81A-4B6E-A6FD-464A2A5AF9D5} = {1E14D628-54AC-4576-ADE8-59CAE8472BE6}
		{14404298-4182-4D43-8098-5A199ED2FCAA} = {BA6548DC-9289-40C4-9658-09BE25A800FF}
		{6B807AB1-F549-49CB-9F52-52BC33D23443} = {BA6548DC-9289-40C4-9658-09BE25A800FF}
		{E8BF04AC-1A7D-4CBE-80B9-E20F53699F2D} = {32B6E8D2-C447-4DD7-932C-5CEBD9F296B6}
		{D2638CB3-33D6-443F-BC87-E20260D3C9EF} = {32B6E8D2-C447-4DD7-932C-5CEBD9F296B6}
		{30EF2DF0-6F6A-4D9C-ADF1-11985030849E} = {31DC7E45-FE4F-4CCD-9234-9FBD42F412C5}
		{137776F2-F3F6-463C-9FF4-04F08F8789DF} = {31DC7E45-FE4F-4CCD-9234-9FBD42F412C5}
		{722D6B74-78CB-4995-84E3-B0705C7DDA96} = {3A2B8C1D-C46D-48B4-827C-7771AB0992BB}
		{40625AD3-D5D2-4CF0-8E3E-FD232A54A808} = {722D6B74-78CB-4995-84E3-B0705C7DDA96}
		{579BA25F-1DF5-474A-8A3E-0447FF75711C} = {722D6B74-78CB-4995-84E3-B0705C7DDA96}
		{4F56C030-D16B-4A51-82D0-3C23A47AB703} = {722D6B74-78CB-4995-84E3-B0705C7DDA96}
	EndGlobalSection
EndGlobal
