
Microsoft Visual Studio Solution File, Format Version 12.00
# Visual Studio 14
VisualStudioVersion = 14.0.25123.0
MinimumVisualStudioVersion = 10.0.40219.1
Project("{2150E333-8FDC-42A3-9474-1A3956D46DE8}") = ".nuget", ".nuget", "{99D5A940-8674-4060-902B-381DF8B99D43}"
	ProjectSection(SolutionItems) = preProject
		.nuget\NuGet.Config = .nuget\NuGet.Config
		.nuget\NuGet.exe = .nuget\NuGet.exe
		.nuget\NuGet.targets = .nuget\NuGet.targets
	EndProjectSection
EndProject
Project("{2150E333-8FDC-42A3-9474-1A3956D46DE8}") = "Tests", "Tests", "{6CF6EAFB-0D62-4D76-8B2C-FA9C6BBB073B}"
EndProject
Project("{2150E333-8FDC-42A3-9474-1A3956D46DE8}") = "Terminals", "Terminals", "{9A01CAA2-30D9-45B5-9FF3-A0DDF12551F2}"
EndProject
Project("{2150E333-8FDC-42A3-9474-1A3956D46DE8}") = "BuildUtils", "BuildUtils", "{932981E0-0644-4BED-84A9-FEF0664F6296}"
	ProjectSection(SolutionItems) = preProject
		BuildUtils\Handle.exe = BuildUtils\Handle.exe
		BuildUtils\xcopy.exe = BuildUtils\xcopy.exe
	EndProjectSection
EndProject
Project("{2150E333-8FDC-42A3-9474-1A3956D46DE8}") = "Tools", "Tools", "{95890593-84B1-4CF8-A31B-542B143B4C73}"
EndProject
Project("{2150E333-8FDC-42A3-9474-1A3956D46DE8}") = "Services", "Services", "{43A55C9F-CC6B-42C7-BE5A-0FBE635A0C02}"
EndProject
Project("{FAE04EC0-301F-11D3-BF4B-00C04F79EFBC}") = "HubWeb", "HubWeb.csproj", "{F7BD7117-4F1D-4215-B338-61EBDD0D0BFE}"
EndProject
Project("{FAE04EC0-301F-11D3-BF4B-00C04F79EFBC}") = "Data", "Data\Data.csproj", "{990241EA-6CF0-4026-B57C-A9031463C7C0}"
EndProject
Project("{FAE04EC0-301F-11D3-BF4B-00C04F79EFBC}") = "Hub", "Hub\Hub.csproj", "{9891496C-8512-4708-925A-EE9D0F9199D4}"
	ProjectSection(ProjectDependencies) = postProject
		{990241EA-6CF0-4026-B57C-A9031463C7C0} = {990241EA-6CF0-4026-B57C-A9031463C7C0}
	EndProjectSection
EndProject
Project("{FAE04EC0-301F-11D3-BF4B-00C04F79EFBC}") = "terminalAzure", "terminalAzure\terminalAzure.csproj", "{D019B112-55A8-4661-AFF5-329F998D9E28}"
EndProject
Project("{FAE04EC0-301F-11D3-BF4B-00C04F79EFBC}") = "terminalDocuSign", "terminalDocuSign\terminalDocuSign.csproj", "{4E04FEB2-B452-4739-8336-EA2CEFB18D87}"
	ProjectSection(ProjectDependencies) = postProject
		{990241EA-6CF0-4026-B57C-A9031463C7C0} = {990241EA-6CF0-4026-B57C-A9031463C7C0}
	EndProjectSection
EndProject
Project("{FAE04EC0-301F-11D3-BF4B-00C04F79EFBC}") = "terminalFr8Core", "terminalFr8Core\terminalFr8Core.csproj", "{AD226A7F-0641-4589-93EB-06E5EE7E767B}"
EndProject
Project("{FAE04EC0-301F-11D3-BF4B-00C04F79EFBC}") = "terminalSlack", "terminalSlack\terminalSlack.csproj", "{990DB8CB-AAD6-42FE-940D-3A731DF56ABE}"
EndProject
Project("{FAE04EC0-301F-11D3-BF4B-00C04F79EFBC}") = "terminalSalesforce", "terminalSalesforce\terminalSalesforce.csproj", "{85CB0215-96DF-4C38-A022-1BE6C952813B}"
EndProject
Project("{FAE04EC0-301F-11D3-BF4B-00C04F79EFBC}") = "terminalExcel", "terminalExcel\terminalExcel.csproj", "{57373D06-6B82-4EC6-AF62-ED25FE170C61}"
EndProject
Project("{FAE04EC0-301F-11D3-BF4B-00C04F79EFBC}") = "terminalTwilio", "terminalTwilio\terminalTwilio.csproj", "{14404298-4182-4D43-8098-5A199ED2FCAA}"
	ProjectSection(ProjectDependencies) = postProject
		{990241EA-6CF0-4026-B57C-A9031463C7C0} = {990241EA-6CF0-4026-B57C-A9031463C7C0}
	EndProjectSection
EndProject
Project("{FAE04EC0-301F-11D3-BF4B-00C04F79EFBC}") = "terminalFr8CoreTests", "Tests\terminalFr8CoreTests\terminalFr8CoreTests.csproj", "{6C3090FC-50D2-4A7E-9B29-EAB9D8802F42}"
EndProject
Project("{FAE04EC0-301F-11D3-BF4B-00C04F79EFBC}") = "TerminalSqlUtilities", "TerminalSqlUtilities\TerminalSqlUtilities.csproj", "{FA105E66-8756-4F57-8230-2A52BFEBDDC6}"
	ProjectSection(ProjectDependencies) = postProject
		{990241EA-6CF0-4026-B57C-A9031463C7C0} = {990241EA-6CF0-4026-B57C-A9031463C7C0}
	EndProjectSection
EndProject
Project("{FAE04EC0-301F-11D3-BF4B-00C04F79EFBC}") = "terminalGoogle", "terminalGoogle\terminalGoogle.csproj", "{CDDCCFAB-28B8-446C-8585-72D2BB78F2DC}"
EndProject
Project("{FAE04EC0-301F-11D3-BF4B-00C04F79EFBC}") = "HubTests", "Tests\HubTests\HubTests.csproj", "{1E8DD13A-846B-4C36-A9C4-5997C5FD74FF}"
EndProject
Project("{FAE04EC0-301F-11D3-BF4B-00C04F79EFBC}") = "terminalSendGrid", "terminalSendGrid\terminalSendGrid.csproj", "{1E1AB01B-F6AB-4420-BF1D-5E6EF41D76BF}"
EndProject
Project("{FAE04EC0-301F-11D3-BF4B-00C04F79EFBC}") = "terminalDropbox", "terminalDropbox\terminalDropbox.csproj", "{CFBA4468-222F-4255-8D94-809ACBF7AC47}"
EndProject
Project("{FAE04EC0-301F-11D3-BF4B-00C04F79EFBC}") = "terminalDropboxTests", "Tests\terminalDropboxTests\terminalDropboxTests.csproj", "{42F21CE5-C8D1-4083-937B-951B92C2F93C}"
EndProject
Project("{FAE04EC0-301F-11D3-BF4B-00C04F79EFBC}") = "terminalBaseTests", "Tests\terminalBaseTests\terminalBaseTests.csproj", "{40625AD3-D5D2-4CF0-8E3E-FD232A54A808}"
EndProject
Project("{FAE04EC0-301F-11D3-BF4B-00C04F79EFBC}") = "terminalPapertrail", "terminalPapertrail\terminalPapertrail.csproj", "{74D9BDC7-7B46-456F-B3C5-A4CDB5D74D7B}"
EndProject
Project("{FAE04EC0-301F-11D3-BF4B-00C04F79EFBC}") = "terminalIntegrationTests", "Tests\terminalIntegrationTests\terminalIntegrationTests.csproj", "{579BA25F-1DF5-474A-8A3E-0447FF75711C}"
EndProject
Project("{FAE04EC0-301F-11D3-BF4B-00C04F79EFBC}") = "HealthMonitor", "Tests\HealthMonitor\HealthMonitor.csproj", "{83231577-13A5-419F-8269-02AE59D8951A}"
EndProject
Project("{FAE04EC0-301F-11D3-BF4B-00C04F79EFBC}") = "terminalDocuSignTests", "Tests\terminalDocuSignTests\terminalDocuSignTests.csproj", "{A6E317FA-2EB0-4447-8ECD-6725F6B78435}"
EndProject
Project("{FAE04EC0-301F-11D3-BF4B-00C04F79EFBC}") = "terminalPapertrailTests", "Tests\terminalPapertrailTests\terminalPapertrailTests.csproj", "{8F5BE349-6D11-44AD-A1CC-B5BB5EB4B179}"
EndProject
Project("{FAE04EC0-301F-11D3-BF4B-00C04F79EFBC}") = "terminalExcelTests", "Tests\terminalExcelTests\terminalExcelTests.csproj", "{A854EB96-B28A-42FC-8209-3E5E9D6B208C}"
EndProject
Project("{FAE04EC0-301F-11D3-BF4B-00C04F79EFBC}") = "terminalGoogleTests", "Tests\terminalGoogleTests\terminalGoogleTests.csproj", "{62219AA6-9276-4935-B934-F0F50ECEF6FB}"
EndProject
Project("{FAE04EC0-301F-11D3-BF4B-00C04F79EFBC}") = "terminalSlackTests", "Tests\terminalSlackTests\terminalSlackTests.csproj", "{1246A6D6-FB9D-4564-8E86-A9F14A7AD177}"
EndProject
Project("{FAE04EC0-301F-11D3-BF4B-00C04F79EFBC}") = "terminalAtlassian", "terminalAtlassian\terminalAtlassian.csproj", "{89D763ED-3EA6-4303-AB29-3239095A4B06}"
EndProject
Project("{FAE04EC0-301F-11D3-BF4B-00C04F79EFBC}") = "terminalAtlassianTests", "Tests\terminalAtlassianTests\terminalAtlassianTests.csproj", "{F39EA7BE-25C2-45ED-91AC-29647EFFAD2B}"
EndProject
Project("{FAE04EC0-301F-11D3-BF4B-00C04F79EFBC}") = "terminalSendGridTests", "Tests\terminalSendGridTests\terminalSendGridTests.csproj", "{EE3E1E99-175F-4507-96DA-421FCD0F6D9E}"
EndProject
Project("{FAE04EC0-301F-11D3-BF4B-00C04F79EFBC}") = "terminalAzureTests", "Tests\terminalAzureTests\terminalAzureTests.csproj", "{36ED6F21-1A8F-4F07-A08A-A55639891E9B}"
EndProject
Project("{FAE04EC0-301F-11D3-BF4B-00C04F79EFBC}") = "terminalTwilioTests", "Tests\terminalTwilioTests\terminalTwilioTests.csproj", "{6B807AB1-F549-49CB-9F52-52BC33D23443}"
EndProject
Project("{FAE04EC0-301F-11D3-BF4B-00C04F79EFBC}") = "terminalQuickBooks", "terminalQuickBooks\terminalQuickBooks.csproj", "{3D4116CE-63DD-406C-8235-0115A8FA90F1}"
EndProject
Project("{FAE04EC0-301F-11D3-BF4B-00C04F79EFBC}") = "terminalQuickBooksTests", "Tests\terminalQuickBooksTests\terminalQuickBooksTests.csproj", "{6367B304-3E18-4DA6-A7E7-0893DA806953}"
EndProject
Project("{FAE04EC0-301F-11D3-BF4B-00C04F79EFBC}") = "terminalSalesforceTests", "Tests\terminalSalesforceTests\terminalSalesforceTests.csproj", "{FDA06158-A81E-46B4-9F25-5AB76DFD400A}"
EndProject
Project("{FAE04EC0-301F-11D3-BF4B-00C04F79EFBC}") = "terminalYammer", "terminalYammer\terminalYammer.csproj", "{E8BF04AC-1A7D-4CBE-80B9-E20F53699F2D}"
EndProject
Project("{FAE04EC0-301F-11D3-BF4B-00C04F79EFBC}") = "terminalYammerTests", "Tests\terminalYammerTests\terminalYammerTests.csproj", "{D2638CB3-33D6-443F-BC87-E20260D3C9EF}"
EndProject
Project("{FAE04EC0-301F-11D3-BF4B-00C04F79EFBC}") = "HealthMonitor.HubLauncher", "Tests\HealthMonitor.HubLauncher\HealthMonitor.HubLauncher.csproj", "{47CA975F-1F5B-4C90-9DA1-A88C53E0760A}"
EndProject
Project("{FAE04EC0-301F-11D3-BF4B-00C04F79EFBC}") = "terminalUtilities", "terminalUtilities\terminalUtilities.csproj", "{E46B602A-287B-450F-B455-5EED20C93EB7}"
EndProject
Project("{FAE04EC0-301F-11D3-BF4B-00C04F79EFBC}") = "terminalTest", "Tests\terminalTest\terminalTest.csproj", "{267E6BE1-7C3A-4012-8EB4-DCDFB0FD6305}"
EndProject
Project("{FAE04EC0-301F-11D3-BF4B-00C04F79EFBC}") = "terminalBox", "terminalBox\terminalBox.csproj", "{84800565-B464-471D-8F02-1A93311C3388}"
EndProject
Project("{FAE04EC0-301F-11D3-BF4B-00C04F79EFBC}") = "terminalBoxTests", "Tests\terminalBoxTests\terminalBoxTests.csproj", "{1ABD6365-E04D-4971-8D0D-5364C896113F}"
EndProject
Project("{FAE04EC0-301F-11D3-BF4B-00C04F79EFBC}") = "Fr8Infrastructure.NET", "Fr8Infrastructure.NET\Fr8Infrastructure.NET.csproj", "{BBA91AF2-7636-41B6-87C4-C1575AE8B04B}"
EndProject
Project("{FAE04EC0-301F-11D3-BF4B-00C04F79EFBC}") = "Fr8TerminalBase.NET", "Fr8TerminalBase.NET\Fr8TerminalBase.NET.csproj", "{BF96675E-6BAF-4AC9-B247-1551D62E8C44}"
EndProject
Project("{FAE04EC0-301F-11D3-BF4B-00C04F79EFBC}") = "Fr8.Testing.Integration.Tools", "Tests\Fr8.Testing.Integration.Tools\Fr8.Testing.Integration.Tools.csproj", "{4F56C030-D16B-4A51-82D0-3C23A47AB703}"
EndProject
Project("{FAE04EC0-301F-11D3-BF4B-00C04F79EFBC}") = "Fr8.Testing", "Tests\Fr8.Testing\Fr8.Testing.csproj", "{459FE39A-A5CC-41D8-B06E-8FAE3A1A623B}"
EndProject
Project("{FAE04EC0-301F-11D3-BF4B-00C04F79EFBC}") = "terminalInstagram", "terminalInstagram\terminalInstagram.csproj", "{26C15DC0-73CA-46E3-AEBA-17353C59C2F3}"
EndProject
Project("{FAE04EC0-301F-11D3-BF4B-00C04F79EFBC}") = "terminalStatX", "terminalStatX\terminalStatX.csproj", "{5FB0ADC8-24C7-4B32-A4D2-AFA31B0BAAA7}"
EndProject
Project("{FAE04EC0-301F-11D3-BF4B-00C04F79EFBC}") = "terminalFacebook", "terminalFacebook\terminalFacebook.csproj", "{C982A6FE-6FD4-47FA-A69D-91FFA80FEDAA}"
EndProject
Project("{FAE04EC0-301F-11D3-BF4B-00C04F79EFBC}") = "terminalBasecamp2Tests", "Tests\terminalBasecamp2Tests\terminalBasecamp2Tests.csproj", "{3FA3E0E2-5B25-4481-9B9E-4E7F8A888445}"
EndProject
Project("{FAE04EC0-301F-11D3-BF4B-00C04F79EFBC}") = "terminalStatXTests", "Tests\terminalStatXTests\terminalStatXTests.csproj", "{E0E04964-F77E-435F-8B90-F4338C30DDAD}"
EndProject
Project("{FAE04EC0-301F-11D3-BF4B-00C04F79EFBC}") = "terminalTelegram", "terminalTelegram\terminalTelegram.csproj", "{FBA67D4E-D81A-4B6E-A6FD-464A2A5AF9D5}"
EndProject
Project("{FAE04EC0-301F-11D3-BF4B-00C04F79EFBC}") = "terminalBasecamp2", "terminalBasecamp2\terminalBasecamp2.csproj", "{19E2FDA9-D7AC-4365-A25A-4BBCAF8BE7FD}"
EndProject
Project("{FAE04EC0-301F-11D3-BF4B-00C04F79EFBC}") = "terminalInstagramTests", "Tests\terminalInstagramTests\terminalInstagramTests.csproj", "{D0BBF260-AD17-41BF-9E11-6EA0CC8308E1}"
EndProject
Project("{FAE04EC0-301F-11D3-BF4B-00C04F79EFBC}") = "terminalFacebookTests", "Tests\terminalFacebookTests\terminalFacebookTests.csproj", "{380C028E-2623-4207-B8AF-F21B92183ED8}"
EndProject
Project("{FAE04EC0-301F-11D3-BF4B-00C04F79EFBC}") = "terminalAsana", "terminalAsana\terminalAsana.csproj", "{0DCD9AAE-F141-4FAD-8E87-1C610F0582DB}"
EndProject
Project("{FAE04EC0-301F-11D3-BF4B-00C04F79EFBC}") = "terminalAsanaTests", "Tests\terminalAsanaTests\terminalAsanaTests.csproj", "{3B0A3D34-D926-4356-BE31-809055FE835A}"
EndProject
Project("{FAE04EC0-301F-11D3-BF4B-00C04F79EFBC}") = "PlanDirectoryTests", "Tests\PlanDirectoryTests\PlanDirectoryTests.csproj", "{3F32543F-7A89-4AE3-A607-A58C4B52B841}"
EndProject
Global
	GlobalSection(SolutionConfigurationPlatforms) = preSolution
		alexlocal|Any CPU = alexlocal|Any CPU
		alexlocal|x86 = alexlocal|x86
		Debug|Any CPU = Debug|Any CPU
		Debug|x86 = Debug|x86
		Demo|Any CPU = Demo|Any CPU
		Demo|x86 = Demo|x86
		Dev|Any CPU = Dev|Any CPU
		Dev|x86 = Dev|x86
		Release|Any CPU = Release|Any CPU
		Release|x86 = Release|x86
	EndGlobalSection
	GlobalSection(ProjectConfigurationPlatforms) = postSolution
		{F7BD7117-4F1D-4215-B338-61EBDD0D0BFE}.alexlocal|Any CPU.ActiveCfg = Debug|Any CPU
		{F7BD7117-4F1D-4215-B338-61EBDD0D0BFE}.alexlocal|Any CPU.Build.0 = Debug|Any CPU
		{F7BD7117-4F1D-4215-B338-61EBDD0D0BFE}.alexlocal|x86.ActiveCfg = Release|Any CPU
		{F7BD7117-4F1D-4215-B338-61EBDD0D0BFE}.Debug|Any CPU.ActiveCfg = Debug|Any CPU
		{F7BD7117-4F1D-4215-B338-61EBDD0D0BFE}.Debug|Any CPU.Build.0 = Debug|Any CPU
		{F7BD7117-4F1D-4215-B338-61EBDD0D0BFE}.Debug|x86.ActiveCfg = Debug|Any CPU
		{F7BD7117-4F1D-4215-B338-61EBDD0D0BFE}.Demo|Any CPU.ActiveCfg = Demo|Any CPU
		{F7BD7117-4F1D-4215-B338-61EBDD0D0BFE}.Demo|Any CPU.Build.0 = Demo|Any CPU
		{F7BD7117-4F1D-4215-B338-61EBDD0D0BFE}.Demo|x86.ActiveCfg = Dev|Any CPU
		{F7BD7117-4F1D-4215-B338-61EBDD0D0BFE}.Dev|Any CPU.ActiveCfg = Dev|Any CPU
		{F7BD7117-4F1D-4215-B338-61EBDD0D0BFE}.Dev|Any CPU.Build.0 = Dev|Any CPU
		{F7BD7117-4F1D-4215-B338-61EBDD0D0BFE}.Dev|x86.ActiveCfg = Dev|Any CPU
		{F7BD7117-4F1D-4215-B338-61EBDD0D0BFE}.Release|Any CPU.ActiveCfg = Release|Any CPU
		{F7BD7117-4F1D-4215-B338-61EBDD0D0BFE}.Release|Any CPU.Build.0 = Release|Any CPU
		{F7BD7117-4F1D-4215-B338-61EBDD0D0BFE}.Release|x86.ActiveCfg = Release|Any CPU
		{990241EA-6CF0-4026-B57C-A9031463C7C0}.alexlocal|Any CPU.ActiveCfg = Debug|Any CPU
		{990241EA-6CF0-4026-B57C-A9031463C7C0}.alexlocal|Any CPU.Build.0 = Debug|Any CPU
		{990241EA-6CF0-4026-B57C-A9031463C7C0}.alexlocal|x86.ActiveCfg = Release|Any CPU
		{990241EA-6CF0-4026-B57C-A9031463C7C0}.Debug|Any CPU.ActiveCfg = Debug|Any CPU
		{990241EA-6CF0-4026-B57C-A9031463C7C0}.Debug|Any CPU.Build.0 = Debug|Any CPU
		{990241EA-6CF0-4026-B57C-A9031463C7C0}.Debug|x86.ActiveCfg = Debug|Any CPU
		{990241EA-6CF0-4026-B57C-A9031463C7C0}.Demo|Any CPU.ActiveCfg = Demo|Any CPU
		{990241EA-6CF0-4026-B57C-A9031463C7C0}.Demo|Any CPU.Build.0 = Demo|Any CPU
		{990241EA-6CF0-4026-B57C-A9031463C7C0}.Demo|x86.ActiveCfg = Debug|Any CPU
		{990241EA-6CF0-4026-B57C-A9031463C7C0}.Dev|Any CPU.ActiveCfg = Dev|Any CPU
		{990241EA-6CF0-4026-B57C-A9031463C7C0}.Dev|Any CPU.Build.0 = Dev|Any CPU
		{990241EA-6CF0-4026-B57C-A9031463C7C0}.Dev|x86.ActiveCfg = Debug|Any CPU
		{990241EA-6CF0-4026-B57C-A9031463C7C0}.Release|Any CPU.ActiveCfg = Release|Any CPU
		{990241EA-6CF0-4026-B57C-A9031463C7C0}.Release|Any CPU.Build.0 = Release|Any CPU
		{990241EA-6CF0-4026-B57C-A9031463C7C0}.Release|x86.ActiveCfg = Release|Any CPU
		{9891496C-8512-4708-925A-EE9D0F9199D4}.alexlocal|Any CPU.ActiveCfg = Debug|Any CPU
		{9891496C-8512-4708-925A-EE9D0F9199D4}.alexlocal|Any CPU.Build.0 = Debug|Any CPU
		{9891496C-8512-4708-925A-EE9D0F9199D4}.alexlocal|x86.ActiveCfg = Release|Any CPU
		{9891496C-8512-4708-925A-EE9D0F9199D4}.Debug|Any CPU.ActiveCfg = Debug|Any CPU
		{9891496C-8512-4708-925A-EE9D0F9199D4}.Debug|Any CPU.Build.0 = Debug|Any CPU
		{9891496C-8512-4708-925A-EE9D0F9199D4}.Debug|x86.ActiveCfg = Debug|Any CPU
		{9891496C-8512-4708-925A-EE9D0F9199D4}.Demo|Any CPU.ActiveCfg = Demo|Any CPU
		{9891496C-8512-4708-925A-EE9D0F9199D4}.Demo|Any CPU.Build.0 = Demo|Any CPU
		{9891496C-8512-4708-925A-EE9D0F9199D4}.Demo|x86.ActiveCfg = Dev|Any CPU
		{9891496C-8512-4708-925A-EE9D0F9199D4}.Dev|Any CPU.ActiveCfg = Dev|Any CPU
		{9891496C-8512-4708-925A-EE9D0F9199D4}.Dev|Any CPU.Build.0 = Dev|Any CPU
		{9891496C-8512-4708-925A-EE9D0F9199D4}.Dev|x86.ActiveCfg = Dev|Any CPU
		{9891496C-8512-4708-925A-EE9D0F9199D4}.Release|Any CPU.ActiveCfg = Release|Any CPU
		{9891496C-8512-4708-925A-EE9D0F9199D4}.Release|Any CPU.Build.0 = Release|Any CPU
		{9891496C-8512-4708-925A-EE9D0F9199D4}.Release|x86.ActiveCfg = Release|Any CPU
		{D019B112-55A8-4661-AFF5-329F998D9E28}.alexlocal|Any CPU.ActiveCfg = Release|Any CPU
		{D019B112-55A8-4661-AFF5-329F998D9E28}.alexlocal|Any CPU.Build.0 = Release|Any CPU
		{D019B112-55A8-4661-AFF5-329F998D9E28}.alexlocal|x86.ActiveCfg = Release|Any CPU
		{D019B112-55A8-4661-AFF5-329F998D9E28}.Debug|Any CPU.ActiveCfg = Debug|Any CPU
		{D019B112-55A8-4661-AFF5-329F998D9E28}.Debug|Any CPU.Build.0 = Debug|Any CPU
		{D019B112-55A8-4661-AFF5-329F998D9E28}.Debug|x86.ActiveCfg = Debug|Any CPU
		{D019B112-55A8-4661-AFF5-329F998D9E28}.Demo|Any CPU.ActiveCfg = Demo|Any CPU
		{D019B112-55A8-4661-AFF5-329F998D9E28}.Demo|Any CPU.Build.0 = Demo|Any CPU
		{D019B112-55A8-4661-AFF5-329F998D9E28}.Demo|x86.ActiveCfg = Dev|Any CPU
		{D019B112-55A8-4661-AFF5-329F998D9E28}.Demo|x86.Build.0 = Dev|Any CPU
		{D019B112-55A8-4661-AFF5-329F998D9E28}.Dev|Any CPU.ActiveCfg = Dev|Any CPU
		{D019B112-55A8-4661-AFF5-329F998D9E28}.Dev|Any CPU.Build.0 = Dev|Any CPU
		{D019B112-55A8-4661-AFF5-329F998D9E28}.Dev|x86.ActiveCfg = Dev|Any CPU
		{D019B112-55A8-4661-AFF5-329F998D9E28}.Dev|x86.Build.0 = Dev|Any CPU
		{D019B112-55A8-4661-AFF5-329F998D9E28}.Release|Any CPU.ActiveCfg = Release|Any CPU
		{D019B112-55A8-4661-AFF5-329F998D9E28}.Release|Any CPU.Build.0 = Release|Any CPU
		{D019B112-55A8-4661-AFF5-329F998D9E28}.Release|x86.ActiveCfg = Release|Any CPU
		{4E04FEB2-B452-4739-8336-EA2CEFB18D87}.alexlocal|Any CPU.ActiveCfg = Release|Any CPU
		{4E04FEB2-B452-4739-8336-EA2CEFB18D87}.alexlocal|Any CPU.Build.0 = Release|Any CPU
		{4E04FEB2-B452-4739-8336-EA2CEFB18D87}.alexlocal|x86.ActiveCfg = Release|Any CPU
		{4E04FEB2-B452-4739-8336-EA2CEFB18D87}.Debug|Any CPU.ActiveCfg = Debug|Any CPU
		{4E04FEB2-B452-4739-8336-EA2CEFB18D87}.Debug|Any CPU.Build.0 = Debug|Any CPU
		{4E04FEB2-B452-4739-8336-EA2CEFB18D87}.Debug|x86.ActiveCfg = Debug|Any CPU
		{4E04FEB2-B452-4739-8336-EA2CEFB18D87}.Demo|Any CPU.ActiveCfg = Demo|Any CPU
		{4E04FEB2-B452-4739-8336-EA2CEFB18D87}.Demo|Any CPU.Build.0 = Demo|Any CPU
		{4E04FEB2-B452-4739-8336-EA2CEFB18D87}.Demo|x86.ActiveCfg = Debug|Any CPU
		{4E04FEB2-B452-4739-8336-EA2CEFB18D87}.Demo|x86.Build.0 = Debug|Any CPU
		{4E04FEB2-B452-4739-8336-EA2CEFB18D87}.Dev|Any CPU.ActiveCfg = Dev|Any CPU
		{4E04FEB2-B452-4739-8336-EA2CEFB18D87}.Dev|Any CPU.Build.0 = Dev|Any CPU
		{4E04FEB2-B452-4739-8336-EA2CEFB18D87}.Dev|x86.ActiveCfg = Debug|Any CPU
		{4E04FEB2-B452-4739-8336-EA2CEFB18D87}.Dev|x86.Build.0 = Debug|Any CPU
		{4E04FEB2-B452-4739-8336-EA2CEFB18D87}.Release|Any CPU.ActiveCfg = Release|Any CPU
		{4E04FEB2-B452-4739-8336-EA2CEFB18D87}.Release|Any CPU.Build.0 = Release|Any CPU
		{4E04FEB2-B452-4739-8336-EA2CEFB18D87}.Release|x86.ActiveCfg = Release|Any CPU
		{AD226A7F-0641-4589-93EB-06E5EE7E767B}.alexlocal|Any CPU.ActiveCfg = Release|Any CPU
		{AD226A7F-0641-4589-93EB-06E5EE7E767B}.alexlocal|Any CPU.Build.0 = Release|Any CPU
		{AD226A7F-0641-4589-93EB-06E5EE7E767B}.alexlocal|x86.ActiveCfg = Release|Any CPU
		{AD226A7F-0641-4589-93EB-06E5EE7E767B}.Debug|Any CPU.ActiveCfg = Debug|Any CPU
		{AD226A7F-0641-4589-93EB-06E5EE7E767B}.Debug|Any CPU.Build.0 = Debug|Any CPU
		{AD226A7F-0641-4589-93EB-06E5EE7E767B}.Debug|x86.ActiveCfg = Debug|Any CPU
		{AD226A7F-0641-4589-93EB-06E5EE7E767B}.Demo|Any CPU.ActiveCfg = Demo|Any CPU
		{AD226A7F-0641-4589-93EB-06E5EE7E767B}.Demo|Any CPU.Build.0 = Demo|Any CPU
		{AD226A7F-0641-4589-93EB-06E5EE7E767B}.Demo|x86.ActiveCfg = Debug|Any CPU
		{AD226A7F-0641-4589-93EB-06E5EE7E767B}.Demo|x86.Build.0 = Debug|Any CPU
		{AD226A7F-0641-4589-93EB-06E5EE7E767B}.Dev|Any CPU.ActiveCfg = Dev|Any CPU
		{AD226A7F-0641-4589-93EB-06E5EE7E767B}.Dev|Any CPU.Build.0 = Dev|Any CPU
		{AD226A7F-0641-4589-93EB-06E5EE7E767B}.Dev|x86.ActiveCfg = Debug|Any CPU
		{AD226A7F-0641-4589-93EB-06E5EE7E767B}.Dev|x86.Build.0 = Debug|Any CPU
		{AD226A7F-0641-4589-93EB-06E5EE7E767B}.Release|Any CPU.ActiveCfg = Release|Any CPU
		{AD226A7F-0641-4589-93EB-06E5EE7E767B}.Release|Any CPU.Build.0 = Release|Any CPU
		{AD226A7F-0641-4589-93EB-06E5EE7E767B}.Release|x86.ActiveCfg = Release|Any CPU
		{990DB8CB-AAD6-42FE-940D-3A731DF56ABE}.alexlocal|Any CPU.ActiveCfg = Release|Any CPU
		{990DB8CB-AAD6-42FE-940D-3A731DF56ABE}.alexlocal|Any CPU.Build.0 = Release|Any CPU
		{990DB8CB-AAD6-42FE-940D-3A731DF56ABE}.alexlocal|x86.ActiveCfg = Release|Any CPU
		{990DB8CB-AAD6-42FE-940D-3A731DF56ABE}.Debug|Any CPU.ActiveCfg = Debug|Any CPU
		{990DB8CB-AAD6-42FE-940D-3A731DF56ABE}.Debug|Any CPU.Build.0 = Debug|Any CPU
		{990DB8CB-AAD6-42FE-940D-3A731DF56ABE}.Debug|x86.ActiveCfg = Debug|Any CPU
		{990DB8CB-AAD6-42FE-940D-3A731DF56ABE}.Demo|Any CPU.ActiveCfg = Demo|Any CPU
		{990DB8CB-AAD6-42FE-940D-3A731DF56ABE}.Demo|Any CPU.Build.0 = Demo|Any CPU
		{990DB8CB-AAD6-42FE-940D-3A731DF56ABE}.Demo|x86.ActiveCfg = Dev|Any CPU
		{990DB8CB-AAD6-42FE-940D-3A731DF56ABE}.Demo|x86.Build.0 = Dev|Any CPU
		{990DB8CB-AAD6-42FE-940D-3A731DF56ABE}.Dev|Any CPU.ActiveCfg = Dev|Any CPU
		{990DB8CB-AAD6-42FE-940D-3A731DF56ABE}.Dev|Any CPU.Build.0 = Dev|Any CPU
		{990DB8CB-AAD6-42FE-940D-3A731DF56ABE}.Dev|x86.ActiveCfg = Dev|Any CPU
		{990DB8CB-AAD6-42FE-940D-3A731DF56ABE}.Dev|x86.Build.0 = Dev|Any CPU
		{990DB8CB-AAD6-42FE-940D-3A731DF56ABE}.Release|Any CPU.ActiveCfg = Release|Any CPU
		{990DB8CB-AAD6-42FE-940D-3A731DF56ABE}.Release|Any CPU.Build.0 = Release|Any CPU
		{990DB8CB-AAD6-42FE-940D-3A731DF56ABE}.Release|x86.ActiveCfg = Release|Any CPU
		{85CB0215-96DF-4C38-A022-1BE6C952813B}.alexlocal|Any CPU.ActiveCfg = Release|Any CPU
		{85CB0215-96DF-4C38-A022-1BE6C952813B}.alexlocal|Any CPU.Build.0 = Release|Any CPU
		{85CB0215-96DF-4C38-A022-1BE6C952813B}.alexlocal|x86.ActiveCfg = Release|Any CPU
		{85CB0215-96DF-4C38-A022-1BE6C952813B}.Debug|Any CPU.ActiveCfg = Debug|Any CPU
		{85CB0215-96DF-4C38-A022-1BE6C952813B}.Debug|Any CPU.Build.0 = Debug|Any CPU
		{85CB0215-96DF-4C38-A022-1BE6C952813B}.Debug|x86.ActiveCfg = Debug|Any CPU
		{85CB0215-96DF-4C38-A022-1BE6C952813B}.Demo|Any CPU.ActiveCfg = Demo|Any CPU
		{85CB0215-96DF-4C38-A022-1BE6C952813B}.Demo|Any CPU.Build.0 = Demo|Any CPU
		{85CB0215-96DF-4C38-A022-1BE6C952813B}.Demo|x86.ActiveCfg = Dev|Any CPU
		{85CB0215-96DF-4C38-A022-1BE6C952813B}.Demo|x86.Build.0 = Dev|Any CPU
		{85CB0215-96DF-4C38-A022-1BE6C952813B}.Dev|Any CPU.ActiveCfg = Dev|Any CPU
		{85CB0215-96DF-4C38-A022-1BE6C952813B}.Dev|Any CPU.Build.0 = Dev|Any CPU
		{85CB0215-96DF-4C38-A022-1BE6C952813B}.Dev|x86.ActiveCfg = Dev|Any CPU
		{85CB0215-96DF-4C38-A022-1BE6C952813B}.Dev|x86.Build.0 = Dev|Any CPU
		{85CB0215-96DF-4C38-A022-1BE6C952813B}.Release|Any CPU.ActiveCfg = Release|Any CPU
		{85CB0215-96DF-4C38-A022-1BE6C952813B}.Release|Any CPU.Build.0 = Release|Any CPU
		{85CB0215-96DF-4C38-A022-1BE6C952813B}.Release|x86.ActiveCfg = Release|Any CPU
		{57373D06-6B82-4EC6-AF62-ED25FE170C61}.alexlocal|Any CPU.ActiveCfg = Release|Any CPU
		{57373D06-6B82-4EC6-AF62-ED25FE170C61}.alexlocal|Any CPU.Build.0 = Release|Any CPU
		{57373D06-6B82-4EC6-AF62-ED25FE170C61}.alexlocal|x86.ActiveCfg = Release|Any CPU
		{57373D06-6B82-4EC6-AF62-ED25FE170C61}.Debug|Any CPU.ActiveCfg = Debug|Any CPU
		{57373D06-6B82-4EC6-AF62-ED25FE170C61}.Debug|Any CPU.Build.0 = Debug|Any CPU
		{57373D06-6B82-4EC6-AF62-ED25FE170C61}.Debug|x86.ActiveCfg = Debug|Any CPU
		{57373D06-6B82-4EC6-AF62-ED25FE170C61}.Demo|Any CPU.ActiveCfg = Demo|Any CPU
		{57373D06-6B82-4EC6-AF62-ED25FE170C61}.Demo|Any CPU.Build.0 = Demo|Any CPU
		{57373D06-6B82-4EC6-AF62-ED25FE170C61}.Demo|x86.ActiveCfg = Dev|Any CPU
		{57373D06-6B82-4EC6-AF62-ED25FE170C61}.Demo|x86.Build.0 = Dev|Any CPU
		{57373D06-6B82-4EC6-AF62-ED25FE170C61}.Dev|Any CPU.ActiveCfg = Dev|Any CPU
		{57373D06-6B82-4EC6-AF62-ED25FE170C61}.Dev|Any CPU.Build.0 = Dev|Any CPU
		{57373D06-6B82-4EC6-AF62-ED25FE170C61}.Dev|x86.ActiveCfg = Dev|Any CPU
		{57373D06-6B82-4EC6-AF62-ED25FE170C61}.Dev|x86.Build.0 = Dev|Any CPU
		{57373D06-6B82-4EC6-AF62-ED25FE170C61}.Release|Any CPU.ActiveCfg = Release|Any CPU
		{57373D06-6B82-4EC6-AF62-ED25FE170C61}.Release|Any CPU.Build.0 = Release|Any CPU
		{57373D06-6B82-4EC6-AF62-ED25FE170C61}.Release|x86.ActiveCfg = Release|Any CPU
		{14404298-4182-4D43-8098-5A199ED2FCAA}.alexlocal|Any CPU.ActiveCfg = Release|Any CPU
		{14404298-4182-4D43-8098-5A199ED2FCAA}.alexlocal|Any CPU.Build.0 = Release|Any CPU
		{14404298-4182-4D43-8098-5A199ED2FCAA}.alexlocal|x86.ActiveCfg = Release|Any CPU
		{14404298-4182-4D43-8098-5A199ED2FCAA}.Debug|Any CPU.ActiveCfg = Debug|Any CPU
		{14404298-4182-4D43-8098-5A199ED2FCAA}.Debug|Any CPU.Build.0 = Debug|Any CPU
		{14404298-4182-4D43-8098-5A199ED2FCAA}.Debug|x86.ActiveCfg = Debug|Any CPU
		{14404298-4182-4D43-8098-5A199ED2FCAA}.Demo|Any CPU.ActiveCfg = Demo|Any CPU
		{14404298-4182-4D43-8098-5A199ED2FCAA}.Demo|Any CPU.Build.0 = Demo|Any CPU
		{14404298-4182-4D43-8098-5A199ED2FCAA}.Demo|x86.ActiveCfg = Dev|Any CPU
		{14404298-4182-4D43-8098-5A199ED2FCAA}.Demo|x86.Build.0 = Dev|Any CPU
		{14404298-4182-4D43-8098-5A199ED2FCAA}.Dev|Any CPU.ActiveCfg = Dev|Any CPU
		{14404298-4182-4D43-8098-5A199ED2FCAA}.Dev|Any CPU.Build.0 = Dev|Any CPU
		{14404298-4182-4D43-8098-5A199ED2FCAA}.Dev|x86.ActiveCfg = Dev|Any CPU
		{14404298-4182-4D43-8098-5A199ED2FCAA}.Dev|x86.Build.0 = Dev|Any CPU
		{14404298-4182-4D43-8098-5A199ED2FCAA}.Release|Any CPU.ActiveCfg = Release|Any CPU
		{14404298-4182-4D43-8098-5A199ED2FCAA}.Release|Any CPU.Build.0 = Release|Any CPU
		{14404298-4182-4D43-8098-5A199ED2FCAA}.Release|x86.ActiveCfg = Release|Any CPU
		{6C3090FC-50D2-4A7E-9B29-EAB9D8802F42}.alexlocal|Any CPU.ActiveCfg = Release|Any CPU
		{6C3090FC-50D2-4A7E-9B29-EAB9D8802F42}.alexlocal|Any CPU.Build.0 = Release|Any CPU
		{6C3090FC-50D2-4A7E-9B29-EAB9D8802F42}.alexlocal|x86.ActiveCfg = Release|Any CPU
		{6C3090FC-50D2-4A7E-9B29-EAB9D8802F42}.Debug|Any CPU.ActiveCfg = Debug|Any CPU
		{6C3090FC-50D2-4A7E-9B29-EAB9D8802F42}.Debug|Any CPU.Build.0 = Debug|Any CPU
		{6C3090FC-50D2-4A7E-9B29-EAB9D8802F42}.Debug|x86.ActiveCfg = Debug|Any CPU
		{6C3090FC-50D2-4A7E-9B29-EAB9D8802F42}.Demo|Any CPU.ActiveCfg = Demo|Any CPU
		{6C3090FC-50D2-4A7E-9B29-EAB9D8802F42}.Demo|Any CPU.Build.0 = Demo|Any CPU
		{6C3090FC-50D2-4A7E-9B29-EAB9D8802F42}.Demo|x86.ActiveCfg = Dev|Any CPU
		{6C3090FC-50D2-4A7E-9B29-EAB9D8802F42}.Dev|Any CPU.ActiveCfg = Dev|Any CPU
		{6C3090FC-50D2-4A7E-9B29-EAB9D8802F42}.Dev|Any CPU.Build.0 = Dev|Any CPU
		{6C3090FC-50D2-4A7E-9B29-EAB9D8802F42}.Dev|x86.ActiveCfg = Dev|Any CPU
		{6C3090FC-50D2-4A7E-9B29-EAB9D8802F42}.Release|Any CPU.ActiveCfg = Release|Any CPU
		{6C3090FC-50D2-4A7E-9B29-EAB9D8802F42}.Release|Any CPU.Build.0 = Release|Any CPU
		{6C3090FC-50D2-4A7E-9B29-EAB9D8802F42}.Release|x86.ActiveCfg = Release|Any CPU
		{FA105E66-8756-4F57-8230-2A52BFEBDDC6}.alexlocal|Any CPU.ActiveCfg = Release|Any CPU
		{FA105E66-8756-4F57-8230-2A52BFEBDDC6}.alexlocal|Any CPU.Build.0 = Release|Any CPU
		{FA105E66-8756-4F57-8230-2A52BFEBDDC6}.alexlocal|x86.ActiveCfg = Release|Any CPU
		{FA105E66-8756-4F57-8230-2A52BFEBDDC6}.Debug|Any CPU.ActiveCfg = Debug|Any CPU
		{FA105E66-8756-4F57-8230-2A52BFEBDDC6}.Debug|Any CPU.Build.0 = Debug|Any CPU
		{FA105E66-8756-4F57-8230-2A52BFEBDDC6}.Debug|x86.ActiveCfg = Debug|Any CPU
		{FA105E66-8756-4F57-8230-2A52BFEBDDC6}.Demo|Any CPU.ActiveCfg = Demo|Any CPU
		{FA105E66-8756-4F57-8230-2A52BFEBDDC6}.Demo|Any CPU.Build.0 = Demo|Any CPU
		{FA105E66-8756-4F57-8230-2A52BFEBDDC6}.Demo|x86.ActiveCfg = Debug|Any CPU
		{FA105E66-8756-4F57-8230-2A52BFEBDDC6}.Dev|Any CPU.ActiveCfg = Dev|Any CPU
		{FA105E66-8756-4F57-8230-2A52BFEBDDC6}.Dev|Any CPU.Build.0 = Dev|Any CPU
		{FA105E66-8756-4F57-8230-2A52BFEBDDC6}.Dev|x86.ActiveCfg = Debug|Any CPU
		{FA105E66-8756-4F57-8230-2A52BFEBDDC6}.Release|Any CPU.ActiveCfg = Release|Any CPU
		{FA105E66-8756-4F57-8230-2A52BFEBDDC6}.Release|Any CPU.Build.0 = Release|Any CPU
		{FA105E66-8756-4F57-8230-2A52BFEBDDC6}.Release|x86.ActiveCfg = Release|Any CPU
		{CDDCCFAB-28B8-446C-8585-72D2BB78F2DC}.alexlocal|Any CPU.ActiveCfg = Release|Any CPU
		{CDDCCFAB-28B8-446C-8585-72D2BB78F2DC}.alexlocal|Any CPU.Build.0 = Release|Any CPU
		{CDDCCFAB-28B8-446C-8585-72D2BB78F2DC}.alexlocal|x86.ActiveCfg = Release|Any CPU
		{CDDCCFAB-28B8-446C-8585-72D2BB78F2DC}.Debug|Any CPU.ActiveCfg = Debug|Any CPU
		{CDDCCFAB-28B8-446C-8585-72D2BB78F2DC}.Debug|Any CPU.Build.0 = Debug|Any CPU
		{CDDCCFAB-28B8-446C-8585-72D2BB78F2DC}.Debug|x86.ActiveCfg = Debug|Any CPU
		{CDDCCFAB-28B8-446C-8585-72D2BB78F2DC}.Demo|Any CPU.ActiveCfg = Demo|Any CPU
		{CDDCCFAB-28B8-446C-8585-72D2BB78F2DC}.Demo|Any CPU.Build.0 = Demo|Any CPU
		{CDDCCFAB-28B8-446C-8585-72D2BB78F2DC}.Demo|x86.ActiveCfg = Debug|Any CPU
		{CDDCCFAB-28B8-446C-8585-72D2BB78F2DC}.Dev|Any CPU.ActiveCfg = Dev|Any CPU
		{CDDCCFAB-28B8-446C-8585-72D2BB78F2DC}.Dev|Any CPU.Build.0 = Dev|Any CPU
		{CDDCCFAB-28B8-446C-8585-72D2BB78F2DC}.Dev|x86.ActiveCfg = Debug|Any CPU
		{CDDCCFAB-28B8-446C-8585-72D2BB78F2DC}.Release|Any CPU.ActiveCfg = Release|Any CPU
		{CDDCCFAB-28B8-446C-8585-72D2BB78F2DC}.Release|Any CPU.Build.0 = Release|Any CPU
		{CDDCCFAB-28B8-446C-8585-72D2BB78F2DC}.Release|x86.ActiveCfg = Release|Any CPU
		{1E8DD13A-846B-4C36-A9C4-5997C5FD74FF}.alexlocal|Any CPU.ActiveCfg = Release|Any CPU
		{1E8DD13A-846B-4C36-A9C4-5997C5FD74FF}.alexlocal|Any CPU.Build.0 = Release|Any CPU
		{1E8DD13A-846B-4C36-A9C4-5997C5FD74FF}.alexlocal|x86.ActiveCfg = Release|Any CPU
		{1E8DD13A-846B-4C36-A9C4-5997C5FD74FF}.Debug|Any CPU.ActiveCfg = Debug|Any CPU
		{1E8DD13A-846B-4C36-A9C4-5997C5FD74FF}.Debug|Any CPU.Build.0 = Debug|Any CPU
		{1E8DD13A-846B-4C36-A9C4-5997C5FD74FF}.Debug|x86.ActiveCfg = Debug|Any CPU
		{1E8DD13A-846B-4C36-A9C4-5997C5FD74FF}.Demo|Any CPU.ActiveCfg = Demo|Any CPU
		{1E8DD13A-846B-4C36-A9C4-5997C5FD74FF}.Demo|Any CPU.Build.0 = Demo|Any CPU
		{1E8DD13A-846B-4C36-A9C4-5997C5FD74FF}.Demo|x86.ActiveCfg = Debug|Any CPU
		{1E8DD13A-846B-4C36-A9C4-5997C5FD74FF}.Dev|Any CPU.ActiveCfg = Dev|Any CPU
		{1E8DD13A-846B-4C36-A9C4-5997C5FD74FF}.Dev|Any CPU.Build.0 = Dev|Any CPU
		{1E8DD13A-846B-4C36-A9C4-5997C5FD74FF}.Dev|x86.ActiveCfg = Debug|Any CPU
		{1E8DD13A-846B-4C36-A9C4-5997C5FD74FF}.Release|Any CPU.ActiveCfg = Release|Any CPU
		{1E8DD13A-846B-4C36-A9C4-5997C5FD74FF}.Release|Any CPU.Build.0 = Release|Any CPU
		{1E8DD13A-846B-4C36-A9C4-5997C5FD74FF}.Release|x86.ActiveCfg = Release|Any CPU
		{1E1AB01B-F6AB-4420-BF1D-5E6EF41D76BF}.alexlocal|Any CPU.ActiveCfg = Dev|Any CPU
		{1E1AB01B-F6AB-4420-BF1D-5E6EF41D76BF}.alexlocal|Any CPU.Build.0 = Dev|Any CPU
		{1E1AB01B-F6AB-4420-BF1D-5E6EF41D76BF}.alexlocal|x86.ActiveCfg = Dev|Any CPU
		{1E1AB01B-F6AB-4420-BF1D-5E6EF41D76BF}.alexlocal|x86.Build.0 = Dev|Any CPU
		{1E1AB01B-F6AB-4420-BF1D-5E6EF41D76BF}.Debug|Any CPU.ActiveCfg = Debug|Any CPU
		{1E1AB01B-F6AB-4420-BF1D-5E6EF41D76BF}.Debug|Any CPU.Build.0 = Debug|Any CPU
		{1E1AB01B-F6AB-4420-BF1D-5E6EF41D76BF}.Debug|x86.ActiveCfg = Debug|Any CPU
		{1E1AB01B-F6AB-4420-BF1D-5E6EF41D76BF}.Debug|x86.Build.0 = Debug|Any CPU
		{1E1AB01B-F6AB-4420-BF1D-5E6EF41D76BF}.Demo|Any CPU.ActiveCfg = Demo|Any CPU
		{1E1AB01B-F6AB-4420-BF1D-5E6EF41D76BF}.Demo|Any CPU.Build.0 = Demo|Any CPU
		{1E1AB01B-F6AB-4420-BF1D-5E6EF41D76BF}.Demo|x86.ActiveCfg = Dev|Any CPU
		{1E1AB01B-F6AB-4420-BF1D-5E6EF41D76BF}.Demo|x86.Build.0 = Dev|Any CPU
		{1E1AB01B-F6AB-4420-BF1D-5E6EF41D76BF}.Dev|Any CPU.ActiveCfg = Dev|Any CPU
		{1E1AB01B-F6AB-4420-BF1D-5E6EF41D76BF}.Dev|Any CPU.Build.0 = Dev|Any CPU
		{1E1AB01B-F6AB-4420-BF1D-5E6EF41D76BF}.Dev|x86.ActiveCfg = Dev|Any CPU
		{1E1AB01B-F6AB-4420-BF1D-5E6EF41D76BF}.Dev|x86.Build.0 = Dev|Any CPU
		{1E1AB01B-F6AB-4420-BF1D-5E6EF41D76BF}.Release|Any CPU.ActiveCfg = Release|Any CPU
		{1E1AB01B-F6AB-4420-BF1D-5E6EF41D76BF}.Release|Any CPU.Build.0 = Release|Any CPU
		{1E1AB01B-F6AB-4420-BF1D-5E6EF41D76BF}.Release|x86.ActiveCfg = Release|Any CPU
		{1E1AB01B-F6AB-4420-BF1D-5E6EF41D76BF}.Release|x86.Build.0 = Release|Any CPU
		{CFBA4468-222F-4255-8D94-809ACBF7AC47}.alexlocal|Any CPU.ActiveCfg = Dev|Any CPU
		{CFBA4468-222F-4255-8D94-809ACBF7AC47}.alexlocal|Any CPU.Build.0 = Dev|Any CPU
		{CFBA4468-222F-4255-8D94-809ACBF7AC47}.alexlocal|x86.ActiveCfg = Dev|Any CPU
		{CFBA4468-222F-4255-8D94-809ACBF7AC47}.alexlocal|x86.Build.0 = Dev|Any CPU
		{CFBA4468-222F-4255-8D94-809ACBF7AC47}.Debug|Any CPU.ActiveCfg = Debug|Any CPU
		{CFBA4468-222F-4255-8D94-809ACBF7AC47}.Debug|Any CPU.Build.0 = Debug|Any CPU
		{CFBA4468-222F-4255-8D94-809ACBF7AC47}.Debug|x86.ActiveCfg = Debug|Any CPU
		{CFBA4468-222F-4255-8D94-809ACBF7AC47}.Debug|x86.Build.0 = Debug|Any CPU
		{CFBA4468-222F-4255-8D94-809ACBF7AC47}.Demo|Any CPU.ActiveCfg = Demo|Any CPU
		{CFBA4468-222F-4255-8D94-809ACBF7AC47}.Demo|Any CPU.Build.0 = Demo|Any CPU
		{CFBA4468-222F-4255-8D94-809ACBF7AC47}.Demo|x86.ActiveCfg = Dev|Any CPU
		{CFBA4468-222F-4255-8D94-809ACBF7AC47}.Demo|x86.Build.0 = Dev|Any CPU
		{CFBA4468-222F-4255-8D94-809ACBF7AC47}.Dev|Any CPU.ActiveCfg = Dev|Any CPU
		{CFBA4468-222F-4255-8D94-809ACBF7AC47}.Dev|Any CPU.Build.0 = Dev|Any CPU
		{CFBA4468-222F-4255-8D94-809ACBF7AC47}.Dev|x86.ActiveCfg = Dev|Any CPU
		{CFBA4468-222F-4255-8D94-809ACBF7AC47}.Dev|x86.Build.0 = Dev|Any CPU
		{CFBA4468-222F-4255-8D94-809ACBF7AC47}.Release|Any CPU.ActiveCfg = Release|Any CPU
		{CFBA4468-222F-4255-8D94-809ACBF7AC47}.Release|Any CPU.Build.0 = Release|Any CPU
		{CFBA4468-222F-4255-8D94-809ACBF7AC47}.Release|x86.ActiveCfg = Release|Any CPU
		{CFBA4468-222F-4255-8D94-809ACBF7AC47}.Release|x86.Build.0 = Release|Any CPU
		{42F21CE5-C8D1-4083-937B-951B92C2F93C}.alexlocal|Any CPU.ActiveCfg = Release|Any CPU
		{42F21CE5-C8D1-4083-937B-951B92C2F93C}.alexlocal|Any CPU.Build.0 = Release|Any CPU
		{42F21CE5-C8D1-4083-937B-951B92C2F93C}.alexlocal|x86.ActiveCfg = Release|Any CPU
		{42F21CE5-C8D1-4083-937B-951B92C2F93C}.alexlocal|x86.Build.0 = Release|Any CPU
		{42F21CE5-C8D1-4083-937B-951B92C2F93C}.Debug|Any CPU.ActiveCfg = Debug|Any CPU
		{42F21CE5-C8D1-4083-937B-951B92C2F93C}.Debug|Any CPU.Build.0 = Debug|Any CPU
		{42F21CE5-C8D1-4083-937B-951B92C2F93C}.Debug|x86.ActiveCfg = Debug|Any CPU
		{42F21CE5-C8D1-4083-937B-951B92C2F93C}.Debug|x86.Build.0 = Debug|Any CPU
		{42F21CE5-C8D1-4083-937B-951B92C2F93C}.Demo|Any CPU.ActiveCfg = Demo|Any CPU
		{42F21CE5-C8D1-4083-937B-951B92C2F93C}.Demo|Any CPU.Build.0 = Demo|Any CPU
		{42F21CE5-C8D1-4083-937B-951B92C2F93C}.Demo|x86.ActiveCfg = Dev|Any CPU
		{42F21CE5-C8D1-4083-937B-951B92C2F93C}.Demo|x86.Build.0 = Dev|Any CPU
		{42F21CE5-C8D1-4083-937B-951B92C2F93C}.Dev|Any CPU.ActiveCfg = Dev|Any CPU
		{42F21CE5-C8D1-4083-937B-951B92C2F93C}.Dev|Any CPU.Build.0 = Dev|Any CPU
		{42F21CE5-C8D1-4083-937B-951B92C2F93C}.Dev|x86.ActiveCfg = Dev|Any CPU
		{42F21CE5-C8D1-4083-937B-951B92C2F93C}.Dev|x86.Build.0 = Dev|Any CPU
		{42F21CE5-C8D1-4083-937B-951B92C2F93C}.Release|Any CPU.ActiveCfg = Release|Any CPU
		{42F21CE5-C8D1-4083-937B-951B92C2F93C}.Release|Any CPU.Build.0 = Release|Any CPU
		{42F21CE5-C8D1-4083-937B-951B92C2F93C}.Release|x86.ActiveCfg = Release|Any CPU
		{42F21CE5-C8D1-4083-937B-951B92C2F93C}.Release|x86.Build.0 = Release|Any CPU
		{40625AD3-D5D2-4CF0-8E3E-FD232A54A808}.alexlocal|Any CPU.ActiveCfg = Release|Any CPU
		{40625AD3-D5D2-4CF0-8E3E-FD232A54A808}.alexlocal|Any CPU.Build.0 = Release|Any CPU
		{40625AD3-D5D2-4CF0-8E3E-FD232A54A808}.alexlocal|x86.ActiveCfg = Release|Any CPU
		{40625AD3-D5D2-4CF0-8E3E-FD232A54A808}.Debug|Any CPU.ActiveCfg = Debug|Any CPU
		{40625AD3-D5D2-4CF0-8E3E-FD232A54A808}.Debug|Any CPU.Build.0 = Debug|Any CPU
		{40625AD3-D5D2-4CF0-8E3E-FD232A54A808}.Debug|x86.ActiveCfg = Debug|Any CPU
		{40625AD3-D5D2-4CF0-8E3E-FD232A54A808}.Demo|Any CPU.ActiveCfg = Demo|Any CPU
		{40625AD3-D5D2-4CF0-8E3E-FD232A54A808}.Demo|Any CPU.Build.0 = Demo|Any CPU
		{40625AD3-D5D2-4CF0-8E3E-FD232A54A808}.Demo|x86.ActiveCfg = Dev|Any CPU
		{40625AD3-D5D2-4CF0-8E3E-FD232A54A808}.Dev|Any CPU.ActiveCfg = Dev|Any CPU
		{40625AD3-D5D2-4CF0-8E3E-FD232A54A808}.Dev|Any CPU.Build.0 = Dev|Any CPU
		{40625AD3-D5D2-4CF0-8E3E-FD232A54A808}.Dev|x86.ActiveCfg = Dev|Any CPU
		{40625AD3-D5D2-4CF0-8E3E-FD232A54A808}.Release|Any CPU.ActiveCfg = Release|Any CPU
		{40625AD3-D5D2-4CF0-8E3E-FD232A54A808}.Release|Any CPU.Build.0 = Release|Any CPU
		{40625AD3-D5D2-4CF0-8E3E-FD232A54A808}.Release|x86.ActiveCfg = Release|Any CPU
		{74D9BDC7-7B46-456F-B3C5-A4CDB5D74D7B}.alexlocal|Any CPU.ActiveCfg = Dev|Any CPU
		{74D9BDC7-7B46-456F-B3C5-A4CDB5D74D7B}.alexlocal|Any CPU.Build.0 = Dev|Any CPU
		{74D9BDC7-7B46-456F-B3C5-A4CDB5D74D7B}.alexlocal|x86.ActiveCfg = Dev|Any CPU
		{74D9BDC7-7B46-456F-B3C5-A4CDB5D74D7B}.alexlocal|x86.Build.0 = Dev|Any CPU
		{74D9BDC7-7B46-456F-B3C5-A4CDB5D74D7B}.Debug|Any CPU.ActiveCfg = Debug|Any CPU
		{74D9BDC7-7B46-456F-B3C5-A4CDB5D74D7B}.Debug|Any CPU.Build.0 = Debug|Any CPU
		{74D9BDC7-7B46-456F-B3C5-A4CDB5D74D7B}.Debug|x86.ActiveCfg = Debug|Any CPU
		{74D9BDC7-7B46-456F-B3C5-A4CDB5D74D7B}.Debug|x86.Build.0 = Debug|Any CPU
		{74D9BDC7-7B46-456F-B3C5-A4CDB5D74D7B}.Demo|Any CPU.ActiveCfg = Demo|Any CPU
		{74D9BDC7-7B46-456F-B3C5-A4CDB5D74D7B}.Demo|Any CPU.Build.0 = Demo|Any CPU
		{74D9BDC7-7B46-456F-B3C5-A4CDB5D74D7B}.Demo|x86.ActiveCfg = Dev|Any CPU
		{74D9BDC7-7B46-456F-B3C5-A4CDB5D74D7B}.Demo|x86.Build.0 = Dev|Any CPU
		{74D9BDC7-7B46-456F-B3C5-A4CDB5D74D7B}.Dev|Any CPU.ActiveCfg = Dev|Any CPU
		{74D9BDC7-7B46-456F-B3C5-A4CDB5D74D7B}.Dev|Any CPU.Build.0 = Dev|Any CPU
		{74D9BDC7-7B46-456F-B3C5-A4CDB5D74D7B}.Dev|x86.ActiveCfg = Dev|Any CPU
		{74D9BDC7-7B46-456F-B3C5-A4CDB5D74D7B}.Dev|x86.Build.0 = Dev|Any CPU
		{74D9BDC7-7B46-456F-B3C5-A4CDB5D74D7B}.Release|Any CPU.ActiveCfg = Release|Any CPU
		{74D9BDC7-7B46-456F-B3C5-A4CDB5D74D7B}.Release|Any CPU.Build.0 = Release|Any CPU
		{74D9BDC7-7B46-456F-B3C5-A4CDB5D74D7B}.Release|x86.ActiveCfg = Release|Any CPU
		{74D9BDC7-7B46-456F-B3C5-A4CDB5D74D7B}.Release|x86.Build.0 = Release|Any CPU
		{579BA25F-1DF5-474A-8A3E-0447FF75711C}.alexlocal|Any CPU.ActiveCfg = Dev|Any CPU
		{579BA25F-1DF5-474A-8A3E-0447FF75711C}.alexlocal|Any CPU.Build.0 = Dev|Any CPU
		{579BA25F-1DF5-474A-8A3E-0447FF75711C}.alexlocal|x86.ActiveCfg = Dev|Any CPU
		{579BA25F-1DF5-474A-8A3E-0447FF75711C}.alexlocal|x86.Build.0 = Dev|Any CPU
		{579BA25F-1DF5-474A-8A3E-0447FF75711C}.Debug|Any CPU.ActiveCfg = Debug|Any CPU
		{579BA25F-1DF5-474A-8A3E-0447FF75711C}.Debug|Any CPU.Build.0 = Debug|Any CPU
		{579BA25F-1DF5-474A-8A3E-0447FF75711C}.Debug|x86.ActiveCfg = Debug|Any CPU
		{579BA25F-1DF5-474A-8A3E-0447FF75711C}.Debug|x86.Build.0 = Debug|Any CPU
		{579BA25F-1DF5-474A-8A3E-0447FF75711C}.Demo|Any CPU.ActiveCfg = Demo|Any CPU
		{579BA25F-1DF5-474A-8A3E-0447FF75711C}.Demo|Any CPU.Build.0 = Demo|Any CPU
		{579BA25F-1DF5-474A-8A3E-0447FF75711C}.Demo|x86.ActiveCfg = Dev|Any CPU
		{579BA25F-1DF5-474A-8A3E-0447FF75711C}.Demo|x86.Build.0 = Dev|Any CPU
		{579BA25F-1DF5-474A-8A3E-0447FF75711C}.Dev|Any CPU.ActiveCfg = Dev|Any CPU
		{579BA25F-1DF5-474A-8A3E-0447FF75711C}.Dev|Any CPU.Build.0 = Dev|Any CPU
		{579BA25F-1DF5-474A-8A3E-0447FF75711C}.Dev|x86.ActiveCfg = Dev|Any CPU
		{579BA25F-1DF5-474A-8A3E-0447FF75711C}.Dev|x86.Build.0 = Dev|Any CPU
		{579BA25F-1DF5-474A-8A3E-0447FF75711C}.Release|Any CPU.ActiveCfg = Release|Any CPU
		{579BA25F-1DF5-474A-8A3E-0447FF75711C}.Release|Any CPU.Build.0 = Release|Any CPU
		{579BA25F-1DF5-474A-8A3E-0447FF75711C}.Release|x86.ActiveCfg = Release|Any CPU
		{579BA25F-1DF5-474A-8A3E-0447FF75711C}.Release|x86.Build.0 = Release|Any CPU
		{83231577-13A5-419F-8269-02AE59D8951A}.alexlocal|Any CPU.ActiveCfg = Release|Any CPU
		{83231577-13A5-419F-8269-02AE59D8951A}.alexlocal|Any CPU.Build.0 = Release|Any CPU
		{83231577-13A5-419F-8269-02AE59D8951A}.alexlocal|x86.ActiveCfg = Release|Any CPU
		{83231577-13A5-419F-8269-02AE59D8951A}.Debug|Any CPU.ActiveCfg = Debug|Any CPU
		{83231577-13A5-419F-8269-02AE59D8951A}.Debug|Any CPU.Build.0 = Debug|Any CPU
		{83231577-13A5-419F-8269-02AE59D8951A}.Debug|x86.ActiveCfg = Debug|Any CPU
		{83231577-13A5-419F-8269-02AE59D8951A}.Demo|Any CPU.ActiveCfg = Demo|Any CPU
		{83231577-13A5-419F-8269-02AE59D8951A}.Demo|Any CPU.Build.0 = Demo|Any CPU
		{83231577-13A5-419F-8269-02AE59D8951A}.Demo|x86.ActiveCfg = Debug|Any CPU
		{83231577-13A5-419F-8269-02AE59D8951A}.Dev|Any CPU.ActiveCfg = Dev|Any CPU
		{83231577-13A5-419F-8269-02AE59D8951A}.Dev|Any CPU.Build.0 = Dev|Any CPU
		{83231577-13A5-419F-8269-02AE59D8951A}.Dev|x86.ActiveCfg = Debug|Any CPU
		{83231577-13A5-419F-8269-02AE59D8951A}.Release|Any CPU.ActiveCfg = Release|Any CPU
		{83231577-13A5-419F-8269-02AE59D8951A}.Release|Any CPU.Build.0 = Release|Any CPU
		{83231577-13A5-419F-8269-02AE59D8951A}.Release|x86.ActiveCfg = Release|Any CPU
		{A6E317FA-2EB0-4447-8ECD-6725F6B78435}.alexlocal|Any CPU.ActiveCfg = Release|Any CPU
		{A6E317FA-2EB0-4447-8ECD-6725F6B78435}.alexlocal|Any CPU.Build.0 = Release|Any CPU
		{A6E317FA-2EB0-4447-8ECD-6725F6B78435}.alexlocal|x86.ActiveCfg = Release|Any CPU
		{A6E317FA-2EB0-4447-8ECD-6725F6B78435}.Debug|Any CPU.ActiveCfg = Debug|Any CPU
		{A6E317FA-2EB0-4447-8ECD-6725F6B78435}.Debug|Any CPU.Build.0 = Debug|Any CPU
		{A6E317FA-2EB0-4447-8ECD-6725F6B78435}.Debug|x86.ActiveCfg = Debug|Any CPU
		{A6E317FA-2EB0-4447-8ECD-6725F6B78435}.Demo|Any CPU.ActiveCfg = Demo|Any CPU
		{A6E317FA-2EB0-4447-8ECD-6725F6B78435}.Demo|Any CPU.Build.0 = Demo|Any CPU
		{A6E317FA-2EB0-4447-8ECD-6725F6B78435}.Demo|x86.ActiveCfg = Debug|Any CPU
		{A6E317FA-2EB0-4447-8ECD-6725F6B78435}.Dev|Any CPU.ActiveCfg = Dev|Any CPU
		{A6E317FA-2EB0-4447-8ECD-6725F6B78435}.Dev|Any CPU.Build.0 = Dev|Any CPU
		{A6E317FA-2EB0-4447-8ECD-6725F6B78435}.Dev|x86.ActiveCfg = Debug|Any CPU
		{A6E317FA-2EB0-4447-8ECD-6725F6B78435}.Release|Any CPU.ActiveCfg = Release|Any CPU
		{A6E317FA-2EB0-4447-8ECD-6725F6B78435}.Release|Any CPU.Build.0 = Release|Any CPU
		{A6E317FA-2EB0-4447-8ECD-6725F6B78435}.Release|x86.ActiveCfg = Release|Any CPU
		{8F5BE349-6D11-44AD-A1CC-B5BB5EB4B179}.alexlocal|Any CPU.ActiveCfg = Release|Any CPU
		{8F5BE349-6D11-44AD-A1CC-B5BB5EB4B179}.alexlocal|Any CPU.Build.0 = Release|Any CPU
		{8F5BE349-6D11-44AD-A1CC-B5BB5EB4B179}.alexlocal|x86.ActiveCfg = Release|Any CPU
		{8F5BE349-6D11-44AD-A1CC-B5BB5EB4B179}.Debug|Any CPU.ActiveCfg = Debug|Any CPU
		{8F5BE349-6D11-44AD-A1CC-B5BB5EB4B179}.Debug|Any CPU.Build.0 = Debug|Any CPU
		{8F5BE349-6D11-44AD-A1CC-B5BB5EB4B179}.Debug|x86.ActiveCfg = Debug|Any CPU
		{8F5BE349-6D11-44AD-A1CC-B5BB5EB4B179}.Demo|Any CPU.ActiveCfg = Demo|Any CPU
		{8F5BE349-6D11-44AD-A1CC-B5BB5EB4B179}.Demo|Any CPU.Build.0 = Demo|Any CPU
		{8F5BE349-6D11-44AD-A1CC-B5BB5EB4B179}.Demo|x86.ActiveCfg = Debug|Any CPU
		{8F5BE349-6D11-44AD-A1CC-B5BB5EB4B179}.Dev|Any CPU.ActiveCfg = Dev|Any CPU
		{8F5BE349-6D11-44AD-A1CC-B5BB5EB4B179}.Dev|Any CPU.Build.0 = Dev|Any CPU
		{8F5BE349-6D11-44AD-A1CC-B5BB5EB4B179}.Dev|x86.ActiveCfg = Debug|Any CPU
		{8F5BE349-6D11-44AD-A1CC-B5BB5EB4B179}.Release|Any CPU.ActiveCfg = Release|Any CPU
		{8F5BE349-6D11-44AD-A1CC-B5BB5EB4B179}.Release|Any CPU.Build.0 = Release|Any CPU
		{8F5BE349-6D11-44AD-A1CC-B5BB5EB4B179}.Release|x86.ActiveCfg = Release|Any CPU
		{A854EB96-B28A-42FC-8209-3E5E9D6B208C}.alexlocal|Any CPU.ActiveCfg = Release|Any CPU
		{A854EB96-B28A-42FC-8209-3E5E9D6B208C}.alexlocal|Any CPU.Build.0 = Release|Any CPU
		{A854EB96-B28A-42FC-8209-3E5E9D6B208C}.alexlocal|x86.ActiveCfg = Release|Any CPU
		{A854EB96-B28A-42FC-8209-3E5E9D6B208C}.Debug|Any CPU.ActiveCfg = Debug|Any CPU
		{A854EB96-B28A-42FC-8209-3E5E9D6B208C}.Debug|Any CPU.Build.0 = Debug|Any CPU
		{A854EB96-B28A-42FC-8209-3E5E9D6B208C}.Debug|x86.ActiveCfg = Debug|Any CPU
		{A854EB96-B28A-42FC-8209-3E5E9D6B208C}.Demo|Any CPU.ActiveCfg = Demo|Any CPU
		{A854EB96-B28A-42FC-8209-3E5E9D6B208C}.Demo|Any CPU.Build.0 = Demo|Any CPU
		{A854EB96-B28A-42FC-8209-3E5E9D6B208C}.Demo|x86.ActiveCfg = Debug|Any CPU
		{A854EB96-B28A-42FC-8209-3E5E9D6B208C}.Dev|Any CPU.ActiveCfg = Dev|Any CPU
		{A854EB96-B28A-42FC-8209-3E5E9D6B208C}.Dev|Any CPU.Build.0 = Dev|Any CPU
		{A854EB96-B28A-42FC-8209-3E5E9D6B208C}.Dev|x86.ActiveCfg = Debug|Any CPU
		{A854EB96-B28A-42FC-8209-3E5E9D6B208C}.Release|Any CPU.ActiveCfg = Release|Any CPU
		{A854EB96-B28A-42FC-8209-3E5E9D6B208C}.Release|Any CPU.Build.0 = Release|Any CPU
		{A854EB96-B28A-42FC-8209-3E5E9D6B208C}.Release|x86.ActiveCfg = Release|Any CPU
		{62219AA6-9276-4935-B934-F0F50ECEF6FB}.alexlocal|Any CPU.ActiveCfg = Release|Any CPU
		{62219AA6-9276-4935-B934-F0F50ECEF6FB}.alexlocal|Any CPU.Build.0 = Release|Any CPU
		{62219AA6-9276-4935-B934-F0F50ECEF6FB}.alexlocal|x86.ActiveCfg = Release|Any CPU
		{62219AA6-9276-4935-B934-F0F50ECEF6FB}.Debug|Any CPU.ActiveCfg = Debug|Any CPU
		{62219AA6-9276-4935-B934-F0F50ECEF6FB}.Debug|Any CPU.Build.0 = Debug|Any CPU
		{62219AA6-9276-4935-B934-F0F50ECEF6FB}.Debug|x86.ActiveCfg = Debug|Any CPU
		{62219AA6-9276-4935-B934-F0F50ECEF6FB}.Demo|Any CPU.ActiveCfg = Demo|Any CPU
		{62219AA6-9276-4935-B934-F0F50ECEF6FB}.Demo|Any CPU.Build.0 = Demo|Any CPU
		{62219AA6-9276-4935-B934-F0F50ECEF6FB}.Demo|x86.ActiveCfg = Debug|Any CPU
		{62219AA6-9276-4935-B934-F0F50ECEF6FB}.Dev|Any CPU.ActiveCfg = Dev|Any CPU
		{62219AA6-9276-4935-B934-F0F50ECEF6FB}.Dev|Any CPU.Build.0 = Dev|Any CPU
		{62219AA6-9276-4935-B934-F0F50ECEF6FB}.Dev|x86.ActiveCfg = Debug|Any CPU
		{62219AA6-9276-4935-B934-F0F50ECEF6FB}.Release|Any CPU.ActiveCfg = Release|Any CPU
		{62219AA6-9276-4935-B934-F0F50ECEF6FB}.Release|Any CPU.Build.0 = Release|Any CPU
		{62219AA6-9276-4935-B934-F0F50ECEF6FB}.Release|x86.ActiveCfg = Release|Any CPU
		{1246A6D6-FB9D-4564-8E86-A9F14A7AD177}.alexlocal|Any CPU.ActiveCfg = Release|Any CPU
		{1246A6D6-FB9D-4564-8E86-A9F14A7AD177}.alexlocal|Any CPU.Build.0 = Release|Any CPU
		{1246A6D6-FB9D-4564-8E86-A9F14A7AD177}.alexlocal|x86.ActiveCfg = Release|Any CPU
		{1246A6D6-FB9D-4564-8E86-A9F14A7AD177}.Debug|Any CPU.ActiveCfg = Debug|Any CPU
		{1246A6D6-FB9D-4564-8E86-A9F14A7AD177}.Debug|Any CPU.Build.0 = Debug|Any CPU
		{1246A6D6-FB9D-4564-8E86-A9F14A7AD177}.Debug|x86.ActiveCfg = Debug|Any CPU
		{1246A6D6-FB9D-4564-8E86-A9F14A7AD177}.Demo|Any CPU.ActiveCfg = Demo|Any CPU
		{1246A6D6-FB9D-4564-8E86-A9F14A7AD177}.Demo|Any CPU.Build.0 = Demo|Any CPU
		{1246A6D6-FB9D-4564-8E86-A9F14A7AD177}.Demo|x86.ActiveCfg = Debug|Any CPU
		{1246A6D6-FB9D-4564-8E86-A9F14A7AD177}.Dev|Any CPU.ActiveCfg = Dev|Any CPU
		{1246A6D6-FB9D-4564-8E86-A9F14A7AD177}.Dev|Any CPU.Build.0 = Dev|Any CPU
		{1246A6D6-FB9D-4564-8E86-A9F14A7AD177}.Dev|x86.ActiveCfg = Debug|Any CPU
		{1246A6D6-FB9D-4564-8E86-A9F14A7AD177}.Release|Any CPU.ActiveCfg = Release|Any CPU
		{1246A6D6-FB9D-4564-8E86-A9F14A7AD177}.Release|Any CPU.Build.0 = Release|Any CPU
		{1246A6D6-FB9D-4564-8E86-A9F14A7AD177}.Release|x86.ActiveCfg = Release|Any CPU
		{89D763ED-3EA6-4303-AB29-3239095A4B06}.alexlocal|Any CPU.ActiveCfg = Release|Any CPU
		{89D763ED-3EA6-4303-AB29-3239095A4B06}.alexlocal|Any CPU.Build.0 = Release|Any CPU
		{89D763ED-3EA6-4303-AB29-3239095A4B06}.alexlocal|x86.ActiveCfg = Release|Any CPU
		{89D763ED-3EA6-4303-AB29-3239095A4B06}.Debug|Any CPU.ActiveCfg = Debug|Any CPU
		{89D763ED-3EA6-4303-AB29-3239095A4B06}.Debug|Any CPU.Build.0 = Debug|Any CPU
		{89D763ED-3EA6-4303-AB29-3239095A4B06}.Debug|x86.ActiveCfg = Debug|Any CPU
		{89D763ED-3EA6-4303-AB29-3239095A4B06}.Demo|Any CPU.ActiveCfg = Demo|Any CPU
		{89D763ED-3EA6-4303-AB29-3239095A4B06}.Demo|Any CPU.Build.0 = Demo|Any CPU
		{89D763ED-3EA6-4303-AB29-3239095A4B06}.Demo|x86.ActiveCfg = Debug|Any CPU
		{89D763ED-3EA6-4303-AB29-3239095A4B06}.Dev|Any CPU.ActiveCfg = Dev|Any CPU
		{89D763ED-3EA6-4303-AB29-3239095A4B06}.Dev|Any CPU.Build.0 = Dev|Any CPU
		{89D763ED-3EA6-4303-AB29-3239095A4B06}.Dev|x86.ActiveCfg = Debug|Any CPU
		{89D763ED-3EA6-4303-AB29-3239095A4B06}.Release|Any CPU.ActiveCfg = Release|Any CPU
		{89D763ED-3EA6-4303-AB29-3239095A4B06}.Release|Any CPU.Build.0 = Release|Any CPU
		{89D763ED-3EA6-4303-AB29-3239095A4B06}.Release|x86.ActiveCfg = Release|Any CPU
		{F39EA7BE-25C2-45ED-91AC-29647EFFAD2B}.alexlocal|Any CPU.ActiveCfg = Release|Any CPU
		{F39EA7BE-25C2-45ED-91AC-29647EFFAD2B}.alexlocal|Any CPU.Build.0 = Release|Any CPU
		{F39EA7BE-25C2-45ED-91AC-29647EFFAD2B}.alexlocal|x86.ActiveCfg = Release|Any CPU
		{F39EA7BE-25C2-45ED-91AC-29647EFFAD2B}.Debug|Any CPU.ActiveCfg = Debug|Any CPU
		{F39EA7BE-25C2-45ED-91AC-29647EFFAD2B}.Debug|Any CPU.Build.0 = Debug|Any CPU
		{F39EA7BE-25C2-45ED-91AC-29647EFFAD2B}.Debug|x86.ActiveCfg = Debug|Any CPU
		{F39EA7BE-25C2-45ED-91AC-29647EFFAD2B}.Demo|Any CPU.ActiveCfg = Demo|Any CPU
		{F39EA7BE-25C2-45ED-91AC-29647EFFAD2B}.Demo|Any CPU.Build.0 = Demo|Any CPU
		{F39EA7BE-25C2-45ED-91AC-29647EFFAD2B}.Demo|x86.ActiveCfg = Debug|Any CPU
		{F39EA7BE-25C2-45ED-91AC-29647EFFAD2B}.Dev|Any CPU.ActiveCfg = Dev|Any CPU
		{F39EA7BE-25C2-45ED-91AC-29647EFFAD2B}.Dev|Any CPU.Build.0 = Dev|Any CPU
		{F39EA7BE-25C2-45ED-91AC-29647EFFAD2B}.Dev|x86.ActiveCfg = Debug|Any CPU
		{F39EA7BE-25C2-45ED-91AC-29647EFFAD2B}.Release|Any CPU.ActiveCfg = Release|Any CPU
		{F39EA7BE-25C2-45ED-91AC-29647EFFAD2B}.Release|Any CPU.Build.0 = Release|Any CPU
		{F39EA7BE-25C2-45ED-91AC-29647EFFAD2B}.Release|x86.ActiveCfg = Release|Any CPU
		{EE3E1E99-175F-4507-96DA-421FCD0F6D9E}.alexlocal|Any CPU.ActiveCfg = Release|Any CPU
		{EE3E1E99-175F-4507-96DA-421FCD0F6D9E}.alexlocal|Any CPU.Build.0 = Release|Any CPU
		{EE3E1E99-175F-4507-96DA-421FCD0F6D9E}.alexlocal|x86.ActiveCfg = Release|Any CPU
		{EE3E1E99-175F-4507-96DA-421FCD0F6D9E}.Debug|Any CPU.ActiveCfg = Debug|Any CPU
		{EE3E1E99-175F-4507-96DA-421FCD0F6D9E}.Debug|Any CPU.Build.0 = Debug|Any CPU
		{EE3E1E99-175F-4507-96DA-421FCD0F6D9E}.Debug|x86.ActiveCfg = Debug|Any CPU
		{EE3E1E99-175F-4507-96DA-421FCD0F6D9E}.Demo|Any CPU.ActiveCfg = Demo|Any CPU
		{EE3E1E99-175F-4507-96DA-421FCD0F6D9E}.Demo|Any CPU.Build.0 = Demo|Any CPU
		{EE3E1E99-175F-4507-96DA-421FCD0F6D9E}.Demo|x86.ActiveCfg = Debug|Any CPU
		{EE3E1E99-175F-4507-96DA-421FCD0F6D9E}.Dev|Any CPU.ActiveCfg = Dev|Any CPU
		{EE3E1E99-175F-4507-96DA-421FCD0F6D9E}.Dev|Any CPU.Build.0 = Dev|Any CPU
		{EE3E1E99-175F-4507-96DA-421FCD0F6D9E}.Dev|x86.ActiveCfg = Debug|Any CPU
		{EE3E1E99-175F-4507-96DA-421FCD0F6D9E}.Release|Any CPU.ActiveCfg = Release|Any CPU
		{EE3E1E99-175F-4507-96DA-421FCD0F6D9E}.Release|Any CPU.Build.0 = Release|Any CPU
		{EE3E1E99-175F-4507-96DA-421FCD0F6D9E}.Release|x86.ActiveCfg = Release|Any CPU
		{36ED6F21-1A8F-4F07-A08A-A55639891E9B}.alexlocal|Any CPU.ActiveCfg = Release|Any CPU
		{36ED6F21-1A8F-4F07-A08A-A55639891E9B}.alexlocal|Any CPU.Build.0 = Release|Any CPU
		{36ED6F21-1A8F-4F07-A08A-A55639891E9B}.alexlocal|x86.ActiveCfg = Release|Any CPU
		{36ED6F21-1A8F-4F07-A08A-A55639891E9B}.Debug|Any CPU.ActiveCfg = Debug|Any CPU
		{36ED6F21-1A8F-4F07-A08A-A55639891E9B}.Debug|Any CPU.Build.0 = Debug|Any CPU
		{36ED6F21-1A8F-4F07-A08A-A55639891E9B}.Debug|x86.ActiveCfg = Debug|Any CPU
		{36ED6F21-1A8F-4F07-A08A-A55639891E9B}.Demo|Any CPU.ActiveCfg = Demo|Any CPU
		{36ED6F21-1A8F-4F07-A08A-A55639891E9B}.Demo|Any CPU.Build.0 = Demo|Any CPU
		{36ED6F21-1A8F-4F07-A08A-A55639891E9B}.Demo|x86.ActiveCfg = Debug|Any CPU
		{36ED6F21-1A8F-4F07-A08A-A55639891E9B}.Dev|Any CPU.ActiveCfg = Dev|Any CPU
		{36ED6F21-1A8F-4F07-A08A-A55639891E9B}.Dev|Any CPU.Build.0 = Dev|Any CPU
		{36ED6F21-1A8F-4F07-A08A-A55639891E9B}.Dev|x86.ActiveCfg = Debug|Any CPU
		{36ED6F21-1A8F-4F07-A08A-A55639891E9B}.Release|Any CPU.ActiveCfg = Release|Any CPU
		{36ED6F21-1A8F-4F07-A08A-A55639891E9B}.Release|Any CPU.Build.0 = Release|Any CPU
		{36ED6F21-1A8F-4F07-A08A-A55639891E9B}.Release|x86.ActiveCfg = Release|Any CPU
		{36ED6F21-1A8F-4F07-A08A-A55639891E9B}.Release|x86.Build.0 = Release|Any CPU
		{6B807AB1-F549-49CB-9F52-52BC33D23443}.alexlocal|Any CPU.ActiveCfg = Release|Any CPU
		{6B807AB1-F549-49CB-9F52-52BC33D23443}.alexlocal|Any CPU.Build.0 = Release|Any CPU
		{6B807AB1-F549-49CB-9F52-52BC33D23443}.alexlocal|x86.ActiveCfg = Release|Any CPU
		{6B807AB1-F549-49CB-9F52-52BC33D23443}.Debug|Any CPU.ActiveCfg = Debug|Any CPU
		{6B807AB1-F549-49CB-9F52-52BC33D23443}.Debug|Any CPU.Build.0 = Debug|Any CPU
		{6B807AB1-F549-49CB-9F52-52BC33D23443}.Debug|x86.ActiveCfg = Debug|Any CPU
		{6B807AB1-F549-49CB-9F52-52BC33D23443}.Demo|Any CPU.ActiveCfg = Demo|Any CPU
		{6B807AB1-F549-49CB-9F52-52BC33D23443}.Demo|Any CPU.Build.0 = Demo|Any CPU
		{6B807AB1-F549-49CB-9F52-52BC33D23443}.Demo|x86.ActiveCfg = Debug|Any CPU
		{6B807AB1-F549-49CB-9F52-52BC33D23443}.Dev|Any CPU.ActiveCfg = Dev|Any CPU
		{6B807AB1-F549-49CB-9F52-52BC33D23443}.Dev|Any CPU.Build.0 = Dev|Any CPU
		{6B807AB1-F549-49CB-9F52-52BC33D23443}.Dev|x86.ActiveCfg = Debug|Any CPU
		{6B807AB1-F549-49CB-9F52-52BC33D23443}.Release|Any CPU.ActiveCfg = Release|Any CPU
		{6B807AB1-F549-49CB-9F52-52BC33D23443}.Release|Any CPU.Build.0 = Release|Any CPU
		{6B807AB1-F549-49CB-9F52-52BC33D23443}.Release|x86.ActiveCfg = Release|Any CPU
		{3D4116CE-63DD-406C-8235-0115A8FA90F1}.alexlocal|Any CPU.ActiveCfg = Dev|Any CPU
		{3D4116CE-63DD-406C-8235-0115A8FA90F1}.alexlocal|Any CPU.Build.0 = Dev|Any CPU
		{3D4116CE-63DD-406C-8235-0115A8FA90F1}.alexlocal|x86.ActiveCfg = Dev|Any CPU
		{3D4116CE-63DD-406C-8235-0115A8FA90F1}.Debug|Any CPU.ActiveCfg = Debug|Any CPU
		{3D4116CE-63DD-406C-8235-0115A8FA90F1}.Debug|Any CPU.Build.0 = Debug|Any CPU
		{3D4116CE-63DD-406C-8235-0115A8FA90F1}.Debug|x86.ActiveCfg = Debug|Any CPU
		{3D4116CE-63DD-406C-8235-0115A8FA90F1}.Demo|Any CPU.ActiveCfg = Demo|Any CPU
		{3D4116CE-63DD-406C-8235-0115A8FA90F1}.Demo|Any CPU.Build.0 = Demo|Any CPU
		{3D4116CE-63DD-406C-8235-0115A8FA90F1}.Demo|x86.ActiveCfg = Dev|Any CPU
		{3D4116CE-63DD-406C-8235-0115A8FA90F1}.Dev|Any CPU.ActiveCfg = Dev|Any CPU
		{3D4116CE-63DD-406C-8235-0115A8FA90F1}.Dev|Any CPU.Build.0 = Dev|Any CPU
		{3D4116CE-63DD-406C-8235-0115A8FA90F1}.Dev|x86.ActiveCfg = Dev|Any CPU
		{3D4116CE-63DD-406C-8235-0115A8FA90F1}.Release|Any CPU.ActiveCfg = Release|Any CPU
		{3D4116CE-63DD-406C-8235-0115A8FA90F1}.Release|Any CPU.Build.0 = Release|Any CPU
		{3D4116CE-63DD-406C-8235-0115A8FA90F1}.Release|x86.ActiveCfg = Release|Any CPU
		{6367B304-3E18-4DA6-A7E7-0893DA806953}.alexlocal|Any CPU.ActiveCfg = Release|Any CPU
		{6367B304-3E18-4DA6-A7E7-0893DA806953}.alexlocal|Any CPU.Build.0 = Release|Any CPU
		{6367B304-3E18-4DA6-A7E7-0893DA806953}.alexlocal|x86.ActiveCfg = Release|Any CPU
		{6367B304-3E18-4DA6-A7E7-0893DA806953}.Debug|Any CPU.ActiveCfg = Debug|Any CPU
		{6367B304-3E18-4DA6-A7E7-0893DA806953}.Debug|Any CPU.Build.0 = Debug|Any CPU
		{6367B304-3E18-4DA6-A7E7-0893DA806953}.Debug|x86.ActiveCfg = Debug|Any CPU
		{6367B304-3E18-4DA6-A7E7-0893DA806953}.Demo|Any CPU.ActiveCfg = Demo|Any CPU
		{6367B304-3E18-4DA6-A7E7-0893DA806953}.Demo|Any CPU.Build.0 = Demo|Any CPU
		{6367B304-3E18-4DA6-A7E7-0893DA806953}.Demo|x86.ActiveCfg = Debug|Any CPU
		{6367B304-3E18-4DA6-A7E7-0893DA806953}.Dev|Any CPU.ActiveCfg = Dev|Any CPU
		{6367B304-3E18-4DA6-A7E7-0893DA806953}.Dev|Any CPU.Build.0 = Dev|Any CPU
		{6367B304-3E18-4DA6-A7E7-0893DA806953}.Dev|x86.ActiveCfg = Debug|Any CPU
		{6367B304-3E18-4DA6-A7E7-0893DA806953}.Release|Any CPU.ActiveCfg = Release|Any CPU
		{6367B304-3E18-4DA6-A7E7-0893DA806953}.Release|Any CPU.Build.0 = Release|Any CPU
		{6367B304-3E18-4DA6-A7E7-0893DA806953}.Release|x86.ActiveCfg = Release|Any CPU
		{FDA06158-A81E-46B4-9F25-5AB76DFD400A}.alexlocal|Any CPU.ActiveCfg = Release|Any CPU
		{FDA06158-A81E-46B4-9F25-5AB76DFD400A}.alexlocal|Any CPU.Build.0 = Release|Any CPU
		{FDA06158-A81E-46B4-9F25-5AB76DFD400A}.alexlocal|x86.ActiveCfg = Release|Any CPU
		{FDA06158-A81E-46B4-9F25-5AB76DFD400A}.Debug|Any CPU.ActiveCfg = Debug|Any CPU
		{FDA06158-A81E-46B4-9F25-5AB76DFD400A}.Debug|Any CPU.Build.0 = Debug|Any CPU
		{FDA06158-A81E-46B4-9F25-5AB76DFD400A}.Debug|x86.ActiveCfg = Debug|Any CPU
		{FDA06158-A81E-46B4-9F25-5AB76DFD400A}.Demo|Any CPU.ActiveCfg = Demo|Any CPU
		{FDA06158-A81E-46B4-9F25-5AB76DFD400A}.Demo|Any CPU.Build.0 = Demo|Any CPU
		{FDA06158-A81E-46B4-9F25-5AB76DFD400A}.Demo|x86.ActiveCfg = Debug|Any CPU
		{FDA06158-A81E-46B4-9F25-5AB76DFD400A}.Dev|Any CPU.ActiveCfg = Dev|Any CPU
		{FDA06158-A81E-46B4-9F25-5AB76DFD400A}.Dev|Any CPU.Build.0 = Dev|Any CPU
		{FDA06158-A81E-46B4-9F25-5AB76DFD400A}.Dev|x86.ActiveCfg = Debug|Any CPU
		{FDA06158-A81E-46B4-9F25-5AB76DFD400A}.Release|Any CPU.ActiveCfg = Release|Any CPU
		{FDA06158-A81E-46B4-9F25-5AB76DFD400A}.Release|Any CPU.Build.0 = Release|Any CPU
		{FDA06158-A81E-46B4-9F25-5AB76DFD400A}.Release|x86.ActiveCfg = Release|Any CPU
		{E8BF04AC-1A7D-4CBE-80B9-E20F53699F2D}.alexlocal|Any CPU.ActiveCfg = Dev|Any CPU
		{E8BF04AC-1A7D-4CBE-80B9-E20F53699F2D}.alexlocal|Any CPU.Build.0 = Dev|Any CPU
		{E8BF04AC-1A7D-4CBE-80B9-E20F53699F2D}.alexlocal|x86.ActiveCfg = Dev|Any CPU
		{E8BF04AC-1A7D-4CBE-80B9-E20F53699F2D}.Debug|Any CPU.ActiveCfg = Debug|Any CPU
		{E8BF04AC-1A7D-4CBE-80B9-E20F53699F2D}.Debug|Any CPU.Build.0 = Debug|Any CPU
		{E8BF04AC-1A7D-4CBE-80B9-E20F53699F2D}.Debug|x86.ActiveCfg = Debug|Any CPU
		{E8BF04AC-1A7D-4CBE-80B9-E20F53699F2D}.Demo|Any CPU.ActiveCfg = Demo|Any CPU
		{E8BF04AC-1A7D-4CBE-80B9-E20F53699F2D}.Demo|Any CPU.Build.0 = Demo|Any CPU
		{E8BF04AC-1A7D-4CBE-80B9-E20F53699F2D}.Demo|x86.ActiveCfg = Dev|Any CPU
		{E8BF04AC-1A7D-4CBE-80B9-E20F53699F2D}.Dev|Any CPU.ActiveCfg = Dev|Any CPU
		{E8BF04AC-1A7D-4CBE-80B9-E20F53699F2D}.Dev|Any CPU.Build.0 = Dev|Any CPU
		{E8BF04AC-1A7D-4CBE-80B9-E20F53699F2D}.Dev|x86.ActiveCfg = Dev|Any CPU
		{E8BF04AC-1A7D-4CBE-80B9-E20F53699F2D}.Release|Any CPU.ActiveCfg = Release|Any CPU
		{E8BF04AC-1A7D-4CBE-80B9-E20F53699F2D}.Release|Any CPU.Build.0 = Release|Any CPU
		{E8BF04AC-1A7D-4CBE-80B9-E20F53699F2D}.Release|x86.ActiveCfg = Release|Any CPU
		{D2638CB3-33D6-443F-BC87-E20260D3C9EF}.alexlocal|Any CPU.ActiveCfg = Release|Any CPU
		{D2638CB3-33D6-443F-BC87-E20260D3C9EF}.alexlocal|Any CPU.Build.0 = Release|Any CPU
		{D2638CB3-33D6-443F-BC87-E20260D3C9EF}.alexlocal|x86.ActiveCfg = Release|Any CPU
		{D2638CB3-33D6-443F-BC87-E20260D3C9EF}.Debug|Any CPU.ActiveCfg = Debug|Any CPU
		{D2638CB3-33D6-443F-BC87-E20260D3C9EF}.Debug|Any CPU.Build.0 = Debug|Any CPU
		{D2638CB3-33D6-443F-BC87-E20260D3C9EF}.Debug|x86.ActiveCfg = Debug|Any CPU
		{D2638CB3-33D6-443F-BC87-E20260D3C9EF}.Demo|Any CPU.ActiveCfg = Demo|Any CPU
		{D2638CB3-33D6-443F-BC87-E20260D3C9EF}.Demo|Any CPU.Build.0 = Demo|Any CPU
		{D2638CB3-33D6-443F-BC87-E20260D3C9EF}.Demo|x86.ActiveCfg = Debug|Any CPU
		{D2638CB3-33D6-443F-BC87-E20260D3C9EF}.Dev|Any CPU.ActiveCfg = Dev|Any CPU
		{D2638CB3-33D6-443F-BC87-E20260D3C9EF}.Dev|Any CPU.Build.0 = Dev|Any CPU
		{D2638CB3-33D6-443F-BC87-E20260D3C9EF}.Dev|x86.ActiveCfg = Debug|Any CPU
		{D2638CB3-33D6-443F-BC87-E20260D3C9EF}.Release|Any CPU.ActiveCfg = Release|Any CPU
		{D2638CB3-33D6-443F-BC87-E20260D3C9EF}.Release|Any CPU.Build.0 = Release|Any CPU
		{D2638CB3-33D6-443F-BC87-E20260D3C9EF}.Release|x86.ActiveCfg = Release|Any CPU
		{47CA975F-1F5B-4C90-9DA1-A88C53E0760A}.alexlocal|Any CPU.ActiveCfg = Release|Any CPU
		{47CA975F-1F5B-4C90-9DA1-A88C53E0760A}.alexlocal|Any CPU.Build.0 = Release|Any CPU
		{47CA975F-1F5B-4C90-9DA1-A88C53E0760A}.alexlocal|x86.ActiveCfg = Release|Any CPU
		{47CA975F-1F5B-4C90-9DA1-A88C53E0760A}.alexlocal|x86.Build.0 = Release|Any CPU
		{47CA975F-1F5B-4C90-9DA1-A88C53E0760A}.Debug|Any CPU.ActiveCfg = Debug|Any CPU
		{47CA975F-1F5B-4C90-9DA1-A88C53E0760A}.Debug|Any CPU.Build.0 = Debug|Any CPU
		{47CA975F-1F5B-4C90-9DA1-A88C53E0760A}.Debug|x86.ActiveCfg = Debug|Any CPU
		{47CA975F-1F5B-4C90-9DA1-A88C53E0760A}.Debug|x86.Build.0 = Debug|Any CPU
		{47CA975F-1F5B-4C90-9DA1-A88C53E0760A}.Demo|Any CPU.ActiveCfg = Demo|Any CPU
		{47CA975F-1F5B-4C90-9DA1-A88C53E0760A}.Demo|Any CPU.Build.0 = Demo|Any CPU
		{47CA975F-1F5B-4C90-9DA1-A88C53E0760A}.Demo|x86.ActiveCfg = Debug|Any CPU
		{47CA975F-1F5B-4C90-9DA1-A88C53E0760A}.Demo|x86.Build.0 = Debug|Any CPU
		{47CA975F-1F5B-4C90-9DA1-A88C53E0760A}.Dev|Any CPU.ActiveCfg = Dev|Any CPU
		{47CA975F-1F5B-4C90-9DA1-A88C53E0760A}.Dev|Any CPU.Build.0 = Dev|Any CPU
		{47CA975F-1F5B-4C90-9DA1-A88C53E0760A}.Dev|x86.ActiveCfg = Debug|Any CPU
		{47CA975F-1F5B-4C90-9DA1-A88C53E0760A}.Dev|x86.Build.0 = Debug|Any CPU
		{47CA975F-1F5B-4C90-9DA1-A88C53E0760A}.Release|Any CPU.ActiveCfg = Release|Any CPU
		{47CA975F-1F5B-4C90-9DA1-A88C53E0760A}.Release|Any CPU.Build.0 = Release|Any CPU
		{47CA975F-1F5B-4C90-9DA1-A88C53E0760A}.Release|x86.ActiveCfg = Release|Any CPU
		{47CA975F-1F5B-4C90-9DA1-A88C53E0760A}.Release|x86.Build.0 = Release|Any CPU
		{E46B602A-287B-450F-B455-5EED20C93EB7}.alexlocal|Any CPU.ActiveCfg = Release|Any CPU
		{E46B602A-287B-450F-B455-5EED20C93EB7}.alexlocal|Any CPU.Build.0 = Release|Any CPU
		{E46B602A-287B-450F-B455-5EED20C93EB7}.alexlocal|x86.ActiveCfg = Release|Any CPU
		{E46B602A-287B-450F-B455-5EED20C93EB7}.alexlocal|x86.Build.0 = Release|Any CPU
		{E46B602A-287B-450F-B455-5EED20C93EB7}.Debug|Any CPU.ActiveCfg = Debug|Any CPU
		{E46B602A-287B-450F-B455-5EED20C93EB7}.Debug|Any CPU.Build.0 = Debug|Any CPU
		{E46B602A-287B-450F-B455-5EED20C93EB7}.Debug|x86.ActiveCfg = Debug|Any CPU
		{E46B602A-287B-450F-B455-5EED20C93EB7}.Debug|x86.Build.0 = Debug|Any CPU
		{E46B602A-287B-450F-B455-5EED20C93EB7}.Demo|Any CPU.ActiveCfg = Demo|Any CPU
		{E46B602A-287B-450F-B455-5EED20C93EB7}.Demo|Any CPU.Build.0 = Demo|Any CPU
		{E46B602A-287B-450F-B455-5EED20C93EB7}.Demo|x86.ActiveCfg = Debug|Any CPU
		{E46B602A-287B-450F-B455-5EED20C93EB7}.Demo|x86.Build.0 = Debug|Any CPU
		{E46B602A-287B-450F-B455-5EED20C93EB7}.Dev|Any CPU.ActiveCfg = Dev|Any CPU
		{E46B602A-287B-450F-B455-5EED20C93EB7}.Dev|Any CPU.Build.0 = Dev|Any CPU
		{E46B602A-287B-450F-B455-5EED20C93EB7}.Dev|x86.ActiveCfg = Debug|Any CPU
		{E46B602A-287B-450F-B455-5EED20C93EB7}.Dev|x86.Build.0 = Debug|Any CPU
		{E46B602A-287B-450F-B455-5EED20C93EB7}.Release|Any CPU.ActiveCfg = Release|Any CPU
		{E46B602A-287B-450F-B455-5EED20C93EB7}.Release|Any CPU.Build.0 = Release|Any CPU
		{E46B602A-287B-450F-B455-5EED20C93EB7}.Release|x86.ActiveCfg = Release|Any CPU
		{E46B602A-287B-450F-B455-5EED20C93EB7}.Release|x86.Build.0 = Release|Any CPU
		{267E6BE1-7C3A-4012-8EB4-DCDFB0FD6305}.alexlocal|Any CPU.ActiveCfg = Release|Any CPU
		{267E6BE1-7C3A-4012-8EB4-DCDFB0FD6305}.alexlocal|Any CPU.Build.0 = Release|Any CPU
		{267E6BE1-7C3A-4012-8EB4-DCDFB0FD6305}.alexlocal|x86.ActiveCfg = Release|Any CPU
		{267E6BE1-7C3A-4012-8EB4-DCDFB0FD6305}.alexlocal|x86.Build.0 = Release|Any CPU
		{267E6BE1-7C3A-4012-8EB4-DCDFB0FD6305}.Debug|Any CPU.ActiveCfg = Debug|Any CPU
		{267E6BE1-7C3A-4012-8EB4-DCDFB0FD6305}.Debug|Any CPU.Build.0 = Debug|Any CPU
		{267E6BE1-7C3A-4012-8EB4-DCDFB0FD6305}.Debug|x86.ActiveCfg = Debug|Any CPU
		{267E6BE1-7C3A-4012-8EB4-DCDFB0FD6305}.Debug|x86.Build.0 = Debug|Any CPU
		{267E6BE1-7C3A-4012-8EB4-DCDFB0FD6305}.Demo|Any CPU.ActiveCfg = Demo|Any CPU
		{267E6BE1-7C3A-4012-8EB4-DCDFB0FD6305}.Demo|x86.ActiveCfg = Debug|Any CPU
		{267E6BE1-7C3A-4012-8EB4-DCDFB0FD6305}.Dev|Any CPU.ActiveCfg = Dev|Any CPU
		{267E6BE1-7C3A-4012-8EB4-DCDFB0FD6305}.Dev|Any CPU.Build.0 = Dev|Any CPU
		{267E6BE1-7C3A-4012-8EB4-DCDFB0FD6305}.Dev|x86.ActiveCfg = Debug|Any CPU
		{267E6BE1-7C3A-4012-8EB4-DCDFB0FD6305}.Dev|x86.Build.0 = Debug|Any CPU
		{267E6BE1-7C3A-4012-8EB4-DCDFB0FD6305}.Release|Any CPU.ActiveCfg = Release|Any CPU
		{267E6BE1-7C3A-4012-8EB4-DCDFB0FD6305}.Release|Any CPU.Build.0 = Release|Any CPU
		{267E6BE1-7C3A-4012-8EB4-DCDFB0FD6305}.Release|x86.ActiveCfg = Release|Any CPU
		{267E6BE1-7C3A-4012-8EB4-DCDFB0FD6305}.Release|x86.Build.0 = Release|Any CPU
		{84800565-B464-471D-8F02-1A93311C3388}.alexlocal|Any CPU.ActiveCfg = Release|Any CPU
		{84800565-B464-471D-8F02-1A93311C3388}.alexlocal|Any CPU.Build.0 = Release|Any CPU
		{84800565-B464-471D-8F02-1A93311C3388}.alexlocal|x86.ActiveCfg = Release|Any CPU
		{84800565-B464-471D-8F02-1A93311C3388}.alexlocal|x86.Build.0 = Release|Any CPU
		{84800565-B464-471D-8F02-1A93311C3388}.Debug|Any CPU.ActiveCfg = Debug|Any CPU
		{84800565-B464-471D-8F02-1A93311C3388}.Debug|Any CPU.Build.0 = Debug|Any CPU
		{84800565-B464-471D-8F02-1A93311C3388}.Debug|x86.ActiveCfg = Debug|Any CPU
		{84800565-B464-471D-8F02-1A93311C3388}.Debug|x86.Build.0 = Debug|Any CPU
		{84800565-B464-471D-8F02-1A93311C3388}.Demo|Any CPU.ActiveCfg = Demo|Any CPU
		{84800565-B464-471D-8F02-1A93311C3388}.Demo|x86.ActiveCfg = Debug|Any CPU
		{84800565-B464-471D-8F02-1A93311C3388}.Dev|Any CPU.ActiveCfg = Dev|Any CPU
		{84800565-B464-471D-8F02-1A93311C3388}.Dev|Any CPU.Build.0 = Dev|Any CPU
		{84800565-B464-471D-8F02-1A93311C3388}.Dev|x86.ActiveCfg = Debug|Any CPU
		{84800565-B464-471D-8F02-1A93311C3388}.Dev|x86.Build.0 = Debug|Any CPU
		{84800565-B464-471D-8F02-1A93311C3388}.Release|Any CPU.ActiveCfg = Release|Any CPU
		{84800565-B464-471D-8F02-1A93311C3388}.Release|Any CPU.Build.0 = Release|Any CPU
		{84800565-B464-471D-8F02-1A93311C3388}.Release|x86.ActiveCfg = Release|Any CPU
		{84800565-B464-471D-8F02-1A93311C3388}.Release|x86.Build.0 = Release|Any CPU
		{1ABD6365-E04D-4971-8D0D-5364C896113F}.alexlocal|Any CPU.ActiveCfg = Release|Any CPU
		{1ABD6365-E04D-4971-8D0D-5364C896113F}.alexlocal|Any CPU.Build.0 = Release|Any CPU
		{1ABD6365-E04D-4971-8D0D-5364C896113F}.alexlocal|x86.ActiveCfg = Release|Any CPU
		{1ABD6365-E04D-4971-8D0D-5364C896113F}.alexlocal|x86.Build.0 = Release|Any CPU
		{1ABD6365-E04D-4971-8D0D-5364C896113F}.Debug|Any CPU.ActiveCfg = Debug|Any CPU
		{1ABD6365-E04D-4971-8D0D-5364C896113F}.Debug|Any CPU.Build.0 = Debug|Any CPU
		{1ABD6365-E04D-4971-8D0D-5364C896113F}.Debug|x86.ActiveCfg = Debug|Any CPU
		{1ABD6365-E04D-4971-8D0D-5364C896113F}.Debug|x86.Build.0 = Debug|Any CPU
		{1ABD6365-E04D-4971-8D0D-5364C896113F}.Demo|Any CPU.ActiveCfg = Demo|Any CPU
		{1ABD6365-E04D-4971-8D0D-5364C896113F}.Demo|Any CPU.Build.0 = Demo|Any CPU
		{1ABD6365-E04D-4971-8D0D-5364C896113F}.Demo|x86.ActiveCfg = Debug|Any CPU
		{1ABD6365-E04D-4971-8D0D-5364C896113F}.Demo|x86.Build.0 = Debug|Any CPU
		{1ABD6365-E04D-4971-8D0D-5364C896113F}.Dev|Any CPU.ActiveCfg = Dev|Any CPU
		{1ABD6365-E04D-4971-8D0D-5364C896113F}.Dev|Any CPU.Build.0 = Dev|Any CPU
		{1ABD6365-E04D-4971-8D0D-5364C896113F}.Dev|x86.ActiveCfg = Debug|Any CPU
		{1ABD6365-E04D-4971-8D0D-5364C896113F}.Dev|x86.Build.0 = Debug|Any CPU
		{1ABD6365-E04D-4971-8D0D-5364C896113F}.Release|Any CPU.ActiveCfg = Release|Any CPU
		{1ABD6365-E04D-4971-8D0D-5364C896113F}.Release|Any CPU.Build.0 = Release|Any CPU
		{1ABD6365-E04D-4971-8D0D-5364C896113F}.Release|x86.ActiveCfg = Release|Any CPU
		{1ABD6365-E04D-4971-8D0D-5364C896113F}.Release|x86.Build.0 = Release|Any CPU
		{BBA91AF2-7636-41B6-87C4-C1575AE8B04B}.alexlocal|Any CPU.ActiveCfg = Release|Any CPU
		{BBA91AF2-7636-41B6-87C4-C1575AE8B04B}.alexlocal|Any CPU.Build.0 = Release|Any CPU
		{BBA91AF2-7636-41B6-87C4-C1575AE8B04B}.alexlocal|x86.ActiveCfg = Release|Any CPU
		{BBA91AF2-7636-41B6-87C4-C1575AE8B04B}.alexlocal|x86.Build.0 = Release|Any CPU
		{BBA91AF2-7636-41B6-87C4-C1575AE8B04B}.Debug|Any CPU.ActiveCfg = Debug|Any CPU
		{BBA91AF2-7636-41B6-87C4-C1575AE8B04B}.Debug|Any CPU.Build.0 = Debug|Any CPU
		{BBA91AF2-7636-41B6-87C4-C1575AE8B04B}.Debug|x86.ActiveCfg = Debug|Any CPU
		{BBA91AF2-7636-41B6-87C4-C1575AE8B04B}.Debug|x86.Build.0 = Debug|Any CPU
		{BBA91AF2-7636-41B6-87C4-C1575AE8B04B}.Demo|Any CPU.ActiveCfg = Debug|Any CPU
		{BBA91AF2-7636-41B6-87C4-C1575AE8B04B}.Demo|Any CPU.Build.0 = Debug|Any CPU
		{BBA91AF2-7636-41B6-87C4-C1575AE8B04B}.Demo|x86.ActiveCfg = Debug|Any CPU
		{BBA91AF2-7636-41B6-87C4-C1575AE8B04B}.Demo|x86.Build.0 = Debug|Any CPU
		{BBA91AF2-7636-41B6-87C4-C1575AE8B04B}.Dev|Any CPU.ActiveCfg = Dev|Any CPU
		{BBA91AF2-7636-41B6-87C4-C1575AE8B04B}.Dev|Any CPU.Build.0 = Dev|Any CPU
		{BBA91AF2-7636-41B6-87C4-C1575AE8B04B}.Dev|x86.ActiveCfg = Debug|Any CPU
		{BBA91AF2-7636-41B6-87C4-C1575AE8B04B}.Dev|x86.Build.0 = Debug|Any CPU
		{BBA91AF2-7636-41B6-87C4-C1575AE8B04B}.Release|Any CPU.ActiveCfg = Release|Any CPU
		{BBA91AF2-7636-41B6-87C4-C1575AE8B04B}.Release|Any CPU.Build.0 = Release|Any CPU
		{BBA91AF2-7636-41B6-87C4-C1575AE8B04B}.Release|x86.ActiveCfg = Release|Any CPU
		{BBA91AF2-7636-41B6-87C4-C1575AE8B04B}.Release|x86.Build.0 = Release|Any CPU
		{BF96675E-6BAF-4AC9-B247-1551D62E8C44}.alexlocal|Any CPU.ActiveCfg = Release|Any CPU
		{BF96675E-6BAF-4AC9-B247-1551D62E8C44}.alexlocal|Any CPU.Build.0 = Release|Any CPU
		{BF96675E-6BAF-4AC9-B247-1551D62E8C44}.alexlocal|x86.ActiveCfg = Release|Any CPU
		{BF96675E-6BAF-4AC9-B247-1551D62E8C44}.alexlocal|x86.Build.0 = Release|Any CPU
		{BF96675E-6BAF-4AC9-B247-1551D62E8C44}.Debug|Any CPU.ActiveCfg = Debug|Any CPU
		{BF96675E-6BAF-4AC9-B247-1551D62E8C44}.Debug|Any CPU.Build.0 = Debug|Any CPU
		{BF96675E-6BAF-4AC9-B247-1551D62E8C44}.Debug|x86.ActiveCfg = Debug|Any CPU
		{BF96675E-6BAF-4AC9-B247-1551D62E8C44}.Debug|x86.Build.0 = Debug|Any CPU
		{BF96675E-6BAF-4AC9-B247-1551D62E8C44}.Demo|Any CPU.ActiveCfg = Debug|Any CPU
		{BF96675E-6BAF-4AC9-B247-1551D62E8C44}.Demo|Any CPU.Build.0 = Debug|Any CPU
		{BF96675E-6BAF-4AC9-B247-1551D62E8C44}.Demo|x86.ActiveCfg = Debug|Any CPU
		{BF96675E-6BAF-4AC9-B247-1551D62E8C44}.Demo|x86.Build.0 = Debug|Any CPU
		{BF96675E-6BAF-4AC9-B247-1551D62E8C44}.Dev|Any CPU.ActiveCfg = Dev|Any CPU
		{BF96675E-6BAF-4AC9-B247-1551D62E8C44}.Dev|Any CPU.Build.0 = Dev|Any CPU
		{BF96675E-6BAF-4AC9-B247-1551D62E8C44}.Dev|x86.ActiveCfg = Debug|Any CPU
		{BF96675E-6BAF-4AC9-B247-1551D62E8C44}.Dev|x86.Build.0 = Debug|Any CPU
		{BF96675E-6BAF-4AC9-B247-1551D62E8C44}.Release|Any CPU.ActiveCfg = Release|Any CPU
		{BF96675E-6BAF-4AC9-B247-1551D62E8C44}.Release|Any CPU.Build.0 = Release|Any CPU
		{BF96675E-6BAF-4AC9-B247-1551D62E8C44}.Release|x86.ActiveCfg = Release|Any CPU
		{BF96675E-6BAF-4AC9-B247-1551D62E8C44}.Release|x86.Build.0 = Release|Any CPU
		{4F56C030-D16B-4A51-82D0-3C23A47AB703}.alexlocal|Any CPU.ActiveCfg = Release|Any CPU
		{4F56C030-D16B-4A51-82D0-3C23A47AB703}.alexlocal|Any CPU.Build.0 = Release|Any CPU
		{4F56C030-D16B-4A51-82D0-3C23A47AB703}.alexlocal|x86.ActiveCfg = Release|Any CPU
		{4F56C030-D16B-4A51-82D0-3C23A47AB703}.alexlocal|x86.Build.0 = Release|Any CPU
		{4F56C030-D16B-4A51-82D0-3C23A47AB703}.Debug|Any CPU.ActiveCfg = Debug|Any CPU
		{4F56C030-D16B-4A51-82D0-3C23A47AB703}.Debug|Any CPU.Build.0 = Debug|Any CPU
		{4F56C030-D16B-4A51-82D0-3C23A47AB703}.Debug|x86.ActiveCfg = Debug|Any CPU
		{4F56C030-D16B-4A51-82D0-3C23A47AB703}.Debug|x86.Build.0 = Debug|Any CPU
		{4F56C030-D16B-4A51-82D0-3C23A47AB703}.Demo|Any CPU.ActiveCfg = Debug|Any CPU
		{4F56C030-D16B-4A51-82D0-3C23A47AB703}.Demo|Any CPU.Build.0 = Debug|Any CPU
		{4F56C030-D16B-4A51-82D0-3C23A47AB703}.Demo|x86.ActiveCfg = Debug|Any CPU
		{4F56C030-D16B-4A51-82D0-3C23A47AB703}.Demo|x86.Build.0 = Debug|Any CPU
		{4F56C030-D16B-4A51-82D0-3C23A47AB703}.Dev|Any CPU.ActiveCfg = Dev|Any CPU
		{4F56C030-D16B-4A51-82D0-3C23A47AB703}.Dev|Any CPU.Build.0 = Dev|Any CPU
		{4F56C030-D16B-4A51-82D0-3C23A47AB703}.Dev|x86.ActiveCfg = Debug|Any CPU
		{4F56C030-D16B-4A51-82D0-3C23A47AB703}.Dev|x86.Build.0 = Debug|Any CPU
		{4F56C030-D16B-4A51-82D0-3C23A47AB703}.Release|Any CPU.ActiveCfg = Release|Any CPU
		{4F56C030-D16B-4A51-82D0-3C23A47AB703}.Release|Any CPU.Build.0 = Release|Any CPU
		{4F56C030-D16B-4A51-82D0-3C23A47AB703}.Release|x86.ActiveCfg = Release|Any CPU
		{4F56C030-D16B-4A51-82D0-3C23A47AB703}.Release|x86.Build.0 = Release|Any CPU
		{459FE39A-A5CC-41D8-B06E-8FAE3A1A623B}.alexlocal|Any CPU.ActiveCfg = Demo|Any CPU
		{459FE39A-A5CC-41D8-B06E-8FAE3A1A623B}.alexlocal|Any CPU.Build.0 = Demo|Any CPU
		{459FE39A-A5CC-41D8-B06E-8FAE3A1A623B}.alexlocal|x86.ActiveCfg = Demo|Any CPU
		{459FE39A-A5CC-41D8-B06E-8FAE3A1A623B}.alexlocal|x86.Build.0 = Demo|Any CPU
		{459FE39A-A5CC-41D8-B06E-8FAE3A1A623B}.Debug|Any CPU.ActiveCfg = Debug|Any CPU
		{459FE39A-A5CC-41D8-B06E-8FAE3A1A623B}.Debug|Any CPU.Build.0 = Debug|Any CPU
		{459FE39A-A5CC-41D8-B06E-8FAE3A1A623B}.Debug|x86.ActiveCfg = Debug|Any CPU
		{459FE39A-A5CC-41D8-B06E-8FAE3A1A623B}.Debug|x86.Build.0 = Debug|Any CPU
		{459FE39A-A5CC-41D8-B06E-8FAE3A1A623B}.Demo|Any CPU.ActiveCfg = Demo|Any CPU
		{459FE39A-A5CC-41D8-B06E-8FAE3A1A623B}.Demo|Any CPU.Build.0 = Demo|Any CPU
		{459FE39A-A5CC-41D8-B06E-8FAE3A1A623B}.Demo|x86.ActiveCfg = Demo|Any CPU
		{459FE39A-A5CC-41D8-B06E-8FAE3A1A623B}.Demo|x86.Build.0 = Demo|Any CPU
		{459FE39A-A5CC-41D8-B06E-8FAE3A1A623B}.Dev|Any CPU.ActiveCfg = Dev|Any CPU
		{459FE39A-A5CC-41D8-B06E-8FAE3A1A623B}.Dev|Any CPU.Build.0 = Dev|Any CPU
		{459FE39A-A5CC-41D8-B06E-8FAE3A1A623B}.Dev|x86.ActiveCfg = Dev|Any CPU
		{459FE39A-A5CC-41D8-B06E-8FAE3A1A623B}.Dev|x86.Build.0 = Dev|Any CPU
		{459FE39A-A5CC-41D8-B06E-8FAE3A1A623B}.Release|Any CPU.ActiveCfg = Release|Any CPU
		{459FE39A-A5CC-41D8-B06E-8FAE3A1A623B}.Release|Any CPU.Build.0 = Release|Any CPU
		{459FE39A-A5CC-41D8-B06E-8FAE3A1A623B}.Release|x86.ActiveCfg = Release|Any CPU
		{459FE39A-A5CC-41D8-B06E-8FAE3A1A623B}.Release|x86.Build.0 = Release|Any CPU
		{26C15DC0-73CA-46E3-AEBA-17353C59C2F3}.alexlocal|Any CPU.ActiveCfg = Release|Any CPU
		{26C15DC0-73CA-46E3-AEBA-17353C59C2F3}.alexlocal|Any CPU.Build.0 = Release|Any CPU
		{26C15DC0-73CA-46E3-AEBA-17353C59C2F3}.alexlocal|x86.ActiveCfg = Release|Any CPU
		{26C15DC0-73CA-46E3-AEBA-17353C59C2F3}.alexlocal|x86.Build.0 = Release|Any CPU
		{26C15DC0-73CA-46E3-AEBA-17353C59C2F3}.Debug|Any CPU.ActiveCfg = Debug|Any CPU
		{26C15DC0-73CA-46E3-AEBA-17353C59C2F3}.Debug|Any CPU.Build.0 = Debug|Any CPU
		{26C15DC0-73CA-46E3-AEBA-17353C59C2F3}.Debug|x86.ActiveCfg = Debug|Any CPU
		{26C15DC0-73CA-46E3-AEBA-17353C59C2F3}.Debug|x86.Build.0 = Debug|Any CPU
		{26C15DC0-73CA-46E3-AEBA-17353C59C2F3}.Demo|Any CPU.ActiveCfg = Debug|Any CPU
		{26C15DC0-73CA-46E3-AEBA-17353C59C2F3}.Demo|Any CPU.Build.0 = Debug|Any CPU
		{26C15DC0-73CA-46E3-AEBA-17353C59C2F3}.Demo|x86.ActiveCfg = Debug|Any CPU
		{26C15DC0-73CA-46E3-AEBA-17353C59C2F3}.Demo|x86.Build.0 = Debug|Any CPU
		{26C15DC0-73CA-46E3-AEBA-17353C59C2F3}.Dev|Any CPU.ActiveCfg = Debug|Any CPU
		{26C15DC0-73CA-46E3-AEBA-17353C59C2F3}.Dev|Any CPU.Build.0 = Debug|Any CPU
		{26C15DC0-73CA-46E3-AEBA-17353C59C2F3}.Dev|x86.ActiveCfg = Debug|Any CPU
		{26C15DC0-73CA-46E3-AEBA-17353C59C2F3}.Dev|x86.Build.0 = Debug|Any CPU
		{26C15DC0-73CA-46E3-AEBA-17353C59C2F3}.Release|Any CPU.ActiveCfg = Release|Any CPU
		{26C15DC0-73CA-46E3-AEBA-17353C59C2F3}.Release|Any CPU.Build.0 = Release|Any CPU
		{26C15DC0-73CA-46E3-AEBA-17353C59C2F3}.Release|x86.ActiveCfg = Release|Any CPU
		{26C15DC0-73CA-46E3-AEBA-17353C59C2F3}.Release|x86.Build.0 = Release|Any CPU
		{5FB0ADC8-24C7-4B32-A4D2-AFA31B0BAAA7}.alexlocal|Any CPU.ActiveCfg = Release|Any CPU
		{5FB0ADC8-24C7-4B32-A4D2-AFA31B0BAAA7}.alexlocal|Any CPU.Build.0 = Release|Any CPU
		{5FB0ADC8-24C7-4B32-A4D2-AFA31B0BAAA7}.alexlocal|x86.ActiveCfg = Release|Any CPU
		{5FB0ADC8-24C7-4B32-A4D2-AFA31B0BAAA7}.alexlocal|x86.Build.0 = Release|Any CPU
		{5FB0ADC8-24C7-4B32-A4D2-AFA31B0BAAA7}.Debug|Any CPU.ActiveCfg = Debug|Any CPU
		{5FB0ADC8-24C7-4B32-A4D2-AFA31B0BAAA7}.Debug|Any CPU.Build.0 = Debug|Any CPU
		{5FB0ADC8-24C7-4B32-A4D2-AFA31B0BAAA7}.Debug|x86.ActiveCfg = Debug|Any CPU
		{5FB0ADC8-24C7-4B32-A4D2-AFA31B0BAAA7}.Debug|x86.Build.0 = Debug|Any CPU
		{5FB0ADC8-24C7-4B32-A4D2-AFA31B0BAAA7}.Demo|Any CPU.ActiveCfg = Debug|Any CPU
		{5FB0ADC8-24C7-4B32-A4D2-AFA31B0BAAA7}.Demo|Any CPU.Build.0 = Debug|Any CPU
		{5FB0ADC8-24C7-4B32-A4D2-AFA31B0BAAA7}.Demo|x86.ActiveCfg = Debug|Any CPU
		{5FB0ADC8-24C7-4B32-A4D2-AFA31B0BAAA7}.Demo|x86.Build.0 = Debug|Any CPU
		{5FB0ADC8-24C7-4B32-A4D2-AFA31B0BAAA7}.Dev|Any CPU.ActiveCfg = Dev|Any CPU
		{5FB0ADC8-24C7-4B32-A4D2-AFA31B0BAAA7}.Dev|Any CPU.Build.0 = Dev|Any CPU
		{5FB0ADC8-24C7-4B32-A4D2-AFA31B0BAAA7}.Dev|x86.ActiveCfg = Debug|Any CPU
		{5FB0ADC8-24C7-4B32-A4D2-AFA31B0BAAA7}.Dev|x86.Build.0 = Debug|Any CPU
		{5FB0ADC8-24C7-4B32-A4D2-AFA31B0BAAA7}.Release|Any CPU.ActiveCfg = Release|Any CPU
		{5FB0ADC8-24C7-4B32-A4D2-AFA31B0BAAA7}.Release|Any CPU.Build.0 = Release|Any CPU
		{5FB0ADC8-24C7-4B32-A4D2-AFA31B0BAAA7}.Release|x86.ActiveCfg = Release|Any CPU
		{5FB0ADC8-24C7-4B32-A4D2-AFA31B0BAAA7}.Release|x86.Build.0 = Release|Any CPU
		{C982A6FE-6FD4-47FA-A69D-91FFA80FEDAA}.alexlocal|Any CPU.ActiveCfg = Release|Any CPU
		{C982A6FE-6FD4-47FA-A69D-91FFA80FEDAA}.alexlocal|Any CPU.Build.0 = Release|Any CPU
		{C982A6FE-6FD4-47FA-A69D-91FFA80FEDAA}.alexlocal|x86.ActiveCfg = Release|Any CPU
		{C982A6FE-6FD4-47FA-A69D-91FFA80FEDAA}.alexlocal|x86.Build.0 = Release|Any CPU
		{C982A6FE-6FD4-47FA-A69D-91FFA80FEDAA}.Debug|Any CPU.ActiveCfg = Debug|Any CPU
		{C982A6FE-6FD4-47FA-A69D-91FFA80FEDAA}.Debug|Any CPU.Build.0 = Debug|Any CPU
		{C982A6FE-6FD4-47FA-A69D-91FFA80FEDAA}.Debug|x86.ActiveCfg = Debug|Any CPU
		{C982A6FE-6FD4-47FA-A69D-91FFA80FEDAA}.Debug|x86.Build.0 = Debug|Any CPU
		{C982A6FE-6FD4-47FA-A69D-91FFA80FEDAA}.Demo|Any CPU.ActiveCfg = Debug|Any CPU
		{C982A6FE-6FD4-47FA-A69D-91FFA80FEDAA}.Demo|Any CPU.Build.0 = Debug|Any CPU
		{C982A6FE-6FD4-47FA-A69D-91FFA80FEDAA}.Demo|x86.ActiveCfg = Debug|Any CPU
		{C982A6FE-6FD4-47FA-A69D-91FFA80FEDAA}.Demo|x86.Build.0 = Debug|Any CPU
		{C982A6FE-6FD4-47FA-A69D-91FFA80FEDAA}.Dev|Any CPU.ActiveCfg = Dev|Any CPU
		{C982A6FE-6FD4-47FA-A69D-91FFA80FEDAA}.Dev|Any CPU.Build.0 = Dev|Any CPU
		{C982A6FE-6FD4-47FA-A69D-91FFA80FEDAA}.Dev|x86.ActiveCfg = Debug|Any CPU
		{C982A6FE-6FD4-47FA-A69D-91FFA80FEDAA}.Dev|x86.Build.0 = Debug|Any CPU
		{C982A6FE-6FD4-47FA-A69D-91FFA80FEDAA}.Release|Any CPU.ActiveCfg = Release|Any CPU
		{C982A6FE-6FD4-47FA-A69D-91FFA80FEDAA}.Release|Any CPU.Build.0 = Release|Any CPU
		{C982A6FE-6FD4-47FA-A69D-91FFA80FEDAA}.Release|x86.ActiveCfg = Release|Any CPU
		{C982A6FE-6FD4-47FA-A69D-91FFA80FEDAA}.Release|x86.Build.0 = Release|Any CPU
		{3FA3E0E2-5B25-4481-9B9E-4E7F8A888445}.alexlocal|Any CPU.ActiveCfg = Release|Any CPU
		{3FA3E0E2-5B25-4481-9B9E-4E7F8A888445}.alexlocal|Any CPU.Build.0 = Release|Any CPU
		{3FA3E0E2-5B25-4481-9B9E-4E7F8A888445}.alexlocal|x86.ActiveCfg = Release|Any CPU
		{3FA3E0E2-5B25-4481-9B9E-4E7F8A888445}.alexlocal|x86.Build.0 = Release|Any CPU
		{3FA3E0E2-5B25-4481-9B9E-4E7F8A888445}.Debug|Any CPU.ActiveCfg = Debug|Any CPU
		{3FA3E0E2-5B25-4481-9B9E-4E7F8A888445}.Debug|Any CPU.Build.0 = Debug|Any CPU
		{3FA3E0E2-5B25-4481-9B9E-4E7F8A888445}.Debug|x86.ActiveCfg = Debug|Any CPU
		{3FA3E0E2-5B25-4481-9B9E-4E7F8A888445}.Debug|x86.Build.0 = Debug|Any CPU
		{3FA3E0E2-5B25-4481-9B9E-4E7F8A888445}.Demo|Any CPU.ActiveCfg = Demo|Any CPU
		{3FA3E0E2-5B25-4481-9B9E-4E7F8A888445}.Demo|Any CPU.Build.0 = Demo|Any CPU
		{3FA3E0E2-5B25-4481-9B9E-4E7F8A888445}.Demo|x86.ActiveCfg = Debug|Any CPU
		{3FA3E0E2-5B25-4481-9B9E-4E7F8A888445}.Demo|x86.Build.0 = Debug|Any CPU
		{3FA3E0E2-5B25-4481-9B9E-4E7F8A888445}.Dev|Any CPU.ActiveCfg = Dev|Any CPU
		{3FA3E0E2-5B25-4481-9B9E-4E7F8A888445}.Dev|Any CPU.Build.0 = Dev|Any CPU
		{3FA3E0E2-5B25-4481-9B9E-4E7F8A888445}.Dev|x86.ActiveCfg = Debug|Any CPU
		{3FA3E0E2-5B25-4481-9B9E-4E7F8A888445}.Dev|x86.Build.0 = Debug|Any CPU
		{3FA3E0E2-5B25-4481-9B9E-4E7F8A888445}.Release|Any CPU.ActiveCfg = Release|Any CPU
		{3FA3E0E2-5B25-4481-9B9E-4E7F8A888445}.Release|Any CPU.Build.0 = Release|Any CPU
		{3FA3E0E2-5B25-4481-9B9E-4E7F8A888445}.Release|x86.ActiveCfg = Release|Any CPU
		{3FA3E0E2-5B25-4481-9B9E-4E7F8A888445}.Release|x86.Build.0 = Release|Any CPU
		{E0E04964-F77E-435F-8B90-F4338C30DDAD}.alexlocal|Any CPU.ActiveCfg = Release|Any CPU
		{E0E04964-F77E-435F-8B90-F4338C30DDAD}.alexlocal|Any CPU.Build.0 = Release|Any CPU
		{E0E04964-F77E-435F-8B90-F4338C30DDAD}.alexlocal|x86.ActiveCfg = Release|Any CPU
		{E0E04964-F77E-435F-8B90-F4338C30DDAD}.alexlocal|x86.Build.0 = Release|Any CPU
		{E0E04964-F77E-435F-8B90-F4338C30DDAD}.Debug|Any CPU.ActiveCfg = Debug|Any CPU
		{E0E04964-F77E-435F-8B90-F4338C30DDAD}.Debug|Any CPU.Build.0 = Debug|Any CPU
		{E0E04964-F77E-435F-8B90-F4338C30DDAD}.Debug|x86.ActiveCfg = Debug|Any CPU
		{E0E04964-F77E-435F-8B90-F4338C30DDAD}.Debug|x86.Build.0 = Debug|Any CPU
		{E0E04964-F77E-435F-8B90-F4338C30DDAD}.Demo|Any CPU.ActiveCfg = Debug|Any CPU
		{E0E04964-F77E-435F-8B90-F4338C30DDAD}.Demo|Any CPU.Build.0 = Debug|Any CPU
		{E0E04964-F77E-435F-8B90-F4338C30DDAD}.Demo|x86.ActiveCfg = Debug|Any CPU
		{E0E04964-F77E-435F-8B90-F4338C30DDAD}.Demo|x86.Build.0 = Debug|Any CPU
		{E0E04964-F77E-435F-8B90-F4338C30DDAD}.Dev|Any CPU.ActiveCfg = Dev|Any CPU
		{E0E04964-F77E-435F-8B90-F4338C30DDAD}.Dev|Any CPU.Build.0 = Dev|Any CPU
		{E0E04964-F77E-435F-8B90-F4338C30DDAD}.Dev|x86.ActiveCfg = Debug|Any CPU
		{E0E04964-F77E-435F-8B90-F4338C30DDAD}.Dev|x86.Build.0 = Debug|Any CPU
		{E0E04964-F77E-435F-8B90-F4338C30DDAD}.Release|Any CPU.ActiveCfg = Release|Any CPU
		{E0E04964-F77E-435F-8B90-F4338C30DDAD}.Release|Any CPU.Build.0 = Release|Any CPU
		{E0E04964-F77E-435F-8B90-F4338C30DDAD}.Release|x86.ActiveCfg = Release|Any CPU
		{E0E04964-F77E-435F-8B90-F4338C30DDAD}.Release|x86.Build.0 = Release|Any CPU
		{FBA67D4E-D81A-4B6E-A6FD-464A2A5AF9D5}.alexlocal|Any CPU.ActiveCfg = Release|Any CPU
		{FBA67D4E-D81A-4B6E-A6FD-464A2A5AF9D5}.alexlocal|Any CPU.Build.0 = Release|Any CPU
		{FBA67D4E-D81A-4B6E-A6FD-464A2A5AF9D5}.alexlocal|x86.ActiveCfg = Release|Any CPU
		{FBA67D4E-D81A-4B6E-A6FD-464A2A5AF9D5}.alexlocal|x86.Build.0 = Release|Any CPU
		{FBA67D4E-D81A-4B6E-A6FD-464A2A5AF9D5}.Debug|Any CPU.ActiveCfg = Debug|Any CPU
		{FBA67D4E-D81A-4B6E-A6FD-464A2A5AF9D5}.Debug|Any CPU.Build.0 = Debug|Any CPU
		{FBA67D4E-D81A-4B6E-A6FD-464A2A5AF9D5}.Debug|x86.ActiveCfg = Debug|Any CPU
		{FBA67D4E-D81A-4B6E-A6FD-464A2A5AF9D5}.Debug|x86.Build.0 = Debug|Any CPU
		{FBA67D4E-D81A-4B6E-A6FD-464A2A5AF9D5}.Demo|Any CPU.ActiveCfg = Debug|Any CPU
		{FBA67D4E-D81A-4B6E-A6FD-464A2A5AF9D5}.Demo|Any CPU.Build.0 = Debug|Any CPU
		{FBA67D4E-D81A-4B6E-A6FD-464A2A5AF9D5}.Demo|x86.ActiveCfg = Debug|Any CPU
		{FBA67D4E-D81A-4B6E-A6FD-464A2A5AF9D5}.Demo|x86.Build.0 = Debug|Any CPU
		{FBA67D4E-D81A-4B6E-A6FD-464A2A5AF9D5}.Dev|Any CPU.ActiveCfg = Debug|Any CPU
		{FBA67D4E-D81A-4B6E-A6FD-464A2A5AF9D5}.Dev|Any CPU.Build.0 = Debug|Any CPU
		{FBA67D4E-D81A-4B6E-A6FD-464A2A5AF9D5}.Dev|x86.ActiveCfg = Debug|Any CPU
		{FBA67D4E-D81A-4B6E-A6FD-464A2A5AF9D5}.Dev|x86.Build.0 = Debug|Any CPU
		{FBA67D4E-D81A-4B6E-A6FD-464A2A5AF9D5}.Release|Any CPU.ActiveCfg = Release|Any CPU
		{FBA67D4E-D81A-4B6E-A6FD-464A2A5AF9D5}.Release|Any CPU.Build.0 = Release|Any CPU
		{FBA67D4E-D81A-4B6E-A6FD-464A2A5AF9D5}.Release|x86.ActiveCfg = Release|Any CPU
		{FBA67D4E-D81A-4B6E-A6FD-464A2A5AF9D5}.Release|x86.Build.0 = Release|Any CPU
		{19E2FDA9-D7AC-4365-A25A-4BBCAF8BE7FD}.alexlocal|Any CPU.ActiveCfg = Release|Any CPU
		{19E2FDA9-D7AC-4365-A25A-4BBCAF8BE7FD}.alexlocal|Any CPU.Build.0 = Release|Any CPU
		{19E2FDA9-D7AC-4365-A25A-4BBCAF8BE7FD}.alexlocal|x86.ActiveCfg = Release|Any CPU
		{19E2FDA9-D7AC-4365-A25A-4BBCAF8BE7FD}.alexlocal|x86.Build.0 = Release|Any CPU
		{19E2FDA9-D7AC-4365-A25A-4BBCAF8BE7FD}.Debug|Any CPU.ActiveCfg = Debug|Any CPU
		{19E2FDA9-D7AC-4365-A25A-4BBCAF8BE7FD}.Debug|Any CPU.Build.0 = Debug|Any CPU
		{19E2FDA9-D7AC-4365-A25A-4BBCAF8BE7FD}.Debug|x86.ActiveCfg = Debug|Any CPU
		{19E2FDA9-D7AC-4365-A25A-4BBCAF8BE7FD}.Debug|x86.Build.0 = Debug|Any CPU
		{19E2FDA9-D7AC-4365-A25A-4BBCAF8BE7FD}.Demo|Any CPU.ActiveCfg = Demo|Any CPU
		{19E2FDA9-D7AC-4365-A25A-4BBCAF8BE7FD}.Demo|Any CPU.Build.0 = Demo|Any CPU
		{19E2FDA9-D7AC-4365-A25A-4BBCAF8BE7FD}.Demo|x86.ActiveCfg = Debug|Any CPU
		{19E2FDA9-D7AC-4365-A25A-4BBCAF8BE7FD}.Demo|x86.Build.0 = Debug|Any CPU
		{19E2FDA9-D7AC-4365-A25A-4BBCAF8BE7FD}.Dev|Any CPU.ActiveCfg = Dev|Any CPU
		{19E2FDA9-D7AC-4365-A25A-4BBCAF8BE7FD}.Dev|Any CPU.Build.0 = Dev|Any CPU
		{19E2FDA9-D7AC-4365-A25A-4BBCAF8BE7FD}.Dev|x86.ActiveCfg = Debug|Any CPU
		{19E2FDA9-D7AC-4365-A25A-4BBCAF8BE7FD}.Dev|x86.Build.0 = Debug|Any CPU
		{19E2FDA9-D7AC-4365-A25A-4BBCAF8BE7FD}.Release|Any CPU.ActiveCfg = Release|Any CPU
		{19E2FDA9-D7AC-4365-A25A-4BBCAF8BE7FD}.Release|Any CPU.Build.0 = Release|Any CPU
		{19E2FDA9-D7AC-4365-A25A-4BBCAF8BE7FD}.Release|x86.ActiveCfg = Release|Any CPU
		{19E2FDA9-D7AC-4365-A25A-4BBCAF8BE7FD}.Release|x86.Build.0 = Release|Any CPU
		{D0BBF260-AD17-41BF-9E11-6EA0CC8308E1}.alexlocal|Any CPU.ActiveCfg = Demo|Any CPU
		{D0BBF260-AD17-41BF-9E11-6EA0CC8308E1}.alexlocal|Any CPU.Build.0 = Demo|Any CPU
		{D0BBF260-AD17-41BF-9E11-6EA0CC8308E1}.alexlocal|x86.ActiveCfg = Demo|Any CPU
		{D0BBF260-AD17-41BF-9E11-6EA0CC8308E1}.alexlocal|x86.Build.0 = Demo|Any CPU
		{D0BBF260-AD17-41BF-9E11-6EA0CC8308E1}.Debug|Any CPU.ActiveCfg = Debug|Any CPU
		{D0BBF260-AD17-41BF-9E11-6EA0CC8308E1}.Debug|Any CPU.Build.0 = Debug|Any CPU
		{D0BBF260-AD17-41BF-9E11-6EA0CC8308E1}.Debug|x86.ActiveCfg = Debug|Any CPU
		{D0BBF260-AD17-41BF-9E11-6EA0CC8308E1}.Debug|x86.Build.0 = Debug|Any CPU
		{D0BBF260-AD17-41BF-9E11-6EA0CC8308E1}.Demo|Any CPU.ActiveCfg = Demo|Any CPU
		{D0BBF260-AD17-41BF-9E11-6EA0CC8308E1}.Demo|Any CPU.Build.0 = Demo|Any CPU
		{D0BBF260-AD17-41BF-9E11-6EA0CC8308E1}.Demo|x86.ActiveCfg = Demo|Any CPU
		{D0BBF260-AD17-41BF-9E11-6EA0CC8308E1}.Demo|x86.Build.0 = Demo|Any CPU
		{D0BBF260-AD17-41BF-9E11-6EA0CC8308E1}.Dev|Any CPU.ActiveCfg = Dev|Any CPU
		{D0BBF260-AD17-41BF-9E11-6EA0CC8308E1}.Dev|Any CPU.Build.0 = Dev|Any CPU
		{D0BBF260-AD17-41BF-9E11-6EA0CC8308E1}.Dev|x86.ActiveCfg = Dev|Any CPU
		{D0BBF260-AD17-41BF-9E11-6EA0CC8308E1}.Dev|x86.Build.0 = Dev|Any CPU
		{D0BBF260-AD17-41BF-9E11-6EA0CC8308E1}.Release|Any CPU.ActiveCfg = Release|Any CPU
		{D0BBF260-AD17-41BF-9E11-6EA0CC8308E1}.Release|Any CPU.Build.0 = Release|Any CPU
		{D0BBF260-AD17-41BF-9E11-6EA0CC8308E1}.Release|x86.ActiveCfg = Release|Any CPU
		{D0BBF260-AD17-41BF-9E11-6EA0CC8308E1}.Release|x86.Build.0 = Release|Any CPU
		{380C028E-2623-4207-B8AF-F21B92183ED8}.alexlocal|Any CPU.ActiveCfg = Dev|Any CPU
		{380C028E-2623-4207-B8AF-F21B92183ED8}.alexlocal|Any CPU.Build.0 = Dev|Any CPU
		{380C028E-2623-4207-B8AF-F21B92183ED8}.alexlocal|x86.ActiveCfg = Dev|Any CPU
		{380C028E-2623-4207-B8AF-F21B92183ED8}.alexlocal|x86.Build.0 = Dev|Any CPU
		{380C028E-2623-4207-B8AF-F21B92183ED8}.Debug|Any CPU.ActiveCfg = Debug|Any CPU
		{380C028E-2623-4207-B8AF-F21B92183ED8}.Debug|Any CPU.Build.0 = Debug|Any CPU
		{380C028E-2623-4207-B8AF-F21B92183ED8}.Debug|x86.ActiveCfg = Debug|Any CPU
		{380C028E-2623-4207-B8AF-F21B92183ED8}.Debug|x86.Build.0 = Debug|Any CPU
		{380C028E-2623-4207-B8AF-F21B92183ED8}.Demo|Any CPU.ActiveCfg = Dev|Any CPU
		{380C028E-2623-4207-B8AF-F21B92183ED8}.Demo|Any CPU.Build.0 = Dev|Any CPU
		{380C028E-2623-4207-B8AF-F21B92183ED8}.Demo|x86.ActiveCfg = Dev|Any CPU
		{380C028E-2623-4207-B8AF-F21B92183ED8}.Demo|x86.Build.0 = Dev|Any CPU
		{380C028E-2623-4207-B8AF-F21B92183ED8}.Dev|Any CPU.ActiveCfg = Dev|Any CPU
		{380C028E-2623-4207-B8AF-F21B92183ED8}.Dev|Any CPU.Build.0 = Dev|Any CPU
		{380C028E-2623-4207-B8AF-F21B92183ED8}.Dev|x86.ActiveCfg = Dev|Any CPU
		{380C028E-2623-4207-B8AF-F21B92183ED8}.Dev|x86.Build.0 = Dev|Any CPU
		{380C028E-2623-4207-B8AF-F21B92183ED8}.Release|Any CPU.ActiveCfg = Release|Any CPU
		{380C028E-2623-4207-B8AF-F21B92183ED8}.Release|Any CPU.Build.0 = Release|Any CPU
		{380C028E-2623-4207-B8AF-F21B92183ED8}.Release|x86.ActiveCfg = Release|Any CPU
		{380C028E-2623-4207-B8AF-F21B92183ED8}.Release|x86.Build.0 = Release|Any CPU
		{0DCD9AAE-F141-4FAD-8E87-1C610F0582DB}.alexlocal|Any CPU.ActiveCfg = Release|Any CPU
		{0DCD9AAE-F141-4FAD-8E87-1C610F0582DB}.alexlocal|Any CPU.Build.0 = Release|Any CPU
		{0DCD9AAE-F141-4FAD-8E87-1C610F0582DB}.alexlocal|x86.ActiveCfg = Release|Any CPU
		{0DCD9AAE-F141-4FAD-8E87-1C610F0582DB}.alexlocal|x86.Build.0 = Release|Any CPU
		{0DCD9AAE-F141-4FAD-8E87-1C610F0582DB}.Debug|Any CPU.ActiveCfg = Debug|Any CPU
		{0DCD9AAE-F141-4FAD-8E87-1C610F0582DB}.Debug|Any CPU.Build.0 = Debug|Any CPU
		{0DCD9AAE-F141-4FAD-8E87-1C610F0582DB}.Debug|x86.ActiveCfg = Debug|Any CPU
		{0DCD9AAE-F141-4FAD-8E87-1C610F0582DB}.Debug|x86.Build.0 = Debug|Any CPU
		{0DCD9AAE-F141-4FAD-8E87-1C610F0582DB}.Demo|Any CPU.ActiveCfg = Debug|Any CPU
		{0DCD9AAE-F141-4FAD-8E87-1C610F0582DB}.Demo|Any CPU.Build.0 = Debug|Any CPU
		{0DCD9AAE-F141-4FAD-8E87-1C610F0582DB}.Demo|x86.ActiveCfg = Debug|Any CPU
		{0DCD9AAE-F141-4FAD-8E87-1C610F0582DB}.Demo|x86.Build.0 = Debug|Any CPU
		{0DCD9AAE-F141-4FAD-8E87-1C610F0582DB}.Dev|Any CPU.ActiveCfg = Debug|Any CPU
		{0DCD9AAE-F141-4FAD-8E87-1C610F0582DB}.Dev|Any CPU.Build.0 = Debug|Any CPU
		{0DCD9AAE-F141-4FAD-8E87-1C610F0582DB}.Dev|x86.ActiveCfg = Debug|Any CPU
		{0DCD9AAE-F141-4FAD-8E87-1C610F0582DB}.Dev|x86.Build.0 = Debug|Any CPU
		{0DCD9AAE-F141-4FAD-8E87-1C610F0582DB}.Release|Any CPU.ActiveCfg = Release|Any CPU
		{0DCD9AAE-F141-4FAD-8E87-1C610F0582DB}.Release|Any CPU.Build.0 = Release|Any CPU
		{0DCD9AAE-F141-4FAD-8E87-1C610F0582DB}.Release|x86.ActiveCfg = Release|Any CPU
		{0DCD9AAE-F141-4FAD-8E87-1C610F0582DB}.Release|x86.Build.0 = Release|Any CPU
		{3B0A3D34-D926-4356-BE31-809055FE835A}.alexlocal|Any CPU.ActiveCfg = Release|Any CPU
		{3B0A3D34-D926-4356-BE31-809055FE835A}.alexlocal|Any CPU.Build.0 = Release|Any CPU
		{3B0A3D34-D926-4356-BE31-809055FE835A}.alexlocal|x86.ActiveCfg = Release|Any CPU
		{3B0A3D34-D926-4356-BE31-809055FE835A}.alexlocal|x86.Build.0 = Release|Any CPU
		{3B0A3D34-D926-4356-BE31-809055FE835A}.Debug|Any CPU.ActiveCfg = Debug|Any CPU
		{3B0A3D34-D926-4356-BE31-809055FE835A}.Debug|Any CPU.Build.0 = Debug|Any CPU
		{3B0A3D34-D926-4356-BE31-809055FE835A}.Debug|x86.ActiveCfg = Debug|Any CPU
		{3B0A3D34-D926-4356-BE31-809055FE835A}.Debug|x86.Build.0 = Debug|Any CPU
		{3B0A3D34-D926-4356-BE31-809055FE835A}.Demo|Any CPU.ActiveCfg = Debug|Any CPU
		{3B0A3D34-D926-4356-BE31-809055FE835A}.Demo|Any CPU.Build.0 = Debug|Any CPU
		{3B0A3D34-D926-4356-BE31-809055FE835A}.Demo|x86.ActiveCfg = Debug|Any CPU
		{3B0A3D34-D926-4356-BE31-809055FE835A}.Demo|x86.Build.0 = Debug|Any CPU
		{3B0A3D34-D926-4356-BE31-809055FE835A}.Dev|Any CPU.ActiveCfg = Debug|Any CPU
		{3B0A3D34-D926-4356-BE31-809055FE835A}.Dev|Any CPU.Build.0 = Debug|Any CPU
		{3B0A3D34-D926-4356-BE31-809055FE835A}.Dev|x86.ActiveCfg = Debug|Any CPU
		{3B0A3D34-D926-4356-BE31-809055FE835A}.Dev|x86.Build.0 = Debug|Any CPU
		{3B0A3D34-D926-4356-BE31-809055FE835A}.Release|Any CPU.ActiveCfg = Release|Any CPU
		{3B0A3D34-D926-4356-BE31-809055FE835A}.Release|Any CPU.Build.0 = Release|Any CPU
		{3B0A3D34-D926-4356-BE31-809055FE835A}.Release|x86.ActiveCfg = Release|Any CPU
		{3B0A3D34-D926-4356-BE31-809055FE835A}.Release|x86.Build.0 = Release|Any CPU
		{3F32543F-7A89-4AE3-A607-A58C4B52B841}.alexlocal|Any CPU.ActiveCfg = Release|Any CPU
		{3F32543F-7A89-4AE3-A607-A58C4B52B841}.alexlocal|Any CPU.Build.0 = Release|Any CPU
		{3F32543F-7A89-4AE3-A607-A58C4B52B841}.alexlocal|x86.ActiveCfg = Release|Any CPU
		{3F32543F-7A89-4AE3-A607-A58C4B52B841}.alexlocal|x86.Build.0 = Release|Any CPU
		{3F32543F-7A89-4AE3-A607-A58C4B52B841}.Debug|Any CPU.ActiveCfg = Debug|Any CPU
		{3F32543F-7A89-4AE3-A607-A58C4B52B841}.Debug|Any CPU.Build.0 = Debug|Any CPU
		{3F32543F-7A89-4AE3-A607-A58C4B52B841}.Debug|x86.ActiveCfg = Debug|Any CPU
		{3F32543F-7A89-4AE3-A607-A58C4B52B841}.Debug|x86.Build.0 = Debug|Any CPU
		{3F32543F-7A89-4AE3-A607-A58C4B52B841}.Demo|Any CPU.ActiveCfg = Debug|Any CPU
		{3F32543F-7A89-4AE3-A607-A58C4B52B841}.Demo|Any CPU.Build.0 = Debug|Any CPU
		{3F32543F-7A89-4AE3-A607-A58C4B52B841}.Demo|x86.ActiveCfg = Debug|Any CPU
		{3F32543F-7A89-4AE3-A607-A58C4B52B841}.Demo|x86.Build.0 = Debug|Any CPU
		{3F32543F-7A89-4AE3-A607-A58C4B52B841}.Dev|Any CPU.ActiveCfg = Debug|Any CPU
		{3F32543F-7A89-4AE3-A607-A58C4B52B841}.Dev|Any CPU.Build.0 = Debug|Any CPU
		{3F32543F-7A89-4AE3-A607-A58C4B52B841}.Dev|x86.ActiveCfg = Debug|Any CPU
		{3F32543F-7A89-4AE3-A607-A58C4B52B841}.Dev|x86.Build.0 = Debug|Any CPU
		{3F32543F-7A89-4AE3-A607-A58C4B52B841}.Release|Any CPU.ActiveCfg = Release|Any CPU
		{3F32543F-7A89-4AE3-A607-A58C4B52B841}.Release|Any CPU.Build.0 = Release|Any CPU
		{3F32543F-7A89-4AE3-A607-A58C4B52B841}.Release|x86.ActiveCfg = Release|Any CPU
		{3F32543F-7A89-4AE3-A607-A58C4B52B841}.Release|x86.Build.0 = Release|Any CPU
	EndGlobalSection
	GlobalSection(SolutionProperties) = preSolution
		HideSolutionNode = FALSE
	EndGlobalSection
	GlobalSection(NestedProjects) = preSolution
		{D019B112-55A8-4661-AFF5-329F998D9E28} = {9A01CAA2-30D9-45B5-9FF3-A0DDF12551F2}
		{4E04FEB2-B452-4739-8336-EA2CEFB18D87} = {9A01CAA2-30D9-45B5-9FF3-A0DDF12551F2}
		{AD226A7F-0641-4589-93EB-06E5EE7E767B} = {9A01CAA2-30D9-45B5-9FF3-A0DDF12551F2}
		{990DB8CB-AAD6-42FE-940D-3A731DF56ABE} = {9A01CAA2-30D9-45B5-9FF3-A0DDF12551F2}
		{85CB0215-96DF-4C38-A022-1BE6C952813B} = {9A01CAA2-30D9-45B5-9FF3-A0DDF12551F2}
		{57373D06-6B82-4EC6-AF62-ED25FE170C61} = {9A01CAA2-30D9-45B5-9FF3-A0DDF12551F2}
		{14404298-4182-4D43-8098-5A199ED2FCAA} = {9A01CAA2-30D9-45B5-9FF3-A0DDF12551F2}
		{6C3090FC-50D2-4A7E-9B29-EAB9D8802F42} = {6CF6EAFB-0D62-4D76-8B2C-FA9C6BBB073B}
		{FA105E66-8756-4F57-8230-2A52BFEBDDC6} = {9A01CAA2-30D9-45B5-9FF3-A0DDF12551F2}
		{CDDCCFAB-28B8-446C-8585-72D2BB78F2DC} = {9A01CAA2-30D9-45B5-9FF3-A0DDF12551F2}
		{1E8DD13A-846B-4C36-A9C4-5997C5FD74FF} = {6CF6EAFB-0D62-4D76-8B2C-FA9C6BBB073B}
		{1E1AB01B-F6AB-4420-BF1D-5E6EF41D76BF} = {9A01CAA2-30D9-45B5-9FF3-A0DDF12551F2}
		{CFBA4468-222F-4255-8D94-809ACBF7AC47} = {9A01CAA2-30D9-45B5-9FF3-A0DDF12551F2}
		{42F21CE5-C8D1-4083-937B-951B92C2F93C} = {6CF6EAFB-0D62-4D76-8B2C-FA9C6BBB073B}
		{40625AD3-D5D2-4CF0-8E3E-FD232A54A808} = {6CF6EAFB-0D62-4D76-8B2C-FA9C6BBB073B}
		{74D9BDC7-7B46-456F-B3C5-A4CDB5D74D7B} = {9A01CAA2-30D9-45B5-9FF3-A0DDF12551F2}
		{579BA25F-1DF5-474A-8A3E-0447FF75711C} = {6CF6EAFB-0D62-4D76-8B2C-FA9C6BBB073B}
		{83231577-13A5-419F-8269-02AE59D8951A} = {6CF6EAFB-0D62-4D76-8B2C-FA9C6BBB073B}
		{A6E317FA-2EB0-4447-8ECD-6725F6B78435} = {6CF6EAFB-0D62-4D76-8B2C-FA9C6BBB073B}
		{8F5BE349-6D11-44AD-A1CC-B5BB5EB4B179} = {6CF6EAFB-0D62-4D76-8B2C-FA9C6BBB073B}
		{A854EB96-B28A-42FC-8209-3E5E9D6B208C} = {6CF6EAFB-0D62-4D76-8B2C-FA9C6BBB073B}
		{62219AA6-9276-4935-B934-F0F50ECEF6FB} = {6CF6EAFB-0D62-4D76-8B2C-FA9C6BBB073B}
		{1246A6D6-FB9D-4564-8E86-A9F14A7AD177} = {6CF6EAFB-0D62-4D76-8B2C-FA9C6BBB073B}
		{89D763ED-3EA6-4303-AB29-3239095A4B06} = {9A01CAA2-30D9-45B5-9FF3-A0DDF12551F2}
		{F39EA7BE-25C2-45ED-91AC-29647EFFAD2B} = {6CF6EAFB-0D62-4D76-8B2C-FA9C6BBB073B}
		{EE3E1E99-175F-4507-96DA-421FCD0F6D9E} = {6CF6EAFB-0D62-4D76-8B2C-FA9C6BBB073B}
		{36ED6F21-1A8F-4F07-A08A-A55639891E9B} = {6CF6EAFB-0D62-4D76-8B2C-FA9C6BBB073B}
		{6B807AB1-F549-49CB-9F52-52BC33D23443} = {6CF6EAFB-0D62-4D76-8B2C-FA9C6BBB073B}
		{3D4116CE-63DD-406C-8235-0115A8FA90F1} = {9A01CAA2-30D9-45B5-9FF3-A0DDF12551F2}
		{6367B304-3E18-4DA6-A7E7-0893DA806953} = {6CF6EAFB-0D62-4D76-8B2C-FA9C6BBB073B}
		{FDA06158-A81E-46B4-9F25-5AB76DFD400A} = {6CF6EAFB-0D62-4D76-8B2C-FA9C6BBB073B}
		{E8BF04AC-1A7D-4CBE-80B9-E20F53699F2D} = {9A01CAA2-30D9-45B5-9FF3-A0DDF12551F2}
		{D2638CB3-33D6-443F-BC87-E20260D3C9EF} = {6CF6EAFB-0D62-4D76-8B2C-FA9C6BBB073B}
		{47CA975F-1F5B-4C90-9DA1-A88C53E0760A} = {6CF6EAFB-0D62-4D76-8B2C-FA9C6BBB073B}
		{E46B602A-287B-450F-B455-5EED20C93EB7} = {9A01CAA2-30D9-45B5-9FF3-A0DDF12551F2}
		{267E6BE1-7C3A-4012-8EB4-DCDFB0FD6305} = {6CF6EAFB-0D62-4D76-8B2C-FA9C6BBB073B}
		{84800565-B464-471D-8F02-1A93311C3388} = {9A01CAA2-30D9-45B5-9FF3-A0DDF12551F2}
		{1ABD6365-E04D-4971-8D0D-5364C896113F} = {6CF6EAFB-0D62-4D76-8B2C-FA9C6BBB073B}
		{4F56C030-D16B-4A51-82D0-3C23A47AB703} = {6CF6EAFB-0D62-4D76-8B2C-FA9C6BBB073B}
		{459FE39A-A5CC-41D8-B06E-8FAE3A1A623B} = {6CF6EAFB-0D62-4D76-8B2C-FA9C6BBB073B}
		{26C15DC0-73CA-46E3-AEBA-17353C59C2F3} = {9A01CAA2-30D9-45B5-9FF3-A0DDF12551F2}
		{5FB0ADC8-24C7-4B32-A4D2-AFA31B0BAAA7} = {9A01CAA2-30D9-45B5-9FF3-A0DDF12551F2}
		{C982A6FE-6FD4-47FA-A69D-91FFA80FEDAA} = {9A01CAA2-30D9-45B5-9FF3-A0DDF12551F2}
		{3FA3E0E2-5B25-4481-9B9E-4E7F8A888445} = {6CF6EAFB-0D62-4D76-8B2C-FA9C6BBB073B}
		{E0E04964-F77E-435F-8B90-F4338C30DDAD} = {6CF6EAFB-0D62-4D76-8B2C-FA9C6BBB073B}
		{FBA67D4E-D81A-4B6E-A6FD-464A2A5AF9D5} = {9A01CAA2-30D9-45B5-9FF3-A0DDF12551F2}
		{19E2FDA9-D7AC-4365-A25A-4BBCAF8BE7FD} = {9A01CAA2-30D9-45B5-9FF3-A0DDF12551F2}
		{D0BBF260-AD17-41BF-9E11-6EA0CC8308E1} = {6CF6EAFB-0D62-4D76-8B2C-FA9C6BBB073B}
		{380C028E-2623-4207-B8AF-F21B92183ED8} = {6CF6EAFB-0D62-4D76-8B2C-FA9C6BBB073B}
		{0DCD9AAE-F141-4FAD-8E87-1C610F0582DB} = {9A01CAA2-30D9-45B5-9FF3-A0DDF12551F2}
		{3B0A3D34-D926-4356-BE31-809055FE835A} = {6CF6EAFB-0D62-4D76-8B2C-FA9C6BBB073B}
		{3F32543F-7A89-4AE3-A607-A58C4B52B841} = {6CF6EAFB-0D62-4D76-8B2C-FA9C6BBB073B}
	EndGlobalSection
EndGlobal
